
Microsoft Visual Studio Solution File, Format Version 12.00
# Visual Studio Version 17
VisualStudioVersion = 17.0.31903.59
MinimumVisualStudioVersion = 10.0.40219.1
Project("{2150E333-8FDC-42A3-9474-1A3956D46DE8}") = "Src", "Src", "{827E0CD3-B72D-47B6-A68D-7590B98EB39B}"
EndProject
Project("{FAE04EC0-301F-11D3-BF4B-00C04F79EFBC}") = "KyrolusSous.Caching.Abstractions", "Src\Caching\KyrolusSous.Caching.Abstractions\KyrolusSous.Caching.Abstractions.csproj", "{CDD69D72-5852-4B14-ABDC-ADC8F9BF40FA}"
EndProject
Project("{FAE04EC0-301F-11D3-BF4B-00C04F79EFBC}") = "KyrolusSous.Caching.Redis", "Src\Caching\KyrolusSous.Caching.Redis\KyrolusSous.Caching.Redis.csproj", "{B9446DD9-2CDF-4330-B053-31F2915418E1}"
EndProject
Project("{FAE04EC0-301F-11D3-BF4B-00C04F79EFBC}") = "KyrolusSous.CQRS.Abstractions", "Src\CQRS\KyrolusSous.CQRS.Abstractions\KyrolusSous.CQRS.Abstractions.csproj", "{C0DE5FAC-8F4D-4930-B3A3-8BB4433F2C11}"
EndProject
Project("{FAE04EC0-301F-11D3-BF4B-00C04F79EFBC}") = "KyrolusSous.CQRS.Caching", "Src\CQRS\KyrolusSous.CQRS.Caching\KyrolusSous.CQRS.Caching.csproj", "{BBF99E98-1A24-4F68-ACA2-45DDA30BB135}"
EndProject
Project("{FAE04EC0-301F-11D3-BF4B-00C04F79EFBC}") = "KyrolusSous.Mediator.Abstractions", "Src\Mediator\KyrolusSous.Mediator.Abstractions\KyrolusSous.Mediator.Abstractions.csproj", "{F84A0D57-29A7-41C4-B764-D6418AE2F40F}"
EndProject
Project("{FAE04EC0-301F-11D3-BF4B-00C04F79EFBC}") = "KyrolusSous.CQRS.EF", "Src\CQRS\KyrolusSous.CQRS.EF\KyrolusSous.CQRS.EF.csproj", "{6087F83C-B9E7-498B-A49C-492643B7FC96}"
EndProject
Project("{FAE04EC0-301F-11D3-BF4B-00C04F79EFBC}") = "KyrolusSous.CQRS.ExceptionHandling", "Src\CQRS\KyrolusSous.CQRS.ExceptionHandling\KyrolusSous.CQRS.ExceptionHandling.csproj", "{44C8AAA8-E935-490D-B282-97314F1FC415}"
EndProject
Project("{FAE04EC0-301F-11D3-BF4B-00C04F79EFBC}") = "KyrolusSous.CQRS.Mapping", "Src\CQRS\KyrolusSous.CQRS.Mapping\KyrolusSous.CQRS.Mapping.csproj", "{A7F7598A-89AA-4C10-B057-E4D86153F6C5}"
EndProject
Project("{FAE04EC0-301F-11D3-BF4B-00C04F79EFBC}") = "KyrolusSous.Mapping.Abstractions", "Src\Mapping\KyrolusSous.Mapping.Abstractions\KyrolusSous.Mapping.Abstractions.csproj", "{5C8867EC-E018-4410-AFA3-3744D649E8A6}"
EndProject
Project("{FAE04EC0-301F-11D3-BF4B-00C04F79EFBC}") = "KyrolusSous.CQRS.Marten", "Src\CQRS\KyrolusSous.CQRS.Marten\KyrolusSous.CQRS.Marten.csproj", "{89B183E0-1D42-4401-A921-4D10FD706144}"
EndProject
Project("{FAE04EC0-301F-11D3-BF4B-00C04F79EFBC}") = "KyrolusSous.Repositories.Marten.Abstractions", "Src\Repositories\KyrolusSous.Repositories.Marten.Abstractions\KyrolusSous.Repositories.Marten.Abstractions.csproj", "{A09DB454-585E-473F-B448-68D0C8AC525B}"
EndProject
Project("{FAE04EC0-301F-11D3-BF4B-00C04F79EFBC}") = "KyrolusSous.CQRS.Validation", "Src\CQRS\KyrolusSous.CQRS.Validation\KyrolusSous.CQRS.Validation.csproj", "{CFA2F241-7464-4B34-B9F4-A8F32CA2B22D}"
EndProject
Project("{FAE04EC0-301F-11D3-BF4B-00C04F79EFBC}") = "KyrolusSous.Validation.Abstractions", "Src\Validation\KyrolusSous.Validation.Abstractions\KyrolusSous.Validation.Abstractions.csproj", "{37D936A5-656C-47E0-87D7-4DFCBC655208}"
EndProject
Project("{FAE04EC0-301F-11D3-BF4B-00C04F79EFBC}") = "KyrolusSous.DataProtection.Abstractions", "Src\DataProtection\KyrolusSous.DataProtection.Abstractions\KyrolusSous.DataProtection.Abstractions.csproj", "{61B127D7-99D1-448B-8D63-20D85390D701}"
EndProject
Project("{FAE04EC0-301F-11D3-BF4B-00C04F79EFBC}") = "KyrolusSous.DataProtection.AwsKms", "Src\DataProtection\KyrolusSous.DataProtection.AwsKms\KyrolusSous.DataProtection.AwsKms.csproj", "{AA3AFBF5-2A1E-47C5-94C4-46E5829FB90C}"
EndProject
Project("{FAE04EC0-301F-11D3-BF4B-00C04F79EFBC}") = "KyrolusSous.DataProtection.AzureKeyVault", "Src\DataProtection\KyrolusSous.DataProtection.AzureKeyVault\KyrolusSous.DataProtection.AzureKeyVault.csproj", "{B8BD96DF-93D2-436F-AFFC-A2EDBC5083F7}"
EndProject
Project("{FAE04EC0-301F-11D3-BF4B-00C04F79EFBC}") = "KyrolusSous.DataProtection.AzureStorage", "Src\DataProtection\KyrolusSous.DataProtection.AzureStorage\KyrolusSous.DataProtection.AzureStorage.csproj", "{3CA78555-96D2-4013-9342-C77FEBB0DF8B}"
EndProject
Project("{FAE04EC0-301F-11D3-BF4B-00C04F79EFBC}") = "KyrolusSous.DataProtection.Cli", "Src\DataProtection\KyrolusSous.DataProtection.Cli\KyrolusSous.DataProtection.Cli.csproj", "{361A85FB-65DE-49FC-8461-BF5964B84A61}"
EndProject
Project("{FAE04EC0-301F-11D3-BF4B-00C04F79EFBC}") = "KyrolusSous.DataProtection.Runtime", "Src\DataProtection\KyrolusSous.DataProtection.Runtime\KyrolusSous.DataProtection.Runtime.csproj", "{3B230F1E-832E-4E99-A62C-63F50F7ACE42}"
EndProject
Project("{FAE04EC0-301F-11D3-BF4B-00C04F79EFBC}") = "KyrolusSous.DataProtection.FileSystem", "Src\DataProtection\KyrolusSous.DataProtection.FileSystem\KyrolusSous.DataProtection.FileSystem.csproj", "{1A5E308F-AD24-406B-A63C-3303AA5578DE}"
EndProject
Project("{FAE04EC0-301F-11D3-BF4B-00C04F79EFBC}") = "KyrolusSous.DataProtection.Redis", "Src\DataProtection\KyrolusSous.DataProtection.Redis\KyrolusSous.DataProtection.Redis.csproj", "{063FE91C-1851-4A29-B947-CA952B21F2DE}"
EndProject
Project("{FAE04EC0-301F-11D3-BF4B-00C04F79EFBC}") = "KyrolusSous.DataProtection.GoogleKms", "Src\DataProtection\KyrolusSous.DataProtection.GoogleKms\KyrolusSous.DataProtection.GoogleKms.csproj", "{CDC244B8-4D27-4CFC-ADAC-85FC6B038B8E}"
EndProject
Project("{FAE04EC0-301F-11D3-BF4B-00C04F79EFBC}") = "KyrolusSous.DataProtection.EntityFramework", "Src\DataProtection\KyrolusSous.DataProtection.EntityFramework\KyrolusSous.DataProtection.EntityFramework.csproj", "{9995AD1F-D570-47A8-A981-DDED416F62F1}"
EndProject
Project("{FAE04EC0-301F-11D3-BF4B-00C04F79EFBC}") = "KyrolusSous.DataProtection.Ephemeral", "Src\DataProtection\KyrolusSous.DataProtection.Ephemeral\KyrolusSous.DataProtection.Ephemeral.csproj", "{D2E7C61D-6B59-4AD4-AFFA-7B348C9B9EE2}"
EndProject
Project("{FAE04EC0-301F-11D3-BF4B-00C04F79EFBC}") = "KyrolusSous.DataProtection.CustomXml", "Src\DataProtection\KyrolusSous.DataProtection.CustomXml\KyrolusSous.DataProtection.CustomXml.csproj", "{3353C03E-3DB5-4714-8DD5-9ADA893103CF}"
EndProject
Project("{FAE04EC0-301F-11D3-BF4B-00C04F79EFBC}") = "KyrolusSous.DataProtection.Marten", "Src\DataProtection\KyrolusSous.DataProtection.Marten\KyrolusSous.DataProtection.Marten.csproj", "{1A9B19DA-6C83-45CB-B330-E6B9AD151DF2}"
EndProject
Project("{FAE04EC0-301F-11D3-BF4B-00C04F79EFBC}") = "KyrolusSous.EndpointKit.Core", "Src\EndpointKit\KyrolusSous.EndpointKit.Core\KyrolusSous.EndpointKit.Core.csproj", "{FD1A1735-90A1-4D06-907A-96F303C7D23B}"
EndProject
Project("{FAE04EC0-301F-11D3-BF4B-00C04F79EFBC}") = "KyrolusSous.EndpointKit.EF", "Src\EndpointKit\KyrolusSous.EndpointKit.EF\KyrolusSous.EndpointKit.EF.csproj", "{48DA6E71-81D5-420E-95B3-FA8D17054001}"
EndProject
Project("{FAE04EC0-301F-11D3-BF4B-00C04F79EFBC}") = "KyrolusSous.ExceptionHandling", "Src\ExceptionHandling\KyrolusSous.ExceptionHandling\KyrolusSous.ExceptionHandling.csproj", "{EBFD5CE7-E9A4-4A17-B089-71730AFA8A39}"
EndProject
Project("{FAE04EC0-301F-11D3-BF4B-00C04F79EFBC}") = "KyrolusSous.ExceptionHandling.Abstractions", "Src\ExceptionHandling\KyrolusSous.ExceptionHandling.Abstractions\KyrolusSous.ExceptionHandling.Abstractions.csproj", "{DCD122BA-EB9F-4ED8-92E5-7ACF799DD842}"
EndProject
Project("{FAE04EC0-301F-11D3-BF4B-00C04F79EFBC}") = "KyrolusSous.ExceptionHandling.ProblemDetails", "Src\ExceptionHandling\KyrolusSous.ExceptionHandling.ProblemDetails\KyrolusSous.ExceptionHandling.ProblemDetails.csproj", "{480250E0-949E-4E67-A6DC-62C20B9C00F0}"
EndProject
Project("{FAE04EC0-301F-11D3-BF4B-00C04F79EFBC}") = "KyrolusSous.EndpointKit.Generator", "Src\EndpointKit\KyrolusSous.EndpointKit.Generator\KyrolusSous.EndpointKit.Generator.csproj", "{208A5A76-DB9A-4228-BE92-368A6E4ACFF5}"
EndProject
Project("{FAE04EC0-301F-11D3-BF4B-00C04F79EFBC}") = "KyrolusSous.EndpointKit.Marten", "Src\EndpointKit\KyrolusSous.EndpointKit.Marten\KyrolusSous.EndpointKit.Marten.csproj", "{9293226E-87B2-4CE3-AE44-CB221002B93A}"
EndProject
Project("{FAE04EC0-301F-11D3-BF4B-00C04F79EFBC}") = "KyrolusSous.ExceptionHandling.EntityFramework", "Src\ExceptionHandling\KyrolusSous.ExceptionHandling.EntityFramework\KyrolusSous.ExceptionHandling.EntityFramework.csproj", "{864B9CD0-2A7A-4D0F-90A3-0E50875FD0D4}"
EndProject
Project("{FAE04EC0-301F-11D3-BF4B-00C04F79EFBC}") = "KyrolusSous.ExceptionHandling.FluentValidation", "Src\ExceptionHandling\KyrolusSous.ExceptionHandling.FluentValidation\KyrolusSous.ExceptionHandling.FluentValidation.csproj", "{C0ECDA37-704B-4924-B80D-A51E623D66D1}"
EndProject
Project("{FAE04EC0-301F-11D3-BF4B-00C04F79EFBC}") = "KyrolusSous.ExceptionHandling.Redis", "Src\ExceptionHandling\KyrolusSous.ExceptionHandling.Redis\KyrolusSous.ExceptionHandling.Redis.csproj", "{5A763381-CCF8-491D-9531-87109C369A18}"
EndProject
Project("{FAE04EC0-301F-11D3-BF4B-00C04F79EFBC}") = "KyrolusSous.IRabbitMQUtilsInterfaces", "Src\RabbitMQ\KyrolusSous.IRabbitMQUtilsInterfaces\KyrolusSous.IRabbitMQUtilsInterfaces.csproj", "{FFAF280D-E99D-41C1-9D8F-06E7D8AB8153}"
EndProject
Project("{FAE04EC0-301F-11D3-BF4B-00C04F79EFBC}") = "KyrolusSous.Logging.Abstractions", "Src\Logging\KyrolusSous.Logging.Abstractions\KyrolusSous.Logging.Abstractions.csproj", "{D6EAAC6B-96B4-40F9-9E30-8DB94B73C141}"
EndProject
Project("{FAE04EC0-301F-11D3-BF4B-00C04F79EFBC}") = "KyrolusSous.Logging.Runtime", "Src\Logging\KyrolusSous.Logging.Runtime\KyrolusSous.Logging.Runtime.csproj", "{EE01CFC6-9E19-4A8F-AAB4-B46C53BD5821}"
EndProject
Project("{FAE04EC0-301F-11D3-BF4B-00C04F79EFBC}") = "KyrolusSous.Mapping.Mapster", "Src\Mapping\KyrolusSous.Mapping.Mapster\KyrolusSous.Mapping.Mapster.csproj", "{836EE053-0152-4B1C-8A04-76A2CDB81A32}"
EndProject
Project("{FAE04EC0-301F-11D3-BF4B-00C04F79EFBC}") = "KyrolusSous.Mediator.Generator", "Src\Mediator\KyrolusSous.Mediator.Generator\KyrolusSous.Mediator.Generator.csproj", "{21D0AF33-6FF7-4FC1-A878-DA928D5E9FCE}"
EndProject
Project("{FAE04EC0-301F-11D3-BF4B-00C04F79EFBC}") = "KyrolusSous.Mediator.Reflection", "Src\Mediator\KyrolusSous.Mediator.Reflection\KyrolusSous.Mediator.Reflection.csproj", "{034FE714-8A38-4381-B32D-A7017BCF3B14}"
EndProject
Project("{FAE04EC0-301F-11D3-BF4B-00C04F79EFBC}") = "KyrolusSous.Mediator.Runtime", "Src\Mediator\KyrolusSous.Mediator.Runtime\KyrolusSous.Mediator.Runtime.csproj", "{3851B2EB-E8E8-4761-BE54-5F5ABC7225DF}"
EndProject
Project("{FAE04EC0-301F-11D3-BF4B-00C04F79EFBC}") = "KyrolusSous.OpenIddictAuth", "Src\Auth\KyrolusSous.OpenIddictAuth\KyrolusSous.OpenIddictAuth.csproj", "{8E16B4A3-72EE-4E62-A0B2-DCCA0A0F7C71}"
EndProject
Project("{FAE04EC0-301F-11D3-BF4B-00C04F79EFBC}") = "KyrolusSous.RabbitMQUtils", "Src\RabbitMQ\KyrolusSous.RabbitMQUtils\KyrolusSous.RabbitMQUtils.csproj", "{94E155F1-0ABF-441D-A2AD-F2842AB35ED7}"
EndProject
Project("{FAE04EC0-301F-11D3-BF4B-00C04F79EFBC}") = "KyrolusSous.Repositories.EF.Cache.Distributed", "Src\Repositories\KyrolusSous.Repositories.EF.Cache.Distributed\KyrolusSous.Repositories.EF.Cache.Distributed.csproj", "{AB852D4F-81D6-4D1D-B526-99281ED37E6F}"
EndProject
Project("{FAE04EC0-301F-11D3-BF4B-00C04F79EFBC}") = "KyrolusSous.Repositories.EF.Generator", "Src\Repositories\KyrolusSous.Repositories.EF.Generator\KyrolusSous.Repositories.EF.Generator.csproj", "{1139E992-2331-4535-A23B-0D1B38BBFA9A}"
EndProject
Project("{FAE04EC0-301F-11D3-BF4B-00C04F79EFBC}") = "KyrolusSous.Repositories.EF.Runtime", "Src\KyrolusSous.Repositories.EF.Runtime\KyrolusSous.Repositories.EF.Runtime.csproj", "{A1715981-DC36-4267-B880-3CD31FACDAAF}"
EndProject
Project("{FAE04EC0-301F-11D3-BF4B-00C04F79EFBC}") = "KyrolusSous.Repositories.Marten.Generator", "Src\Repositories\KyrolusSous.Repositories.Marten.Generator\KyrolusSous.Repositories.Marten.Generator.csproj", "{36EDAFA6-F003-4CFA-ACCA-E2632909B0D8}"
EndProject
Project("{FAE04EC0-301F-11D3-BF4B-00C04F79EFBC}") = "KyrolusSous.Repositories.Marten.Runtime", "Src\Repositories\KyrolusSous.Repositories.Marten.Runtime\KyrolusSous.Repositories.Marten.Runtime.csproj", "{856EC61D-FCE4-4CF1-A818-BA2EA31764C2}"
EndProject
Project("{FAE04EC0-301F-11D3-BF4B-00C04F79EFBC}") = "KyrolusSous.Swagger", "Src\Swagger\KyrolusSous.Swagger\KyrolusSous.Swagger.csproj", "{668D6E2D-3BA2-4FE5-AEE6-D14C8013756D}"
EndProject
Project("{FAE04EC0-301F-11D3-BF4B-00C04F79EFBC}") = "KyrolusSous.Validation.DataAnnotations", "Src\Validation\KyrolusSous.Validation.DataAnnotations\KyrolusSous.Validation.DataAnnotations.csproj", "{6814CB1F-CA1A-4F90-BB33-391E53BF79B2}"
EndProject
Project("{FAE04EC0-301F-11D3-BF4B-00C04F79EFBC}") = "KyrolusSous.Validation.FluentValidation", "Src\Validation\KyrolusSous.Validation.FluentValidation\KyrolusSous.Validation.FluentValidation.csproj", "{728DC4CA-805C-429D-85FF-9B6ADE35F89A}"
EndProject
Project("{FAE04EC0-301F-11D3-BF4B-00C04F79EFBC}") = "KyrolusSous.Validation.FluentValidation.Scanning", "Src\Validation\KyrolusSous.Validation.FluentValidation.Scanning\KyrolusSous.Validation.FluentValidation.Scanning.csproj", "{ECB1D1AC-9485-4C15-BF75-6BC8F3A4141B}"
EndProject
Project("{FAE04EC0-301F-11D3-BF4B-00C04F79EFBC}") = "KyrolusSous.Validation.Generator", "Src\Validation\KyrolusSous.Validation.Generator\KyrolusSous.Validation.Generator.csproj", "{6B432D76-8741-4E2C-BEC4-5AE3655FAE3E}"
EndProject
Project("{FAE04EC0-301F-11D3-BF4B-00C04F79EFBC}") = "KyrolusSous.Validation.Runtime", "Src\Validation\KyrolusSous.Validation.Runtime\KyrolusSous.Validation.Runtime.csproj", "{E383F074-EF69-4D1C-827A-26DB78CF67B1}"
EndProject
Project("{2150E333-8FDC-42A3-9474-1A3956D46DE8}") = "Tests", "Tests", "{0AB3BF05-4346-4AA6-1389-037BE0695223}"
EndProject
Project("{2150E333-8FDC-42A3-9474-1A3956D46DE8}") = "Aot", "Aot", "{D37363A3-FFCE-FDD9-FC42-0CEA20DAC207}"
EndProject
Project("{FAE04EC0-301F-11D3-BF4B-00C04F79EFBC}") = "KyrolusSous.Mediator.Aot", "Tests\Aot\KyrolusSous.Mediator.Aot\KyrolusSous.Mediator.Aot.csproj", "{8B5F0EFC-1E1C-4CFD-A3A8-A896938F3C59}"
EndProject
Project("{2150E333-8FDC-42A3-9474-1A3956D46DE8}") = "Benchmarks", "Benchmarks", "{6C73E6AB-D704-A97F-1BED-3C67E832B020}"
EndProject
Project("{FAE04EC0-301F-11D3-BF4B-00C04F79EFBC}") = "KyrolusSous.Caching.Benchmarks", "Tests\Benchmarks\KyrolusSous.Caching.Benchmarks\KyrolusSous.Caching.Benchmarks.csproj", "{968C5D89-1BEB-49D7-8D39-1C6DD890E810}"
EndProject
Project("{2150E333-8FDC-42A3-9474-1A3956D46DE8}") = "IntegrationTests", "IntegrationTests", "{30785934-E017-5D9F-2777-3D61460A5281}"
EndProject
Project("{FAE04EC0-301F-11D3-BF4B-00C04F79EFBC}") = "KyrolusSous.Logging.TestApp", "Tests\IntegrationTests\KyrolusSous.Logging.TestApp\KyrolusSous.Logging.TestApp.csproj", "{D75E82F8-3038-4620-9871-856539DDAB5D}"
EndProject
Project("{FAE04EC0-301F-11D3-BF4B-00C04F79EFBC}") = "KyrolusSous.Marten.Runtime.FullPipeline.IntegrationTests", "Tests\IntegrationTests\KyrolusSous.Marten.Runtime.FullPipeline.IntegrationTests\KyrolusSous.Marten.Runtime.FullPipeline.IntegrationTests.csproj", "{4D754EEC-E5B1-45C4-B67A-882CDA1F7E8B}"
EndProject
Project("{FAE04EC0-301F-11D3-BF4B-00C04F79EFBC}") = "KyrolusSous.Marten.Runtime.FullPipeline.TestApp", "Tests\IntegrationTests\KyrolusSous.Marten.Runtime.FullPipeline.TestApp\KyrolusSous.Marten.Runtime.FullPipeline.TestApp.csproj", "{C6FA4BE5-C47A-4B9F-9F50-F3C80B9A03E0}"
EndProject
Project("{FAE04EC0-301F-11D3-BF4B-00C04F79EFBC}") = "KyrolusSous.Repositories.EF.Generator.IntegrationTests", "Tests\IntegrationTests\KyrolusSous.Repositories.EF.Generator.IntegrationTests\KyrolusSous.Repositories.EF.Generator.IntegrationTests.csproj", "{006B0E8C-FA16-48CB-9822-C2C8FCF06114}"
EndProject
Project("{FAE04EC0-301F-11D3-BF4B-00C04F79EFBC}") = "KyrolusSous.Repositories.EF.Generator.TestApp", "Tests\IntegrationTests\KyrolusSous.Repositories.EF.Generator.TestApp\KyrolusSous.Repositories.EF.Generator.TestApp.csproj", "{3F7616EB-A9F7-4C01-AB08-76B60ED2F815}"
EndProject
Project("{2150E333-8FDC-42A3-9474-1A3956D46DE8}") = "KyrolusSous.Repositories.EF.Runtime.IntegrationTests.postgresql", "KyrolusSous.Repositories.EF.Runtime.IntegrationTests.postgresql", "{A3DF3898-48FE-D878-5945-0BBBF2AD8617}"
EndProject
Project("{FAE04EC0-301F-11D3-BF4B-00C04F79EFBC}") = "KyrolusSous.Repositories.EF.Runtime.IntegrationTests.postgressql", "Tests\IntegrationTests\KyrolusSous.Repositories.EF.Runtime.IntegrationTests.postgresql\KyrolusSous.Repositories.EF.Runtime.IntegrationTests.postgressql.csproj", "{02EB9D65-E91E-43B4-8A0E-C518469BA1E8}"
EndProject
Project("{2150E333-8FDC-42A3-9474-1A3956D46DE8}") = "KyrolusSous.Repositories.EF.Runtime.TestApp.postgresql", "KyrolusSous.Repositories.EF.Runtime.TestApp.postgresql", "{04163ED6-8D3B-56F2-9574-D0988CB648C6}"
EndProject
Project("{FAE04EC0-301F-11D3-BF4B-00C04F79EFBC}") = "TestApp.postgresql", "Tests\IntegrationTests\KyrolusSous.Repositories.EF.Runtime.TestApp.postgresql\TestApp.postgresql.csproj", "{29B4B8E8-70B1-4C5A-B747-0F00BA60D801}"
EndProject
Project("{FAE04EC0-301F-11D3-BF4B-00C04F79EFBC}") = "KyrolusSous.Swagger.IntegrationTests", "Tests\IntegrationTests\KyrolusSous.Swagger.IntegrationTests\KyrolusSous.Swagger.IntegrationTests.csproj", "{84E94F0D-A506-497E-9F1F-59AFBFFBB457}"
EndProject
Project("{FAE04EC0-301F-11D3-BF4B-00C04F79EFBC}") = "KyrolusSous.Swagger.TestApp", "Tests\IntegrationTests\KyrolusSous.Swagger.TestApp\KyrolusSous.Swagger.TestApp.csproj", "{9AA54E72-1FFB-491E-ADB6-A0CA6996C0EC}"
EndProject
Project("{2150E333-8FDC-42A3-9474-1A3956D46DE8}") = "UnitTests", "UnitTests", "{394A81D9-3C45-9818-BB26-23F2B85056FF}"
EndProject
Project("{2150E333-8FDC-42A3-9474-1A3956D46DE8}") = "KyrolusSous.Logging.UnitTests", "KyrolusSous.Logging.UnitTests", "{66319178-A4B2-5719-EF5A-879B9046B690}"
EndProject
Project("{FAE04EC0-301F-11D3-BF4B-00C04F79EFBC}") = "KyrolusSous.Logging.Tests", "Tests\UnitTests\KyrolusSous.Logging.UnitTests\KyrolusSous.Logging.Tests.csproj", "{BAB985C7-17E9-4B67-BAC3-E928E2B3732A}"
EndProject
Project("{FAE04EC0-301F-11D3-BF4B-00C04F79EFBC}") = "KyrolusSous.Mediator.Generator.UnitTests", "Tests\UnitTests\Mediator\KyrolusSous.Mediator.Generator.UnitTests\KyrolusSous.Mediator.Generator.UnitTests.csproj", "{8DBB3CCC-FC0D-410F-8CF2-022305AC3263}"
EndProject
Project("{FAE04EC0-301F-11D3-BF4B-00C04F79EFBC}") = "KyrolusSous.Mediator.Runtime.UnitTests", "Tests\UnitTests\Mediator\KyrolusSous.Mediator.Runtime.UnitTests\KyrolusSous.Mediator.Runtime.UnitTests.csproj", "{306A22F8-6D8C-4C83-B37A-3CFAEA0397B6}"
EndProject
Project("{2150E333-8FDC-42A3-9474-1A3956D46DE8}") = "Validation", "Validation", "{005EFC0B-32EF-5B7C-1F39-A76BD9A89E34}"
EndProject
Project("{FAE04EC0-301F-11D3-BF4B-00C04F79EFBC}") = "KyrolusSous.Validation.Fluent", "Src\Validation\KyrolusSous.Validation.Fluent\KyrolusSous.Validation.Fluent.csproj", "{46930669-E66E-4A03-BD21-435AE6B31F31}"
EndProject
Project("{2150E333-8FDC-42A3-9474-1A3956D46DE8}") = "Validation", "Validation", "{2DF51929-66A1-651D-8EF3-B92A1CDF3ABF}"
EndProject
Project("{FAE04EC0-301F-11D3-BF4B-00C04F79EFBC}") = "KyrolusSous.Validation.Fluent.UnitTests", "Tests\UnitTests\Validation\KyrolusSous.Validation.Fluent.UnitTests\KyrolusSous.Validation.Fluent.UnitTests.csproj", "{281E1D5E-F196-4D82-A555-256C1375AD0A}"
EndProject
Global
	GlobalSection(SolutionConfigurationPlatforms) = preSolution
		Debug|Any CPU = Debug|Any CPU
		Debug|x64 = Debug|x64
		Debug|x86 = Debug|x86
		Release|Any CPU = Release|Any CPU
		Release|x64 = Release|x64
		Release|x86 = Release|x86
	EndGlobalSection
	GlobalSection(ProjectConfigurationPlatforms) = postSolution
		{CDD69D72-5852-4B14-ABDC-ADC8F9BF40FA}.Debug|Any CPU.ActiveCfg = Debug|Any CPU
		{CDD69D72-5852-4B14-ABDC-ADC8F9BF40FA}.Debug|Any CPU.Build.0 = Debug|Any CPU
		{CDD69D72-5852-4B14-ABDC-ADC8F9BF40FA}.Debug|x64.ActiveCfg = Debug|Any CPU
		{CDD69D72-5852-4B14-ABDC-ADC8F9BF40FA}.Debug|x64.Build.0 = Debug|Any CPU
		{CDD69D72-5852-4B14-ABDC-ADC8F9BF40FA}.Debug|x86.ActiveCfg = Debug|Any CPU
		{CDD69D72-5852-4B14-ABDC-ADC8F9BF40FA}.Debug|x86.Build.0 = Debug|Any CPU
		{CDD69D72-5852-4B14-ABDC-ADC8F9BF40FA}.Release|Any CPU.ActiveCfg = Release|Any CPU
		{CDD69D72-5852-4B14-ABDC-ADC8F9BF40FA}.Release|Any CPU.Build.0 = Release|Any CPU
		{CDD69D72-5852-4B14-ABDC-ADC8F9BF40FA}.Release|x64.ActiveCfg = Release|Any CPU
		{CDD69D72-5852-4B14-ABDC-ADC8F9BF40FA}.Release|x64.Build.0 = Release|Any CPU
		{CDD69D72-5852-4B14-ABDC-ADC8F9BF40FA}.Release|x86.ActiveCfg = Release|Any CPU
		{CDD69D72-5852-4B14-ABDC-ADC8F9BF40FA}.Release|x86.Build.0 = Release|Any CPU
		{B9446DD9-2CDF-4330-B053-31F2915418E1}.Debug|Any CPU.ActiveCfg = Debug|Any CPU
		{B9446DD9-2CDF-4330-B053-31F2915418E1}.Debug|Any CPU.Build.0 = Debug|Any CPU
		{B9446DD9-2CDF-4330-B053-31F2915418E1}.Debug|x64.ActiveCfg = Debug|Any CPU
		{B9446DD9-2CDF-4330-B053-31F2915418E1}.Debug|x64.Build.0 = Debug|Any CPU
		{B9446DD9-2CDF-4330-B053-31F2915418E1}.Debug|x86.ActiveCfg = Debug|Any CPU
		{B9446DD9-2CDF-4330-B053-31F2915418E1}.Debug|x86.Build.0 = Debug|Any CPU
		{B9446DD9-2CDF-4330-B053-31F2915418E1}.Release|Any CPU.ActiveCfg = Release|Any CPU
		{B9446DD9-2CDF-4330-B053-31F2915418E1}.Release|Any CPU.Build.0 = Release|Any CPU
		{B9446DD9-2CDF-4330-B053-31F2915418E1}.Release|x64.ActiveCfg = Release|Any CPU
		{B9446DD9-2CDF-4330-B053-31F2915418E1}.Release|x64.Build.0 = Release|Any CPU
		{B9446DD9-2CDF-4330-B053-31F2915418E1}.Release|x86.ActiveCfg = Release|Any CPU
		{B9446DD9-2CDF-4330-B053-31F2915418E1}.Release|x86.Build.0 = Release|Any CPU
		{C0DE5FAC-8F4D-4930-B3A3-8BB4433F2C11}.Debug|Any CPU.ActiveCfg = Debug|Any CPU
		{C0DE5FAC-8F4D-4930-B3A3-8BB4433F2C11}.Debug|Any CPU.Build.0 = Debug|Any CPU
		{C0DE5FAC-8F4D-4930-B3A3-8BB4433F2C11}.Debug|x64.ActiveCfg = Debug|Any CPU
		{C0DE5FAC-8F4D-4930-B3A3-8BB4433F2C11}.Debug|x64.Build.0 = Debug|Any CPU
		{C0DE5FAC-8F4D-4930-B3A3-8BB4433F2C11}.Debug|x86.ActiveCfg = Debug|Any CPU
		{C0DE5FAC-8F4D-4930-B3A3-8BB4433F2C11}.Debug|x86.Build.0 = Debug|Any CPU
		{C0DE5FAC-8F4D-4930-B3A3-8BB4433F2C11}.Release|Any CPU.ActiveCfg = Release|Any CPU
		{C0DE5FAC-8F4D-4930-B3A3-8BB4433F2C11}.Release|Any CPU.Build.0 = Release|Any CPU
		{C0DE5FAC-8F4D-4930-B3A3-8BB4433F2C11}.Release|x64.ActiveCfg = Release|Any CPU
		{C0DE5FAC-8F4D-4930-B3A3-8BB4433F2C11}.Release|x64.Build.0 = Release|Any CPU
		{C0DE5FAC-8F4D-4930-B3A3-8BB4433F2C11}.Release|x86.ActiveCfg = Release|Any CPU
		{C0DE5FAC-8F4D-4930-B3A3-8BB4433F2C11}.Release|x86.Build.0 = Release|Any CPU
		{BBF99E98-1A24-4F68-ACA2-45DDA30BB135}.Debug|Any CPU.ActiveCfg = Debug|Any CPU
		{BBF99E98-1A24-4F68-ACA2-45DDA30BB135}.Debug|Any CPU.Build.0 = Debug|Any CPU
		{BBF99E98-1A24-4F68-ACA2-45DDA30BB135}.Debug|x64.ActiveCfg = Debug|Any CPU
		{BBF99E98-1A24-4F68-ACA2-45DDA30BB135}.Debug|x64.Build.0 = Debug|Any CPU
		{BBF99E98-1A24-4F68-ACA2-45DDA30BB135}.Debug|x86.ActiveCfg = Debug|Any CPU
		{BBF99E98-1A24-4F68-ACA2-45DDA30BB135}.Debug|x86.Build.0 = Debug|Any CPU
		{BBF99E98-1A24-4F68-ACA2-45DDA30BB135}.Release|Any CPU.ActiveCfg = Release|Any CPU
		{BBF99E98-1A24-4F68-ACA2-45DDA30BB135}.Release|Any CPU.Build.0 = Release|Any CPU
		{BBF99E98-1A24-4F68-ACA2-45DDA30BB135}.Release|x64.ActiveCfg = Release|Any CPU
		{BBF99E98-1A24-4F68-ACA2-45DDA30BB135}.Release|x64.Build.0 = Release|Any CPU
		{BBF99E98-1A24-4F68-ACA2-45DDA30BB135}.Release|x86.ActiveCfg = Release|Any CPU
		{BBF99E98-1A24-4F68-ACA2-45DDA30BB135}.Release|x86.Build.0 = Release|Any CPU
		{F84A0D57-29A7-41C4-B764-D6418AE2F40F}.Debug|Any CPU.ActiveCfg = Debug|Any CPU
		{F84A0D57-29A7-41C4-B764-D6418AE2F40F}.Debug|Any CPU.Build.0 = Debug|Any CPU
		{F84A0D57-29A7-41C4-B764-D6418AE2F40F}.Debug|x64.ActiveCfg = Debug|Any CPU
		{F84A0D57-29A7-41C4-B764-D6418AE2F40F}.Debug|x64.Build.0 = Debug|Any CPU
		{F84A0D57-29A7-41C4-B764-D6418AE2F40F}.Debug|x86.ActiveCfg = Debug|Any CPU
		{F84A0D57-29A7-41C4-B764-D6418AE2F40F}.Debug|x86.Build.0 = Debug|Any CPU
		{F84A0D57-29A7-41C4-B764-D6418AE2F40F}.Release|Any CPU.ActiveCfg = Release|Any CPU
		{F84A0D57-29A7-41C4-B764-D6418AE2F40F}.Release|Any CPU.Build.0 = Release|Any CPU
		{F84A0D57-29A7-41C4-B764-D6418AE2F40F}.Release|x64.ActiveCfg = Release|Any CPU
		{F84A0D57-29A7-41C4-B764-D6418AE2F40F}.Release|x64.Build.0 = Release|Any CPU
		{F84A0D57-29A7-41C4-B764-D6418AE2F40F}.Release|x86.ActiveCfg = Release|Any CPU
		{F84A0D57-29A7-41C4-B764-D6418AE2F40F}.Release|x86.Build.0 = Release|Any CPU
		{6087F83C-B9E7-498B-A49C-492643B7FC96}.Debug|Any CPU.ActiveCfg = Debug|Any CPU
		{6087F83C-B9E7-498B-A49C-492643B7FC96}.Debug|Any CPU.Build.0 = Debug|Any CPU
		{6087F83C-B9E7-498B-A49C-492643B7FC96}.Debug|x64.ActiveCfg = Debug|Any CPU
		{6087F83C-B9E7-498B-A49C-492643B7FC96}.Debug|x64.Build.0 = Debug|Any CPU
		{6087F83C-B9E7-498B-A49C-492643B7FC96}.Debug|x86.ActiveCfg = Debug|Any CPU
		{6087F83C-B9E7-498B-A49C-492643B7FC96}.Debug|x86.Build.0 = Debug|Any CPU
		{6087F83C-B9E7-498B-A49C-492643B7FC96}.Release|Any CPU.ActiveCfg = Release|Any CPU
		{6087F83C-B9E7-498B-A49C-492643B7FC96}.Release|Any CPU.Build.0 = Release|Any CPU
		{6087F83C-B9E7-498B-A49C-492643B7FC96}.Release|x64.ActiveCfg = Release|Any CPU
		{6087F83C-B9E7-498B-A49C-492643B7FC96}.Release|x64.Build.0 = Release|Any CPU
		{6087F83C-B9E7-498B-A49C-492643B7FC96}.Release|x86.ActiveCfg = Release|Any CPU
		{6087F83C-B9E7-498B-A49C-492643B7FC96}.Release|x86.Build.0 = Release|Any CPU
		{44C8AAA8-E935-490D-B282-97314F1FC415}.Debug|Any CPU.ActiveCfg = Debug|Any CPU
		{44C8AAA8-E935-490D-B282-97314F1FC415}.Debug|Any CPU.Build.0 = Debug|Any CPU
		{44C8AAA8-E935-490D-B282-97314F1FC415}.Debug|x64.ActiveCfg = Debug|Any CPU
		{44C8AAA8-E935-490D-B282-97314F1FC415}.Debug|x64.Build.0 = Debug|Any CPU
		{44C8AAA8-E935-490D-B282-97314F1FC415}.Debug|x86.ActiveCfg = Debug|Any CPU
		{44C8AAA8-E935-490D-B282-97314F1FC415}.Debug|x86.Build.0 = Debug|Any CPU
		{44C8AAA8-E935-490D-B282-97314F1FC415}.Release|Any CPU.ActiveCfg = Release|Any CPU
		{44C8AAA8-E935-490D-B282-97314F1FC415}.Release|Any CPU.Build.0 = Release|Any CPU
		{44C8AAA8-E935-490D-B282-97314F1FC415}.Release|x64.ActiveCfg = Release|Any CPU
		{44C8AAA8-E935-490D-B282-97314F1FC415}.Release|x64.Build.0 = Release|Any CPU
		{44C8AAA8-E935-490D-B282-97314F1FC415}.Release|x86.ActiveCfg = Release|Any CPU
		{44C8AAA8-E935-490D-B282-97314F1FC415}.Release|x86.Build.0 = Release|Any CPU
		{A7F7598A-89AA-4C10-B057-E4D86153F6C5}.Debug|Any CPU.ActiveCfg = Debug|Any CPU
		{A7F7598A-89AA-4C10-B057-E4D86153F6C5}.Debug|Any CPU.Build.0 = Debug|Any CPU
		{A7F7598A-89AA-4C10-B057-E4D86153F6C5}.Debug|x64.ActiveCfg = Debug|Any CPU
		{A7F7598A-89AA-4C10-B057-E4D86153F6C5}.Debug|x64.Build.0 = Debug|Any CPU
		{A7F7598A-89AA-4C10-B057-E4D86153F6C5}.Debug|x86.ActiveCfg = Debug|Any CPU
		{A7F7598A-89AA-4C10-B057-E4D86153F6C5}.Debug|x86.Build.0 = Debug|Any CPU
		{A7F7598A-89AA-4C10-B057-E4D86153F6C5}.Release|Any CPU.ActiveCfg = Release|Any CPU
		{A7F7598A-89AA-4C10-B057-E4D86153F6C5}.Release|Any CPU.Build.0 = Release|Any CPU
		{A7F7598A-89AA-4C10-B057-E4D86153F6C5}.Release|x64.ActiveCfg = Release|Any CPU
		{A7F7598A-89AA-4C10-B057-E4D86153F6C5}.Release|x64.Build.0 = Release|Any CPU
		{A7F7598A-89AA-4C10-B057-E4D86153F6C5}.Release|x86.ActiveCfg = Release|Any CPU
		{A7F7598A-89AA-4C10-B057-E4D86153F6C5}.Release|x86.Build.0 = Release|Any CPU
		{5C8867EC-E018-4410-AFA3-3744D649E8A6}.Debug|Any CPU.ActiveCfg = Debug|Any CPU
		{5C8867EC-E018-4410-AFA3-3744D649E8A6}.Debug|Any CPU.Build.0 = Debug|Any CPU
		{5C8867EC-E018-4410-AFA3-3744D649E8A6}.Debug|x64.ActiveCfg = Debug|Any CPU
		{5C8867EC-E018-4410-AFA3-3744D649E8A6}.Debug|x64.Build.0 = Debug|Any CPU
		{5C8867EC-E018-4410-AFA3-3744D649E8A6}.Debug|x86.ActiveCfg = Debug|Any CPU
		{5C8867EC-E018-4410-AFA3-3744D649E8A6}.Debug|x86.Build.0 = Debug|Any CPU
		{5C8867EC-E018-4410-AFA3-3744D649E8A6}.Release|Any CPU.ActiveCfg = Release|Any CPU
		{5C8867EC-E018-4410-AFA3-3744D649E8A6}.Release|Any CPU.Build.0 = Release|Any CPU
		{5C8867EC-E018-4410-AFA3-3744D649E8A6}.Release|x64.ActiveCfg = Release|Any CPU
		{5C8867EC-E018-4410-AFA3-3744D649E8A6}.Release|x64.Build.0 = Release|Any CPU
		{5C8867EC-E018-4410-AFA3-3744D649E8A6}.Release|x86.ActiveCfg = Release|Any CPU
		{5C8867EC-E018-4410-AFA3-3744D649E8A6}.Release|x86.Build.0 = Release|Any CPU
		{89B183E0-1D42-4401-A921-4D10FD706144}.Debug|Any CPU.ActiveCfg = Debug|Any CPU
		{89B183E0-1D42-4401-A921-4D10FD706144}.Debug|Any CPU.Build.0 = Debug|Any CPU
		{89B183E0-1D42-4401-A921-4D10FD706144}.Debug|x64.ActiveCfg = Debug|Any CPU
		{89B183E0-1D42-4401-A921-4D10FD706144}.Debug|x64.Build.0 = Debug|Any CPU
		{89B183E0-1D42-4401-A921-4D10FD706144}.Debug|x86.ActiveCfg = Debug|Any CPU
		{89B183E0-1D42-4401-A921-4D10FD706144}.Debug|x86.Build.0 = Debug|Any CPU
		{89B183E0-1D42-4401-A921-4D10FD706144}.Release|Any CPU.ActiveCfg = Release|Any CPU
		{89B183E0-1D42-4401-A921-4D10FD706144}.Release|Any CPU.Build.0 = Release|Any CPU
		{89B183E0-1D42-4401-A921-4D10FD706144}.Release|x64.ActiveCfg = Release|Any CPU
		{89B183E0-1D42-4401-A921-4D10FD706144}.Release|x64.Build.0 = Release|Any CPU
		{89B183E0-1D42-4401-A921-4D10FD706144}.Release|x86.ActiveCfg = Release|Any CPU
		{89B183E0-1D42-4401-A921-4D10FD706144}.Release|x86.Build.0 = Release|Any CPU
		{A09DB454-585E-473F-B448-68D0C8AC525B}.Debug|Any CPU.ActiveCfg = Debug|Any CPU
		{A09DB454-585E-473F-B448-68D0C8AC525B}.Debug|Any CPU.Build.0 = Debug|Any CPU
		{A09DB454-585E-473F-B448-68D0C8AC525B}.Debug|x64.ActiveCfg = Debug|Any CPU
		{A09DB454-585E-473F-B448-68D0C8AC525B}.Debug|x64.Build.0 = Debug|Any CPU
		{A09DB454-585E-473F-B448-68D0C8AC525B}.Debug|x86.ActiveCfg = Debug|Any CPU
		{A09DB454-585E-473F-B448-68D0C8AC525B}.Debug|x86.Build.0 = Debug|Any CPU
		{A09DB454-585E-473F-B448-68D0C8AC525B}.Release|Any CPU.ActiveCfg = Release|Any CPU
		{A09DB454-585E-473F-B448-68D0C8AC525B}.Release|Any CPU.Build.0 = Release|Any CPU
		{A09DB454-585E-473F-B448-68D0C8AC525B}.Release|x64.ActiveCfg = Release|Any CPU
		{A09DB454-585E-473F-B448-68D0C8AC525B}.Release|x64.Build.0 = Release|Any CPU
		{A09DB454-585E-473F-B448-68D0C8AC525B}.Release|x86.ActiveCfg = Release|Any CPU
		{A09DB454-585E-473F-B448-68D0C8AC525B}.Release|x86.Build.0 = Release|Any CPU
		{CFA2F241-7464-4B34-B9F4-A8F32CA2B22D}.Debug|Any CPU.ActiveCfg = Debug|Any CPU
		{CFA2F241-7464-4B34-B9F4-A8F32CA2B22D}.Debug|Any CPU.Build.0 = Debug|Any CPU
		{CFA2F241-7464-4B34-B9F4-A8F32CA2B22D}.Debug|x64.ActiveCfg = Debug|Any CPU
		{CFA2F241-7464-4B34-B9F4-A8F32CA2B22D}.Debug|x64.Build.0 = Debug|Any CPU
		{CFA2F241-7464-4B34-B9F4-A8F32CA2B22D}.Debug|x86.ActiveCfg = Debug|Any CPU
		{CFA2F241-7464-4B34-B9F4-A8F32CA2B22D}.Debug|x86.Build.0 = Debug|Any CPU
		{CFA2F241-7464-4B34-B9F4-A8F32CA2B22D}.Release|Any CPU.ActiveCfg = Release|Any CPU
		{CFA2F241-7464-4B34-B9F4-A8F32CA2B22D}.Release|Any CPU.Build.0 = Release|Any CPU
		{CFA2F241-7464-4B34-B9F4-A8F32CA2B22D}.Release|x64.ActiveCfg = Release|Any CPU
		{CFA2F241-7464-4B34-B9F4-A8F32CA2B22D}.Release|x64.Build.0 = Release|Any CPU
		{CFA2F241-7464-4B34-B9F4-A8F32CA2B22D}.Release|x86.ActiveCfg = Release|Any CPU
		{CFA2F241-7464-4B34-B9F4-A8F32CA2B22D}.Release|x86.Build.0 = Release|Any CPU
		{37D936A5-656C-47E0-87D7-4DFCBC655208}.Debug|Any CPU.ActiveCfg = Debug|Any CPU
		{37D936A5-656C-47E0-87D7-4DFCBC655208}.Debug|Any CPU.Build.0 = Debug|Any CPU
		{37D936A5-656C-47E0-87D7-4DFCBC655208}.Debug|x64.ActiveCfg = Debug|Any CPU
		{37D936A5-656C-47E0-87D7-4DFCBC655208}.Debug|x64.Build.0 = Debug|Any CPU
		{37D936A5-656C-47E0-87D7-4DFCBC655208}.Debug|x86.ActiveCfg = Debug|Any CPU
		{37D936A5-656C-47E0-87D7-4DFCBC655208}.Debug|x86.Build.0 = Debug|Any CPU
		{37D936A5-656C-47E0-87D7-4DFCBC655208}.Release|Any CPU.ActiveCfg = Release|Any CPU
		{37D936A5-656C-47E0-87D7-4DFCBC655208}.Release|Any CPU.Build.0 = Release|Any CPU
		{37D936A5-656C-47E0-87D7-4DFCBC655208}.Release|x64.ActiveCfg = Release|Any CPU
		{37D936A5-656C-47E0-87D7-4DFCBC655208}.Release|x64.Build.0 = Release|Any CPU
		{37D936A5-656C-47E0-87D7-4DFCBC655208}.Release|x86.ActiveCfg = Release|Any CPU
		{37D936A5-656C-47E0-87D7-4DFCBC655208}.Release|x86.Build.0 = Release|Any CPU
		{61B127D7-99D1-448B-8D63-20D85390D701}.Debug|Any CPU.ActiveCfg = Debug|Any CPU
		{61B127D7-99D1-448B-8D63-20D85390D701}.Debug|Any CPU.Build.0 = Debug|Any CPU
		{61B127D7-99D1-448B-8D63-20D85390D701}.Debug|x64.ActiveCfg = Debug|Any CPU
		{61B127D7-99D1-448B-8D63-20D85390D701}.Debug|x64.Build.0 = Debug|Any CPU
		{61B127D7-99D1-448B-8D63-20D85390D701}.Debug|x86.ActiveCfg = Debug|Any CPU
		{61B127D7-99D1-448B-8D63-20D85390D701}.Debug|x86.Build.0 = Debug|Any CPU
		{61B127D7-99D1-448B-8D63-20D85390D701}.Release|Any CPU.ActiveCfg = Release|Any CPU
		{61B127D7-99D1-448B-8D63-20D85390D701}.Release|Any CPU.Build.0 = Release|Any CPU
		{61B127D7-99D1-448B-8D63-20D85390D701}.Release|x64.ActiveCfg = Release|Any CPU
		{61B127D7-99D1-448B-8D63-20D85390D701}.Release|x64.Build.0 = Release|Any CPU
		{61B127D7-99D1-448B-8D63-20D85390D701}.Release|x86.ActiveCfg = Release|Any CPU
		{61B127D7-99D1-448B-8D63-20D85390D701}.Release|x86.Build.0 = Release|Any CPU
		{AA3AFBF5-2A1E-47C5-94C4-46E5829FB90C}.Debug|Any CPU.ActiveCfg = Debug|Any CPU
		{AA3AFBF5-2A1E-47C5-94C4-46E5829FB90C}.Debug|Any CPU.Build.0 = Debug|Any CPU
		{AA3AFBF5-2A1E-47C5-94C4-46E5829FB90C}.Debug|x64.ActiveCfg = Debug|Any CPU
		{AA3AFBF5-2A1E-47C5-94C4-46E5829FB90C}.Debug|x64.Build.0 = Debug|Any CPU
		{AA3AFBF5-2A1E-47C5-94C4-46E5829FB90C}.Debug|x86.ActiveCfg = Debug|Any CPU
		{AA3AFBF5-2A1E-47C5-94C4-46E5829FB90C}.Debug|x86.Build.0 = Debug|Any CPU
		{AA3AFBF5-2A1E-47C5-94C4-46E5829FB90C}.Release|Any CPU.ActiveCfg = Release|Any CPU
		{AA3AFBF5-2A1E-47C5-94C4-46E5829FB90C}.Release|Any CPU.Build.0 = Release|Any CPU
		{AA3AFBF5-2A1E-47C5-94C4-46E5829FB90C}.Release|x64.ActiveCfg = Release|Any CPU
		{AA3AFBF5-2A1E-47C5-94C4-46E5829FB90C}.Release|x64.Build.0 = Release|Any CPU
		{AA3AFBF5-2A1E-47C5-94C4-46E5829FB90C}.Release|x86.ActiveCfg = Release|Any CPU
		{AA3AFBF5-2A1E-47C5-94C4-46E5829FB90C}.Release|x86.Build.0 = Release|Any CPU
		{B8BD96DF-93D2-436F-AFFC-A2EDBC5083F7}.Debug|Any CPU.ActiveCfg = Debug|Any CPU
		{B8BD96DF-93D2-436F-AFFC-A2EDBC5083F7}.Debug|Any CPU.Build.0 = Debug|Any CPU
		{B8BD96DF-93D2-436F-AFFC-A2EDBC5083F7}.Debug|x64.ActiveCfg = Debug|Any CPU
		{B8BD96DF-93D2-436F-AFFC-A2EDBC5083F7}.Debug|x64.Build.0 = Debug|Any CPU
		{B8BD96DF-93D2-436F-AFFC-A2EDBC5083F7}.Debug|x86.ActiveCfg = Debug|Any CPU
		{B8BD96DF-93D2-436F-AFFC-A2EDBC5083F7}.Debug|x86.Build.0 = Debug|Any CPU
		{B8BD96DF-93D2-436F-AFFC-A2EDBC5083F7}.Release|Any CPU.ActiveCfg = Release|Any CPU
		{B8BD96DF-93D2-436F-AFFC-A2EDBC5083F7}.Release|Any CPU.Build.0 = Release|Any CPU
		{B8BD96DF-93D2-436F-AFFC-A2EDBC5083F7}.Release|x64.ActiveCfg = Release|Any CPU
		{B8BD96DF-93D2-436F-AFFC-A2EDBC5083F7}.Release|x64.Build.0 = Release|Any CPU
		{B8BD96DF-93D2-436F-AFFC-A2EDBC5083F7}.Release|x86.ActiveCfg = Release|Any CPU
		{B8BD96DF-93D2-436F-AFFC-A2EDBC5083F7}.Release|x86.Build.0 = Release|Any CPU
		{3CA78555-96D2-4013-9342-C77FEBB0DF8B}.Debug|Any CPU.ActiveCfg = Debug|Any CPU
		{3CA78555-96D2-4013-9342-C77FEBB0DF8B}.Debug|Any CPU.Build.0 = Debug|Any CPU
		{3CA78555-96D2-4013-9342-C77FEBB0DF8B}.Debug|x64.ActiveCfg = Debug|Any CPU
		{3CA78555-96D2-4013-9342-C77FEBB0DF8B}.Debug|x64.Build.0 = Debug|Any CPU
		{3CA78555-96D2-4013-9342-C77FEBB0DF8B}.Debug|x86.ActiveCfg = Debug|Any CPU
		{3CA78555-96D2-4013-9342-C77FEBB0DF8B}.Debug|x86.Build.0 = Debug|Any CPU
		{3CA78555-96D2-4013-9342-C77FEBB0DF8B}.Release|Any CPU.ActiveCfg = Release|Any CPU
		{3CA78555-96D2-4013-9342-C77FEBB0DF8B}.Release|Any CPU.Build.0 = Release|Any CPU
		{3CA78555-96D2-4013-9342-C77FEBB0DF8B}.Release|x64.ActiveCfg = Release|Any CPU
		{3CA78555-96D2-4013-9342-C77FEBB0DF8B}.Release|x64.Build.0 = Release|Any CPU
		{3CA78555-96D2-4013-9342-C77FEBB0DF8B}.Release|x86.ActiveCfg = Release|Any CPU
		{3CA78555-96D2-4013-9342-C77FEBB0DF8B}.Release|x86.Build.0 = Release|Any CPU
		{361A85FB-65DE-49FC-8461-BF5964B84A61}.Debug|Any CPU.ActiveCfg = Debug|Any CPU
		{361A85FB-65DE-49FC-8461-BF5964B84A61}.Debug|Any CPU.Build.0 = Debug|Any CPU
		{361A85FB-65DE-49FC-8461-BF5964B84A61}.Debug|x64.ActiveCfg = Debug|Any CPU
		{361A85FB-65DE-49FC-8461-BF5964B84A61}.Debug|x64.Build.0 = Debug|Any CPU
		{361A85FB-65DE-49FC-8461-BF5964B84A61}.Debug|x86.ActiveCfg = Debug|Any CPU
		{361A85FB-65DE-49FC-8461-BF5964B84A61}.Debug|x86.Build.0 = Debug|Any CPU
		{361A85FB-65DE-49FC-8461-BF5964B84A61}.Release|Any CPU.ActiveCfg = Release|Any CPU
		{361A85FB-65DE-49FC-8461-BF5964B84A61}.Release|Any CPU.Build.0 = Release|Any CPU
		{361A85FB-65DE-49FC-8461-BF5964B84A61}.Release|x64.ActiveCfg = Release|Any CPU
		{361A85FB-65DE-49FC-8461-BF5964B84A61}.Release|x64.Build.0 = Release|Any CPU
		{361A85FB-65DE-49FC-8461-BF5964B84A61}.Release|x86.ActiveCfg = Release|Any CPU
		{361A85FB-65DE-49FC-8461-BF5964B84A61}.Release|x86.Build.0 = Release|Any CPU
		{3B230F1E-832E-4E99-A62C-63F50F7ACE42}.Debug|Any CPU.ActiveCfg = Debug|Any CPU
		{3B230F1E-832E-4E99-A62C-63F50F7ACE42}.Debug|Any CPU.Build.0 = Debug|Any CPU
		{3B230F1E-832E-4E99-A62C-63F50F7ACE42}.Debug|x64.ActiveCfg = Debug|Any CPU
		{3B230F1E-832E-4E99-A62C-63F50F7ACE42}.Debug|x64.Build.0 = Debug|Any CPU
		{3B230F1E-832E-4E99-A62C-63F50F7ACE42}.Debug|x86.ActiveCfg = Debug|Any CPU
		{3B230F1E-832E-4E99-A62C-63F50F7ACE42}.Debug|x86.Build.0 = Debug|Any CPU
		{3B230F1E-832E-4E99-A62C-63F50F7ACE42}.Release|Any CPU.ActiveCfg = Release|Any CPU
		{3B230F1E-832E-4E99-A62C-63F50F7ACE42}.Release|Any CPU.Build.0 = Release|Any CPU
		{3B230F1E-832E-4E99-A62C-63F50F7ACE42}.Release|x64.ActiveCfg = Release|Any CPU
		{3B230F1E-832E-4E99-A62C-63F50F7ACE42}.Release|x64.Build.0 = Release|Any CPU
		{3B230F1E-832E-4E99-A62C-63F50F7ACE42}.Release|x86.ActiveCfg = Release|Any CPU
		{3B230F1E-832E-4E99-A62C-63F50F7ACE42}.Release|x86.Build.0 = Release|Any CPU
		{1A5E308F-AD24-406B-A63C-3303AA5578DE}.Debug|Any CPU.ActiveCfg = Debug|Any CPU
		{1A5E308F-AD24-406B-A63C-3303AA5578DE}.Debug|Any CPU.Build.0 = Debug|Any CPU
		{1A5E308F-AD24-406B-A63C-3303AA5578DE}.Debug|x64.ActiveCfg = Debug|Any CPU
		{1A5E308F-AD24-406B-A63C-3303AA5578DE}.Debug|x64.Build.0 = Debug|Any CPU
		{1A5E308F-AD24-406B-A63C-3303AA5578DE}.Debug|x86.ActiveCfg = Debug|Any CPU
		{1A5E308F-AD24-406B-A63C-3303AA5578DE}.Debug|x86.Build.0 = Debug|Any CPU
		{1A5E308F-AD24-406B-A63C-3303AA5578DE}.Release|Any CPU.ActiveCfg = Release|Any CPU
		{1A5E308F-AD24-406B-A63C-3303AA5578DE}.Release|Any CPU.Build.0 = Release|Any CPU
		{1A5E308F-AD24-406B-A63C-3303AA5578DE}.Release|x64.ActiveCfg = Release|Any CPU
		{1A5E308F-AD24-406B-A63C-3303AA5578DE}.Release|x64.Build.0 = Release|Any CPU
		{1A5E308F-AD24-406B-A63C-3303AA5578DE}.Release|x86.ActiveCfg = Release|Any CPU
		{1A5E308F-AD24-406B-A63C-3303AA5578DE}.Release|x86.Build.0 = Release|Any CPU
		{063FE91C-1851-4A29-B947-CA952B21F2DE}.Debug|Any CPU.ActiveCfg = Debug|Any CPU
		{063FE91C-1851-4A29-B947-CA952B21F2DE}.Debug|Any CPU.Build.0 = Debug|Any CPU
		{063FE91C-1851-4A29-B947-CA952B21F2DE}.Debug|x64.ActiveCfg = Debug|Any CPU
		{063FE91C-1851-4A29-B947-CA952B21F2DE}.Debug|x64.Build.0 = Debug|Any CPU
		{063FE91C-1851-4A29-B947-CA952B21F2DE}.Debug|x86.ActiveCfg = Debug|Any CPU
		{063FE91C-1851-4A29-B947-CA952B21F2DE}.Debug|x86.Build.0 = Debug|Any CPU
		{063FE91C-1851-4A29-B947-CA952B21F2DE}.Release|Any CPU.ActiveCfg = Release|Any CPU
		{063FE91C-1851-4A29-B947-CA952B21F2DE}.Release|Any CPU.Build.0 = Release|Any CPU
		{063FE91C-1851-4A29-B947-CA952B21F2DE}.Release|x64.ActiveCfg = Release|Any CPU
		{063FE91C-1851-4A29-B947-CA952B21F2DE}.Release|x64.Build.0 = Release|Any CPU
		{063FE91C-1851-4A29-B947-CA952B21F2DE}.Release|x86.ActiveCfg = Release|Any CPU
		{063FE91C-1851-4A29-B947-CA952B21F2DE}.Release|x86.Build.0 = Release|Any CPU
		{CDC244B8-4D27-4CFC-ADAC-85FC6B038B8E}.Debug|Any CPU.ActiveCfg = Debug|Any CPU
		{CDC244B8-4D27-4CFC-ADAC-85FC6B038B8E}.Debug|Any CPU.Build.0 = Debug|Any CPU
		{CDC244B8-4D27-4CFC-ADAC-85FC6B038B8E}.Debug|x64.ActiveCfg = Debug|Any CPU
		{CDC244B8-4D27-4CFC-ADAC-85FC6B038B8E}.Debug|x64.Build.0 = Debug|Any CPU
		{CDC244B8-4D27-4CFC-ADAC-85FC6B038B8E}.Debug|x86.ActiveCfg = Debug|Any CPU
		{CDC244B8-4D27-4CFC-ADAC-85FC6B038B8E}.Debug|x86.Build.0 = Debug|Any CPU
		{CDC244B8-4D27-4CFC-ADAC-85FC6B038B8E}.Release|Any CPU.ActiveCfg = Release|Any CPU
		{CDC244B8-4D27-4CFC-ADAC-85FC6B038B8E}.Release|Any CPU.Build.0 = Release|Any CPU
		{CDC244B8-4D27-4CFC-ADAC-85FC6B038B8E}.Release|x64.ActiveCfg = Release|Any CPU
		{CDC244B8-4D27-4CFC-ADAC-85FC6B038B8E}.Release|x64.Build.0 = Release|Any CPU
		{CDC244B8-4D27-4CFC-ADAC-85FC6B038B8E}.Release|x86.ActiveCfg = Release|Any CPU
		{CDC244B8-4D27-4CFC-ADAC-85FC6B038B8E}.Release|x86.Build.0 = Release|Any CPU
		{9995AD1F-D570-47A8-A981-DDED416F62F1}.Debug|Any CPU.ActiveCfg = Debug|Any CPU
		{9995AD1F-D570-47A8-A981-DDED416F62F1}.Debug|Any CPU.Build.0 = Debug|Any CPU
		{9995AD1F-D570-47A8-A981-DDED416F62F1}.Debug|x64.ActiveCfg = Debug|Any CPU
		{9995AD1F-D570-47A8-A981-DDED416F62F1}.Debug|x64.Build.0 = Debug|Any CPU
		{9995AD1F-D570-47A8-A981-DDED416F62F1}.Debug|x86.ActiveCfg = Debug|Any CPU
		{9995AD1F-D570-47A8-A981-DDED416F62F1}.Debug|x86.Build.0 = Debug|Any CPU
		{9995AD1F-D570-47A8-A981-DDED416F62F1}.Release|Any CPU.ActiveCfg = Release|Any CPU
		{9995AD1F-D570-47A8-A981-DDED416F62F1}.Release|Any CPU.Build.0 = Release|Any CPU
		{9995AD1F-D570-47A8-A981-DDED416F62F1}.Release|x64.ActiveCfg = Release|Any CPU
		{9995AD1F-D570-47A8-A981-DDED416F62F1}.Release|x64.Build.0 = Release|Any CPU
		{9995AD1F-D570-47A8-A981-DDED416F62F1}.Release|x86.ActiveCfg = Release|Any CPU
		{9995AD1F-D570-47A8-A981-DDED416F62F1}.Release|x86.Build.0 = Release|Any CPU
		{D2E7C61D-6B59-4AD4-AFFA-7B348C9B9EE2}.Debug|Any CPU.ActiveCfg = Debug|Any CPU
		{D2E7C61D-6B59-4AD4-AFFA-7B348C9B9EE2}.Debug|Any CPU.Build.0 = Debug|Any CPU
		{D2E7C61D-6B59-4AD4-AFFA-7B348C9B9EE2}.Debug|x64.ActiveCfg = Debug|Any CPU
		{D2E7C61D-6B59-4AD4-AFFA-7B348C9B9EE2}.Debug|x64.Build.0 = Debug|Any CPU
		{D2E7C61D-6B59-4AD4-AFFA-7B348C9B9EE2}.Debug|x86.ActiveCfg = Debug|Any CPU
		{D2E7C61D-6B59-4AD4-AFFA-7B348C9B9EE2}.Debug|x86.Build.0 = Debug|Any CPU
		{D2E7C61D-6B59-4AD4-AFFA-7B348C9B9EE2}.Release|Any CPU.ActiveCfg = Release|Any CPU
		{D2E7C61D-6B59-4AD4-AFFA-7B348C9B9EE2}.Release|Any CPU.Build.0 = Release|Any CPU
		{D2E7C61D-6B59-4AD4-AFFA-7B348C9B9EE2}.Release|x64.ActiveCfg = Release|Any CPU
		{D2E7C61D-6B59-4AD4-AFFA-7B348C9B9EE2}.Release|x64.Build.0 = Release|Any CPU
		{D2E7C61D-6B59-4AD4-AFFA-7B348C9B9EE2}.Release|x86.ActiveCfg = Release|Any CPU
		{D2E7C61D-6B59-4AD4-AFFA-7B348C9B9EE2}.Release|x86.Build.0 = Release|Any CPU
		{3353C03E-3DB5-4714-8DD5-9ADA893103CF}.Debug|Any CPU.ActiveCfg = Debug|Any CPU
		{3353C03E-3DB5-4714-8DD5-9ADA893103CF}.Debug|Any CPU.Build.0 = Debug|Any CPU
		{3353C03E-3DB5-4714-8DD5-9ADA893103CF}.Debug|x64.ActiveCfg = Debug|Any CPU
		{3353C03E-3DB5-4714-8DD5-9ADA893103CF}.Debug|x64.Build.0 = Debug|Any CPU
		{3353C03E-3DB5-4714-8DD5-9ADA893103CF}.Debug|x86.ActiveCfg = Debug|Any CPU
		{3353C03E-3DB5-4714-8DD5-9ADA893103CF}.Debug|x86.Build.0 = Debug|Any CPU
		{3353C03E-3DB5-4714-8DD5-9ADA893103CF}.Release|Any CPU.ActiveCfg = Release|Any CPU
		{3353C03E-3DB5-4714-8DD5-9ADA893103CF}.Release|Any CPU.Build.0 = Release|Any CPU
		{3353C03E-3DB5-4714-8DD5-9ADA893103CF}.Release|x64.ActiveCfg = Release|Any CPU
		{3353C03E-3DB5-4714-8DD5-9ADA893103CF}.Release|x64.Build.0 = Release|Any CPU
		{3353C03E-3DB5-4714-8DD5-9ADA893103CF}.Release|x86.ActiveCfg = Release|Any CPU
		{3353C03E-3DB5-4714-8DD5-9ADA893103CF}.Release|x86.Build.0 = Release|Any CPU
		{1A9B19DA-6C83-45CB-B330-E6B9AD151DF2}.Debug|Any CPU.ActiveCfg = Debug|Any CPU
		{1A9B19DA-6C83-45CB-B330-E6B9AD151DF2}.Debug|Any CPU.Build.0 = Debug|Any CPU
		{1A9B19DA-6C83-45CB-B330-E6B9AD151DF2}.Debug|x64.ActiveCfg = Debug|Any CPU
		{1A9B19DA-6C83-45CB-B330-E6B9AD151DF2}.Debug|x64.Build.0 = Debug|Any CPU
		{1A9B19DA-6C83-45CB-B330-E6B9AD151DF2}.Debug|x86.ActiveCfg = Debug|Any CPU
		{1A9B19DA-6C83-45CB-B330-E6B9AD151DF2}.Debug|x86.Build.0 = Debug|Any CPU
		{1A9B19DA-6C83-45CB-B330-E6B9AD151DF2}.Release|Any CPU.ActiveCfg = Release|Any CPU
		{1A9B19DA-6C83-45CB-B330-E6B9AD151DF2}.Release|Any CPU.Build.0 = Release|Any CPU
		{1A9B19DA-6C83-45CB-B330-E6B9AD151DF2}.Release|x64.ActiveCfg = Release|Any CPU
		{1A9B19DA-6C83-45CB-B330-E6B9AD151DF2}.Release|x64.Build.0 = Release|Any CPU
		{1A9B19DA-6C83-45CB-B330-E6B9AD151DF2}.Release|x86.ActiveCfg = Release|Any CPU
		{1A9B19DA-6C83-45CB-B330-E6B9AD151DF2}.Release|x86.Build.0 = Release|Any CPU
		{FD1A1735-90A1-4D06-907A-96F303C7D23B}.Debug|Any CPU.ActiveCfg = Debug|Any CPU
		{FD1A1735-90A1-4D06-907A-96F303C7D23B}.Debug|Any CPU.Build.0 = Debug|Any CPU
		{FD1A1735-90A1-4D06-907A-96F303C7D23B}.Debug|x64.ActiveCfg = Debug|Any CPU
		{FD1A1735-90A1-4D06-907A-96F303C7D23B}.Debug|x64.Build.0 = Debug|Any CPU
		{FD1A1735-90A1-4D06-907A-96F303C7D23B}.Debug|x86.ActiveCfg = Debug|Any CPU
		{FD1A1735-90A1-4D06-907A-96F303C7D23B}.Debug|x86.Build.0 = Debug|Any CPU
		{FD1A1735-90A1-4D06-907A-96F303C7D23B}.Release|Any CPU.ActiveCfg = Release|Any CPU
		{FD1A1735-90A1-4D06-907A-96F303C7D23B}.Release|Any CPU.Build.0 = Release|Any CPU
		{FD1A1735-90A1-4D06-907A-96F303C7D23B}.Release|x64.ActiveCfg = Release|Any CPU
		{FD1A1735-90A1-4D06-907A-96F303C7D23B}.Release|x64.Build.0 = Release|Any CPU
		{FD1A1735-90A1-4D06-907A-96F303C7D23B}.Release|x86.ActiveCfg = Release|Any CPU
		{FD1A1735-90A1-4D06-907A-96F303C7D23B}.Release|x86.Build.0 = Release|Any CPU
		{48DA6E71-81D5-420E-95B3-FA8D17054001}.Debug|Any CPU.ActiveCfg = Debug|Any CPU
		{48DA6E71-81D5-420E-95B3-FA8D17054001}.Debug|Any CPU.Build.0 = Debug|Any CPU
		{48DA6E71-81D5-420E-95B3-FA8D17054001}.Debug|x64.ActiveCfg = Debug|Any CPU
		{48DA6E71-81D5-420E-95B3-FA8D17054001}.Debug|x64.Build.0 = Debug|Any CPU
		{48DA6E71-81D5-420E-95B3-FA8D17054001}.Debug|x86.ActiveCfg = Debug|Any CPU
		{48DA6E71-81D5-420E-95B3-FA8D17054001}.Debug|x86.Build.0 = Debug|Any CPU
		{48DA6E71-81D5-420E-95B3-FA8D17054001}.Release|Any CPU.ActiveCfg = Release|Any CPU
		{48DA6E71-81D5-420E-95B3-FA8D17054001}.Release|Any CPU.Build.0 = Release|Any CPU
		{48DA6E71-81D5-420E-95B3-FA8D17054001}.Release|x64.ActiveCfg = Release|Any CPU
		{48DA6E71-81D5-420E-95B3-FA8D17054001}.Release|x64.Build.0 = Release|Any CPU
		{48DA6E71-81D5-420E-95B3-FA8D17054001}.Release|x86.ActiveCfg = Release|Any CPU
		{48DA6E71-81D5-420E-95B3-FA8D17054001}.Release|x86.Build.0 = Release|Any CPU
		{EBFD5CE7-E9A4-4A17-B089-71730AFA8A39}.Debug|Any CPU.ActiveCfg = Debug|Any CPU
		{EBFD5CE7-E9A4-4A17-B089-71730AFA8A39}.Debug|Any CPU.Build.0 = Debug|Any CPU
		{EBFD5CE7-E9A4-4A17-B089-71730AFA8A39}.Debug|x64.ActiveCfg = Debug|Any CPU
		{EBFD5CE7-E9A4-4A17-B089-71730AFA8A39}.Debug|x64.Build.0 = Debug|Any CPU
		{EBFD5CE7-E9A4-4A17-B089-71730AFA8A39}.Debug|x86.ActiveCfg = Debug|Any CPU
		{EBFD5CE7-E9A4-4A17-B089-71730AFA8A39}.Debug|x86.Build.0 = Debug|Any CPU
		{EBFD5CE7-E9A4-4A17-B089-71730AFA8A39}.Release|Any CPU.ActiveCfg = Release|Any CPU
		{EBFD5CE7-E9A4-4A17-B089-71730AFA8A39}.Release|Any CPU.Build.0 = Release|Any CPU
		{EBFD5CE7-E9A4-4A17-B089-71730AFA8A39}.Release|x64.ActiveCfg = Release|Any CPU
		{EBFD5CE7-E9A4-4A17-B089-71730AFA8A39}.Release|x64.Build.0 = Release|Any CPU
		{EBFD5CE7-E9A4-4A17-B089-71730AFA8A39}.Release|x86.ActiveCfg = Release|Any CPU
		{EBFD5CE7-E9A4-4A17-B089-71730AFA8A39}.Release|x86.Build.0 = Release|Any CPU
		{DCD122BA-EB9F-4ED8-92E5-7ACF799DD842}.Debug|Any CPU.ActiveCfg = Debug|Any CPU
		{DCD122BA-EB9F-4ED8-92E5-7ACF799DD842}.Debug|Any CPU.Build.0 = Debug|Any CPU
		{DCD122BA-EB9F-4ED8-92E5-7ACF799DD842}.Debug|x64.ActiveCfg = Debug|Any CPU
		{DCD122BA-EB9F-4ED8-92E5-7ACF799DD842}.Debug|x64.Build.0 = Debug|Any CPU
		{DCD122BA-EB9F-4ED8-92E5-7ACF799DD842}.Debug|x86.ActiveCfg = Debug|Any CPU
		{DCD122BA-EB9F-4ED8-92E5-7ACF799DD842}.Debug|x86.Build.0 = Debug|Any CPU
		{DCD122BA-EB9F-4ED8-92E5-7ACF799DD842}.Release|Any CPU.ActiveCfg = Release|Any CPU
		{DCD122BA-EB9F-4ED8-92E5-7ACF799DD842}.Release|Any CPU.Build.0 = Release|Any CPU
		{DCD122BA-EB9F-4ED8-92E5-7ACF799DD842}.Release|x64.ActiveCfg = Release|Any CPU
		{DCD122BA-EB9F-4ED8-92E5-7ACF799DD842}.Release|x64.Build.0 = Release|Any CPU
		{DCD122BA-EB9F-4ED8-92E5-7ACF799DD842}.Release|x86.ActiveCfg = Release|Any CPU
		{DCD122BA-EB9F-4ED8-92E5-7ACF799DD842}.Release|x86.Build.0 = Release|Any CPU
		{480250E0-949E-4E67-A6DC-62C20B9C00F0}.Debug|Any CPU.ActiveCfg = Debug|Any CPU
		{480250E0-949E-4E67-A6DC-62C20B9C00F0}.Debug|Any CPU.Build.0 = Debug|Any CPU
		{480250E0-949E-4E67-A6DC-62C20B9C00F0}.Debug|x64.ActiveCfg = Debug|Any CPU
		{480250E0-949E-4E67-A6DC-62C20B9C00F0}.Debug|x64.Build.0 = Debug|Any CPU
		{480250E0-949E-4E67-A6DC-62C20B9C00F0}.Debug|x86.ActiveCfg = Debug|Any CPU
		{480250E0-949E-4E67-A6DC-62C20B9C00F0}.Debug|x86.Build.0 = Debug|Any CPU
		{480250E0-949E-4E67-A6DC-62C20B9C00F0}.Release|Any CPU.ActiveCfg = Release|Any CPU
		{480250E0-949E-4E67-A6DC-62C20B9C00F0}.Release|Any CPU.Build.0 = Release|Any CPU
		{480250E0-949E-4E67-A6DC-62C20B9C00F0}.Release|x64.ActiveCfg = Release|Any CPU
		{480250E0-949E-4E67-A6DC-62C20B9C00F0}.Release|x64.Build.0 = Release|Any CPU
		{480250E0-949E-4E67-A6DC-62C20B9C00F0}.Release|x86.ActiveCfg = Release|Any CPU
		{480250E0-949E-4E67-A6DC-62C20B9C00F0}.Release|x86.Build.0 = Release|Any CPU
		{208A5A76-DB9A-4228-BE92-368A6E4ACFF5}.Debug|Any CPU.ActiveCfg = Debug|Any CPU
		{208A5A76-DB9A-4228-BE92-368A6E4ACFF5}.Debug|Any CPU.Build.0 = Debug|Any CPU
		{208A5A76-DB9A-4228-BE92-368A6E4ACFF5}.Debug|x64.ActiveCfg = Debug|Any CPU
		{208A5A76-DB9A-4228-BE92-368A6E4ACFF5}.Debug|x64.Build.0 = Debug|Any CPU
		{208A5A76-DB9A-4228-BE92-368A6E4ACFF5}.Debug|x86.ActiveCfg = Debug|Any CPU
		{208A5A76-DB9A-4228-BE92-368A6E4ACFF5}.Debug|x86.Build.0 = Debug|Any CPU
		{208A5A76-DB9A-4228-BE92-368A6E4ACFF5}.Release|Any CPU.ActiveCfg = Release|Any CPU
		{208A5A76-DB9A-4228-BE92-368A6E4ACFF5}.Release|Any CPU.Build.0 = Release|Any CPU
		{208A5A76-DB9A-4228-BE92-368A6E4ACFF5}.Release|x64.ActiveCfg = Release|Any CPU
		{208A5A76-DB9A-4228-BE92-368A6E4ACFF5}.Release|x64.Build.0 = Release|Any CPU
		{208A5A76-DB9A-4228-BE92-368A6E4ACFF5}.Release|x86.ActiveCfg = Release|Any CPU
		{208A5A76-DB9A-4228-BE92-368A6E4ACFF5}.Release|x86.Build.0 = Release|Any CPU
		{9293226E-87B2-4CE3-AE44-CB221002B93A}.Debug|Any CPU.ActiveCfg = Debug|Any CPU
		{9293226E-87B2-4CE3-AE44-CB221002B93A}.Debug|Any CPU.Build.0 = Debug|Any CPU
		{9293226E-87B2-4CE3-AE44-CB221002B93A}.Debug|x64.ActiveCfg = Debug|Any CPU
		{9293226E-87B2-4CE3-AE44-CB221002B93A}.Debug|x64.Build.0 = Debug|Any CPU
		{9293226E-87B2-4CE3-AE44-CB221002B93A}.Debug|x86.ActiveCfg = Debug|Any CPU
		{9293226E-87B2-4CE3-AE44-CB221002B93A}.Debug|x86.Build.0 = Debug|Any CPU
		{9293226E-87B2-4CE3-AE44-CB221002B93A}.Release|Any CPU.ActiveCfg = Release|Any CPU
		{9293226E-87B2-4CE3-AE44-CB221002B93A}.Release|Any CPU.Build.0 = Release|Any CPU
		{9293226E-87B2-4CE3-AE44-CB221002B93A}.Release|x64.ActiveCfg = Release|Any CPU
		{9293226E-87B2-4CE3-AE44-CB221002B93A}.Release|x64.Build.0 = Release|Any CPU
		{9293226E-87B2-4CE3-AE44-CB221002B93A}.Release|x86.ActiveCfg = Release|Any CPU
		{9293226E-87B2-4CE3-AE44-CB221002B93A}.Release|x86.Build.0 = Release|Any CPU
		{864B9CD0-2A7A-4D0F-90A3-0E50875FD0D4}.Debug|Any CPU.ActiveCfg = Debug|Any CPU
		{864B9CD0-2A7A-4D0F-90A3-0E50875FD0D4}.Debug|Any CPU.Build.0 = Debug|Any CPU
		{864B9CD0-2A7A-4D0F-90A3-0E50875FD0D4}.Debug|x64.ActiveCfg = Debug|Any CPU
		{864B9CD0-2A7A-4D0F-90A3-0E50875FD0D4}.Debug|x64.Build.0 = Debug|Any CPU
		{864B9CD0-2A7A-4D0F-90A3-0E50875FD0D4}.Debug|x86.ActiveCfg = Debug|Any CPU
		{864B9CD0-2A7A-4D0F-90A3-0E50875FD0D4}.Debug|x86.Build.0 = Debug|Any CPU
		{864B9CD0-2A7A-4D0F-90A3-0E50875FD0D4}.Release|Any CPU.ActiveCfg = Release|Any CPU
		{864B9CD0-2A7A-4D0F-90A3-0E50875FD0D4}.Release|Any CPU.Build.0 = Release|Any CPU
		{864B9CD0-2A7A-4D0F-90A3-0E50875FD0D4}.Release|x64.ActiveCfg = Release|Any CPU
		{864B9CD0-2A7A-4D0F-90A3-0E50875FD0D4}.Release|x64.Build.0 = Release|Any CPU
		{864B9CD0-2A7A-4D0F-90A3-0E50875FD0D4}.Release|x86.ActiveCfg = Release|Any CPU
		{864B9CD0-2A7A-4D0F-90A3-0E50875FD0D4}.Release|x86.Build.0 = Release|Any CPU
		{C0ECDA37-704B-4924-B80D-A51E623D66D1}.Debug|Any CPU.ActiveCfg = Debug|Any CPU
		{C0ECDA37-704B-4924-B80D-A51E623D66D1}.Debug|Any CPU.Build.0 = Debug|Any CPU
		{C0ECDA37-704B-4924-B80D-A51E623D66D1}.Debug|x64.ActiveCfg = Debug|Any CPU
		{C0ECDA37-704B-4924-B80D-A51E623D66D1}.Debug|x64.Build.0 = Debug|Any CPU
		{C0ECDA37-704B-4924-B80D-A51E623D66D1}.Debug|x86.ActiveCfg = Debug|Any CPU
		{C0ECDA37-704B-4924-B80D-A51E623D66D1}.Debug|x86.Build.0 = Debug|Any CPU
		{C0ECDA37-704B-4924-B80D-A51E623D66D1}.Release|Any CPU.ActiveCfg = Release|Any CPU
		{C0ECDA37-704B-4924-B80D-A51E623D66D1}.Release|Any CPU.Build.0 = Release|Any CPU
		{C0ECDA37-704B-4924-B80D-A51E623D66D1}.Release|x64.ActiveCfg = Release|Any CPU
		{C0ECDA37-704B-4924-B80D-A51E623D66D1}.Release|x64.Build.0 = Release|Any CPU
		{C0ECDA37-704B-4924-B80D-A51E623D66D1}.Release|x86.ActiveCfg = Release|Any CPU
		{C0ECDA37-704B-4924-B80D-A51E623D66D1}.Release|x86.Build.0 = Release|Any CPU
		{5A763381-CCF8-491D-9531-87109C369A18}.Debug|Any CPU.ActiveCfg = Debug|Any CPU
		{5A763381-CCF8-491D-9531-87109C369A18}.Debug|Any CPU.Build.0 = Debug|Any CPU
		{5A763381-CCF8-491D-9531-87109C369A18}.Debug|x64.ActiveCfg = Debug|Any CPU
		{5A763381-CCF8-491D-9531-87109C369A18}.Debug|x64.Build.0 = Debug|Any CPU
		{5A763381-CCF8-491D-9531-87109C369A18}.Debug|x86.ActiveCfg = Debug|Any CPU
		{5A763381-CCF8-491D-9531-87109C369A18}.Debug|x86.Build.0 = Debug|Any CPU
		{5A763381-CCF8-491D-9531-87109C369A18}.Release|Any CPU.ActiveCfg = Release|Any CPU
		{5A763381-CCF8-491D-9531-87109C369A18}.Release|Any CPU.Build.0 = Release|Any CPU
		{5A763381-CCF8-491D-9531-87109C369A18}.Release|x64.ActiveCfg = Release|Any CPU
		{5A763381-CCF8-491D-9531-87109C369A18}.Release|x64.Build.0 = Release|Any CPU
		{5A763381-CCF8-491D-9531-87109C369A18}.Release|x86.ActiveCfg = Release|Any CPU
		{5A763381-CCF8-491D-9531-87109C369A18}.Release|x86.Build.0 = Release|Any CPU
		{FFAF280D-E99D-41C1-9D8F-06E7D8AB8153}.Debug|Any CPU.ActiveCfg = Debug|Any CPU
		{FFAF280D-E99D-41C1-9D8F-06E7D8AB8153}.Debug|Any CPU.Build.0 = Debug|Any CPU
		{FFAF280D-E99D-41C1-9D8F-06E7D8AB8153}.Debug|x64.ActiveCfg = Debug|Any CPU
		{FFAF280D-E99D-41C1-9D8F-06E7D8AB8153}.Debug|x64.Build.0 = Debug|Any CPU
		{FFAF280D-E99D-41C1-9D8F-06E7D8AB8153}.Debug|x86.ActiveCfg = Debug|Any CPU
		{FFAF280D-E99D-41C1-9D8F-06E7D8AB8153}.Debug|x86.Build.0 = Debug|Any CPU
		{FFAF280D-E99D-41C1-9D8F-06E7D8AB8153}.Release|Any CPU.ActiveCfg = Release|Any CPU
		{FFAF280D-E99D-41C1-9D8F-06E7D8AB8153}.Release|Any CPU.Build.0 = Release|Any CPU
		{FFAF280D-E99D-41C1-9D8F-06E7D8AB8153}.Release|x64.ActiveCfg = Release|Any CPU
		{FFAF280D-E99D-41C1-9D8F-06E7D8AB8153}.Release|x64.Build.0 = Release|Any CPU
		{FFAF280D-E99D-41C1-9D8F-06E7D8AB8153}.Release|x86.ActiveCfg = Release|Any CPU
		{FFAF280D-E99D-41C1-9D8F-06E7D8AB8153}.Release|x86.Build.0 = Release|Any CPU
		{D6EAAC6B-96B4-40F9-9E30-8DB94B73C141}.Debug|Any CPU.ActiveCfg = Debug|Any CPU
		{D6EAAC6B-96B4-40F9-9E30-8DB94B73C141}.Debug|Any CPU.Build.0 = Debug|Any CPU
		{D6EAAC6B-96B4-40F9-9E30-8DB94B73C141}.Debug|x64.ActiveCfg = Debug|Any CPU
		{D6EAAC6B-96B4-40F9-9E30-8DB94B73C141}.Debug|x64.Build.0 = Debug|Any CPU
		{D6EAAC6B-96B4-40F9-9E30-8DB94B73C141}.Debug|x86.ActiveCfg = Debug|Any CPU
		{D6EAAC6B-96B4-40F9-9E30-8DB94B73C141}.Debug|x86.Build.0 = Debug|Any CPU
		{D6EAAC6B-96B4-40F9-9E30-8DB94B73C141}.Release|Any CPU.ActiveCfg = Release|Any CPU
		{D6EAAC6B-96B4-40F9-9E30-8DB94B73C141}.Release|Any CPU.Build.0 = Release|Any CPU
		{D6EAAC6B-96B4-40F9-9E30-8DB94B73C141}.Release|x64.ActiveCfg = Release|Any CPU
		{D6EAAC6B-96B4-40F9-9E30-8DB94B73C141}.Release|x64.Build.0 = Release|Any CPU
		{D6EAAC6B-96B4-40F9-9E30-8DB94B73C141}.Release|x86.ActiveCfg = Release|Any CPU
		{D6EAAC6B-96B4-40F9-9E30-8DB94B73C141}.Release|x86.Build.0 = Release|Any CPU
		{EE01CFC6-9E19-4A8F-AAB4-B46C53BD5821}.Debug|Any CPU.ActiveCfg = Debug|Any CPU
		{EE01CFC6-9E19-4A8F-AAB4-B46C53BD5821}.Debug|Any CPU.Build.0 = Debug|Any CPU
		{EE01CFC6-9E19-4A8F-AAB4-B46C53BD5821}.Debug|x64.ActiveCfg = Debug|Any CPU
		{EE01CFC6-9E19-4A8F-AAB4-B46C53BD5821}.Debug|x64.Build.0 = Debug|Any CPU
		{EE01CFC6-9E19-4A8F-AAB4-B46C53BD5821}.Debug|x86.ActiveCfg = Debug|Any CPU
		{EE01CFC6-9E19-4A8F-AAB4-B46C53BD5821}.Debug|x86.Build.0 = Debug|Any CPU
		{EE01CFC6-9E19-4A8F-AAB4-B46C53BD5821}.Release|Any CPU.ActiveCfg = Release|Any CPU
		{EE01CFC6-9E19-4A8F-AAB4-B46C53BD5821}.Release|Any CPU.Build.0 = Release|Any CPU
		{EE01CFC6-9E19-4A8F-AAB4-B46C53BD5821}.Release|x64.ActiveCfg = Release|Any CPU
		{EE01CFC6-9E19-4A8F-AAB4-B46C53BD5821}.Release|x64.Build.0 = Release|Any CPU
		{EE01CFC6-9E19-4A8F-AAB4-B46C53BD5821}.Release|x86.ActiveCfg = Release|Any CPU
		{EE01CFC6-9E19-4A8F-AAB4-B46C53BD5821}.Release|x86.Build.0 = Release|Any CPU
		{836EE053-0152-4B1C-8A04-76A2CDB81A32}.Debug|Any CPU.ActiveCfg = Debug|Any CPU
		{836EE053-0152-4B1C-8A04-76A2CDB81A32}.Debug|Any CPU.Build.0 = Debug|Any CPU
		{836EE053-0152-4B1C-8A04-76A2CDB81A32}.Debug|x64.ActiveCfg = Debug|Any CPU
		{836EE053-0152-4B1C-8A04-76A2CDB81A32}.Debug|x64.Build.0 = Debug|Any CPU
		{836EE053-0152-4B1C-8A04-76A2CDB81A32}.Debug|x86.ActiveCfg = Debug|Any CPU
		{836EE053-0152-4B1C-8A04-76A2CDB81A32}.Debug|x86.Build.0 = Debug|Any CPU
		{836EE053-0152-4B1C-8A04-76A2CDB81A32}.Release|Any CPU.ActiveCfg = Release|Any CPU
		{836EE053-0152-4B1C-8A04-76A2CDB81A32}.Release|Any CPU.Build.0 = Release|Any CPU
		{836EE053-0152-4B1C-8A04-76A2CDB81A32}.Release|x64.ActiveCfg = Release|Any CPU
		{836EE053-0152-4B1C-8A04-76A2CDB81A32}.Release|x64.Build.0 = Release|Any CPU
		{836EE053-0152-4B1C-8A04-76A2CDB81A32}.Release|x86.ActiveCfg = Release|Any CPU
		{836EE053-0152-4B1C-8A04-76A2CDB81A32}.Release|x86.Build.0 = Release|Any CPU
		{21D0AF33-6FF7-4FC1-A878-DA928D5E9FCE}.Debug|Any CPU.ActiveCfg = Debug|Any CPU
		{21D0AF33-6FF7-4FC1-A878-DA928D5E9FCE}.Debug|Any CPU.Build.0 = Debug|Any CPU
		{21D0AF33-6FF7-4FC1-A878-DA928D5E9FCE}.Debug|x64.ActiveCfg = Debug|Any CPU
		{21D0AF33-6FF7-4FC1-A878-DA928D5E9FCE}.Debug|x64.Build.0 = Debug|Any CPU
		{21D0AF33-6FF7-4FC1-A878-DA928D5E9FCE}.Debug|x86.ActiveCfg = Debug|Any CPU
		{21D0AF33-6FF7-4FC1-A878-DA928D5E9FCE}.Debug|x86.Build.0 = Debug|Any CPU
		{21D0AF33-6FF7-4FC1-A878-DA928D5E9FCE}.Release|Any CPU.ActiveCfg = Release|Any CPU
		{21D0AF33-6FF7-4FC1-A878-DA928D5E9FCE}.Release|Any CPU.Build.0 = Release|Any CPU
		{21D0AF33-6FF7-4FC1-A878-DA928D5E9FCE}.Release|x64.ActiveCfg = Release|Any CPU
		{21D0AF33-6FF7-4FC1-A878-DA928D5E9FCE}.Release|x64.Build.0 = Release|Any CPU
		{21D0AF33-6FF7-4FC1-A878-DA928D5E9FCE}.Release|x86.ActiveCfg = Release|Any CPU
		{21D0AF33-6FF7-4FC1-A878-DA928D5E9FCE}.Release|x86.Build.0 = Release|Any CPU
		{034FE714-8A38-4381-B32D-A7017BCF3B14}.Debug|Any CPU.ActiveCfg = Debug|Any CPU
		{034FE714-8A38-4381-B32D-A7017BCF3B14}.Debug|Any CPU.Build.0 = Debug|Any CPU
		{034FE714-8A38-4381-B32D-A7017BCF3B14}.Debug|x64.ActiveCfg = Debug|Any CPU
		{034FE714-8A38-4381-B32D-A7017BCF3B14}.Debug|x64.Build.0 = Debug|Any CPU
		{034FE714-8A38-4381-B32D-A7017BCF3B14}.Debug|x86.ActiveCfg = Debug|Any CPU
		{034FE714-8A38-4381-B32D-A7017BCF3B14}.Debug|x86.Build.0 = Debug|Any CPU
		{034FE714-8A38-4381-B32D-A7017BCF3B14}.Release|Any CPU.ActiveCfg = Release|Any CPU
		{034FE714-8A38-4381-B32D-A7017BCF3B14}.Release|Any CPU.Build.0 = Release|Any CPU
		{034FE714-8A38-4381-B32D-A7017BCF3B14}.Release|x64.ActiveCfg = Release|Any CPU
		{034FE714-8A38-4381-B32D-A7017BCF3B14}.Release|x64.Build.0 = Release|Any CPU
		{034FE714-8A38-4381-B32D-A7017BCF3B14}.Release|x86.ActiveCfg = Release|Any CPU
		{034FE714-8A38-4381-B32D-A7017BCF3B14}.Release|x86.Build.0 = Release|Any CPU
		{3851B2EB-E8E8-4761-BE54-5F5ABC7225DF}.Debug|Any CPU.ActiveCfg = Debug|Any CPU
		{3851B2EB-E8E8-4761-BE54-5F5ABC7225DF}.Debug|Any CPU.Build.0 = Debug|Any CPU
		{3851B2EB-E8E8-4761-BE54-5F5ABC7225DF}.Debug|x64.ActiveCfg = Debug|Any CPU
		{3851B2EB-E8E8-4761-BE54-5F5ABC7225DF}.Debug|x64.Build.0 = Debug|Any CPU
		{3851B2EB-E8E8-4761-BE54-5F5ABC7225DF}.Debug|x86.ActiveCfg = Debug|Any CPU
		{3851B2EB-E8E8-4761-BE54-5F5ABC7225DF}.Debug|x86.Build.0 = Debug|Any CPU
		{3851B2EB-E8E8-4761-BE54-5F5ABC7225DF}.Release|Any CPU.ActiveCfg = Release|Any CPU
		{3851B2EB-E8E8-4761-BE54-5F5ABC7225DF}.Release|Any CPU.Build.0 = Release|Any CPU
		{3851B2EB-E8E8-4761-BE54-5F5ABC7225DF}.Release|x64.ActiveCfg = Release|Any CPU
		{3851B2EB-E8E8-4761-BE54-5F5ABC7225DF}.Release|x64.Build.0 = Release|Any CPU
		{3851B2EB-E8E8-4761-BE54-5F5ABC7225DF}.Release|x86.ActiveCfg = Release|Any CPU
		{3851B2EB-E8E8-4761-BE54-5F5ABC7225DF}.Release|x86.Build.0 = Release|Any CPU
		{8E16B4A3-72EE-4E62-A0B2-DCCA0A0F7C71}.Debug|Any CPU.ActiveCfg = Debug|Any CPU
		{8E16B4A3-72EE-4E62-A0B2-DCCA0A0F7C71}.Debug|Any CPU.Build.0 = Debug|Any CPU
		{8E16B4A3-72EE-4E62-A0B2-DCCA0A0F7C71}.Debug|x64.ActiveCfg = Debug|Any CPU
		{8E16B4A3-72EE-4E62-A0B2-DCCA0A0F7C71}.Debug|x64.Build.0 = Debug|Any CPU
		{8E16B4A3-72EE-4E62-A0B2-DCCA0A0F7C71}.Debug|x86.ActiveCfg = Debug|Any CPU
		{8E16B4A3-72EE-4E62-A0B2-DCCA0A0F7C71}.Debug|x86.Build.0 = Debug|Any CPU
		{8E16B4A3-72EE-4E62-A0B2-DCCA0A0F7C71}.Release|Any CPU.ActiveCfg = Release|Any CPU
		{8E16B4A3-72EE-4E62-A0B2-DCCA0A0F7C71}.Release|Any CPU.Build.0 = Release|Any CPU
		{8E16B4A3-72EE-4E62-A0B2-DCCA0A0F7C71}.Release|x64.ActiveCfg = Release|Any CPU
		{8E16B4A3-72EE-4E62-A0B2-DCCA0A0F7C71}.Release|x64.Build.0 = Release|Any CPU
		{8E16B4A3-72EE-4E62-A0B2-DCCA0A0F7C71}.Release|x86.ActiveCfg = Release|Any CPU
		{8E16B4A3-72EE-4E62-A0B2-DCCA0A0F7C71}.Release|x86.Build.0 = Release|Any CPU
		{94E155F1-0ABF-441D-A2AD-F2842AB35ED7}.Debug|Any CPU.ActiveCfg = Debug|Any CPU
		{94E155F1-0ABF-441D-A2AD-F2842AB35ED7}.Debug|Any CPU.Build.0 = Debug|Any CPU
		{94E155F1-0ABF-441D-A2AD-F2842AB35ED7}.Debug|x64.ActiveCfg = Debug|Any CPU
		{94E155F1-0ABF-441D-A2AD-F2842AB35ED7}.Debug|x64.Build.0 = Debug|Any CPU
		{94E155F1-0ABF-441D-A2AD-F2842AB35ED7}.Debug|x86.ActiveCfg = Debug|Any CPU
		{94E155F1-0ABF-441D-A2AD-F2842AB35ED7}.Debug|x86.Build.0 = Debug|Any CPU
		{94E155F1-0ABF-441D-A2AD-F2842AB35ED7}.Release|Any CPU.ActiveCfg = Release|Any CPU
		{94E155F1-0ABF-441D-A2AD-F2842AB35ED7}.Release|Any CPU.Build.0 = Release|Any CPU
		{94E155F1-0ABF-441D-A2AD-F2842AB35ED7}.Release|x64.ActiveCfg = Release|Any CPU
		{94E155F1-0ABF-441D-A2AD-F2842AB35ED7}.Release|x64.Build.0 = Release|Any CPU
		{94E155F1-0ABF-441D-A2AD-F2842AB35ED7}.Release|x86.ActiveCfg = Release|Any CPU
		{94E155F1-0ABF-441D-A2AD-F2842AB35ED7}.Release|x86.Build.0 = Release|Any CPU
		{AB852D4F-81D6-4D1D-B526-99281ED37E6F}.Debug|Any CPU.ActiveCfg = Debug|Any CPU
		{AB852D4F-81D6-4D1D-B526-99281ED37E6F}.Debug|Any CPU.Build.0 = Debug|Any CPU
		{AB852D4F-81D6-4D1D-B526-99281ED37E6F}.Debug|x64.ActiveCfg = Debug|Any CPU
		{AB852D4F-81D6-4D1D-B526-99281ED37E6F}.Debug|x64.Build.0 = Debug|Any CPU
		{AB852D4F-81D6-4D1D-B526-99281ED37E6F}.Debug|x86.ActiveCfg = Debug|Any CPU
		{AB852D4F-81D6-4D1D-B526-99281ED37E6F}.Debug|x86.Build.0 = Debug|Any CPU
		{AB852D4F-81D6-4D1D-B526-99281ED37E6F}.Release|Any CPU.ActiveCfg = Release|Any CPU
		{AB852D4F-81D6-4D1D-B526-99281ED37E6F}.Release|Any CPU.Build.0 = Release|Any CPU
		{AB852D4F-81D6-4D1D-B526-99281ED37E6F}.Release|x64.ActiveCfg = Release|Any CPU
		{AB852D4F-81D6-4D1D-B526-99281ED37E6F}.Release|x64.Build.0 = Release|Any CPU
		{AB852D4F-81D6-4D1D-B526-99281ED37E6F}.Release|x86.ActiveCfg = Release|Any CPU
		{AB852D4F-81D6-4D1D-B526-99281ED37E6F}.Release|x86.Build.0 = Release|Any CPU
		{1139E992-2331-4535-A23B-0D1B38BBFA9A}.Debug|Any CPU.ActiveCfg = Debug|Any CPU
		{1139E992-2331-4535-A23B-0D1B38BBFA9A}.Debug|Any CPU.Build.0 = Debug|Any CPU
		{1139E992-2331-4535-A23B-0D1B38BBFA9A}.Debug|x64.ActiveCfg = Debug|Any CPU
		{1139E992-2331-4535-A23B-0D1B38BBFA9A}.Debug|x64.Build.0 = Debug|Any CPU
		{1139E992-2331-4535-A23B-0D1B38BBFA9A}.Debug|x86.ActiveCfg = Debug|Any CPU
		{1139E992-2331-4535-A23B-0D1B38BBFA9A}.Debug|x86.Build.0 = Debug|Any CPU
		{1139E992-2331-4535-A23B-0D1B38BBFA9A}.Release|Any CPU.ActiveCfg = Release|Any CPU
		{1139E992-2331-4535-A23B-0D1B38BBFA9A}.Release|Any CPU.Build.0 = Release|Any CPU
		{1139E992-2331-4535-A23B-0D1B38BBFA9A}.Release|x64.ActiveCfg = Release|Any CPU
		{1139E992-2331-4535-A23B-0D1B38BBFA9A}.Release|x64.Build.0 = Release|Any CPU
		{1139E992-2331-4535-A23B-0D1B38BBFA9A}.Release|x86.ActiveCfg = Release|Any CPU
		{1139E992-2331-4535-A23B-0D1B38BBFA9A}.Release|x86.Build.0 = Release|Any CPU
		{A1715981-DC36-4267-B880-3CD31FACDAAF}.Debug|Any CPU.ActiveCfg = Debug|Any CPU
		{A1715981-DC36-4267-B880-3CD31FACDAAF}.Debug|Any CPU.Build.0 = Debug|Any CPU
		{A1715981-DC36-4267-B880-3CD31FACDAAF}.Debug|x64.ActiveCfg = Debug|Any CPU
		{A1715981-DC36-4267-B880-3CD31FACDAAF}.Debug|x64.Build.0 = Debug|Any CPU
		{A1715981-DC36-4267-B880-3CD31FACDAAF}.Debug|x86.ActiveCfg = Debug|Any CPU
		{A1715981-DC36-4267-B880-3CD31FACDAAF}.Debug|x86.Build.0 = Debug|Any CPU
		{A1715981-DC36-4267-B880-3CD31FACDAAF}.Release|Any CPU.ActiveCfg = Release|Any CPU
		{A1715981-DC36-4267-B880-3CD31FACDAAF}.Release|Any CPU.Build.0 = Release|Any CPU
		{A1715981-DC36-4267-B880-3CD31FACDAAF}.Release|x64.ActiveCfg = Release|Any CPU
		{A1715981-DC36-4267-B880-3CD31FACDAAF}.Release|x64.Build.0 = Release|Any CPU
		{A1715981-DC36-4267-B880-3CD31FACDAAF}.Release|x86.ActiveCfg = Release|Any CPU
		{A1715981-DC36-4267-B880-3CD31FACDAAF}.Release|x86.Build.0 = Release|Any CPU
		{36EDAFA6-F003-4CFA-ACCA-E2632909B0D8}.Debug|Any CPU.ActiveCfg = Debug|Any CPU
		{36EDAFA6-F003-4CFA-ACCA-E2632909B0D8}.Debug|Any CPU.Build.0 = Debug|Any CPU
		{36EDAFA6-F003-4CFA-ACCA-E2632909B0D8}.Debug|x64.ActiveCfg = Debug|Any CPU
		{36EDAFA6-F003-4CFA-ACCA-E2632909B0D8}.Debug|x64.Build.0 = Debug|Any CPU
		{36EDAFA6-F003-4CFA-ACCA-E2632909B0D8}.Debug|x86.ActiveCfg = Debug|Any CPU
		{36EDAFA6-F003-4CFA-ACCA-E2632909B0D8}.Debug|x86.Build.0 = Debug|Any CPU
		{36EDAFA6-F003-4CFA-ACCA-E2632909B0D8}.Release|Any CPU.ActiveCfg = Release|Any CPU
		{36EDAFA6-F003-4CFA-ACCA-E2632909B0D8}.Release|Any CPU.Build.0 = Release|Any CPU
		{36EDAFA6-F003-4CFA-ACCA-E2632909B0D8}.Release|x64.ActiveCfg = Release|Any CPU
		{36EDAFA6-F003-4CFA-ACCA-E2632909B0D8}.Release|x64.Build.0 = Release|Any CPU
		{36EDAFA6-F003-4CFA-ACCA-E2632909B0D8}.Release|x86.ActiveCfg = Release|Any CPU
		{36EDAFA6-F003-4CFA-ACCA-E2632909B0D8}.Release|x86.Build.0 = Release|Any CPU
		{856EC61D-FCE4-4CF1-A818-BA2EA31764C2}.Debug|Any CPU.ActiveCfg = Debug|Any CPU
		{856EC61D-FCE4-4CF1-A818-BA2EA31764C2}.Debug|Any CPU.Build.0 = Debug|Any CPU
		{856EC61D-FCE4-4CF1-A818-BA2EA31764C2}.Debug|x64.ActiveCfg = Debug|Any CPU
		{856EC61D-FCE4-4CF1-A818-BA2EA31764C2}.Debug|x64.Build.0 = Debug|Any CPU
		{856EC61D-FCE4-4CF1-A818-BA2EA31764C2}.Debug|x86.ActiveCfg = Debug|Any CPU
		{856EC61D-FCE4-4CF1-A818-BA2EA31764C2}.Debug|x86.Build.0 = Debug|Any CPU
		{856EC61D-FCE4-4CF1-A818-BA2EA31764C2}.Release|Any CPU.ActiveCfg = Release|Any CPU
		{856EC61D-FCE4-4CF1-A818-BA2EA31764C2}.Release|Any CPU.Build.0 = Release|Any CPU
		{856EC61D-FCE4-4CF1-A818-BA2EA31764C2}.Release|x64.ActiveCfg = Release|Any CPU
		{856EC61D-FCE4-4CF1-A818-BA2EA31764C2}.Release|x64.Build.0 = Release|Any CPU
		{856EC61D-FCE4-4CF1-A818-BA2EA31764C2}.Release|x86.ActiveCfg = Release|Any CPU
		{856EC61D-FCE4-4CF1-A818-BA2EA31764C2}.Release|x86.Build.0 = Release|Any CPU
		{668D6E2D-3BA2-4FE5-AEE6-D14C8013756D}.Debug|Any CPU.ActiveCfg = Debug|Any CPU
		{668D6E2D-3BA2-4FE5-AEE6-D14C8013756D}.Debug|Any CPU.Build.0 = Debug|Any CPU
		{668D6E2D-3BA2-4FE5-AEE6-D14C8013756D}.Debug|x64.ActiveCfg = Debug|Any CPU
		{668D6E2D-3BA2-4FE5-AEE6-D14C8013756D}.Debug|x64.Build.0 = Debug|Any CPU
		{668D6E2D-3BA2-4FE5-AEE6-D14C8013756D}.Debug|x86.ActiveCfg = Debug|Any CPU
		{668D6E2D-3BA2-4FE5-AEE6-D14C8013756D}.Debug|x86.Build.0 = Debug|Any CPU
		{668D6E2D-3BA2-4FE5-AEE6-D14C8013756D}.Release|Any CPU.ActiveCfg = Release|Any CPU
		{668D6E2D-3BA2-4FE5-AEE6-D14C8013756D}.Release|Any CPU.Build.0 = Release|Any CPU
		{668D6E2D-3BA2-4FE5-AEE6-D14C8013756D}.Release|x64.ActiveCfg = Release|Any CPU
		{668D6E2D-3BA2-4FE5-AEE6-D14C8013756D}.Release|x64.Build.0 = Release|Any CPU
		{668D6E2D-3BA2-4FE5-AEE6-D14C8013756D}.Release|x86.ActiveCfg = Release|Any CPU
		{668D6E2D-3BA2-4FE5-AEE6-D14C8013756D}.Release|x86.Build.0 = Release|Any CPU
		{6814CB1F-CA1A-4F90-BB33-391E53BF79B2}.Debug|Any CPU.ActiveCfg = Debug|Any CPU
		{6814CB1F-CA1A-4F90-BB33-391E53BF79B2}.Debug|Any CPU.Build.0 = Debug|Any CPU
		{6814CB1F-CA1A-4F90-BB33-391E53BF79B2}.Debug|x64.ActiveCfg = Debug|Any CPU
		{6814CB1F-CA1A-4F90-BB33-391E53BF79B2}.Debug|x64.Build.0 = Debug|Any CPU
		{6814CB1F-CA1A-4F90-BB33-391E53BF79B2}.Debug|x86.ActiveCfg = Debug|Any CPU
		{6814CB1F-CA1A-4F90-BB33-391E53BF79B2}.Debug|x86.Build.0 = Debug|Any CPU
		{6814CB1F-CA1A-4F90-BB33-391E53BF79B2}.Release|Any CPU.ActiveCfg = Release|Any CPU
		{6814CB1F-CA1A-4F90-BB33-391E53BF79B2}.Release|Any CPU.Build.0 = Release|Any CPU
		{6814CB1F-CA1A-4F90-BB33-391E53BF79B2}.Release|x64.ActiveCfg = Release|Any CPU
		{6814CB1F-CA1A-4F90-BB33-391E53BF79B2}.Release|x64.Build.0 = Release|Any CPU
		{6814CB1F-CA1A-4F90-BB33-391E53BF79B2}.Release|x86.ActiveCfg = Release|Any CPU
		{6814CB1F-CA1A-4F90-BB33-391E53BF79B2}.Release|x86.Build.0 = Release|Any CPU
		{728DC4CA-805C-429D-85FF-9B6ADE35F89A}.Debug|Any CPU.ActiveCfg = Debug|Any CPU
		{728DC4CA-805C-429D-85FF-9B6ADE35F89A}.Debug|Any CPU.Build.0 = Debug|Any CPU
		{728DC4CA-805C-429D-85FF-9B6ADE35F89A}.Debug|x64.ActiveCfg = Debug|Any CPU
		{728DC4CA-805C-429D-85FF-9B6ADE35F89A}.Debug|x64.Build.0 = Debug|Any CPU
		{728DC4CA-805C-429D-85FF-9B6ADE35F89A}.Debug|x86.ActiveCfg = Debug|Any CPU
		{728DC4CA-805C-429D-85FF-9B6ADE35F89A}.Debug|x86.Build.0 = Debug|Any CPU
		{728DC4CA-805C-429D-85FF-9B6ADE35F89A}.Release|Any CPU.ActiveCfg = Release|Any CPU
		{728DC4CA-805C-429D-85FF-9B6ADE35F89A}.Release|Any CPU.Build.0 = Release|Any CPU
		{728DC4CA-805C-429D-85FF-9B6ADE35F89A}.Release|x64.ActiveCfg = Release|Any CPU
		{728DC4CA-805C-429D-85FF-9B6ADE35F89A}.Release|x64.Build.0 = Release|Any CPU
		{728DC4CA-805C-429D-85FF-9B6ADE35F89A}.Release|x86.ActiveCfg = Release|Any CPU
		{728DC4CA-805C-429D-85FF-9B6ADE35F89A}.Release|x86.Build.0 = Release|Any CPU
		{ECB1D1AC-9485-4C15-BF75-6BC8F3A4141B}.Debug|Any CPU.ActiveCfg = Debug|Any CPU
		{ECB1D1AC-9485-4C15-BF75-6BC8F3A4141B}.Debug|Any CPU.Build.0 = Debug|Any CPU
		{ECB1D1AC-9485-4C15-BF75-6BC8F3A4141B}.Debug|x64.ActiveCfg = Debug|Any CPU
		{ECB1D1AC-9485-4C15-BF75-6BC8F3A4141B}.Debug|x64.Build.0 = Debug|Any CPU
		{ECB1D1AC-9485-4C15-BF75-6BC8F3A4141B}.Debug|x86.ActiveCfg = Debug|Any CPU
		{ECB1D1AC-9485-4C15-BF75-6BC8F3A4141B}.Debug|x86.Build.0 = Debug|Any CPU
		{ECB1D1AC-9485-4C15-BF75-6BC8F3A4141B}.Release|Any CPU.ActiveCfg = Release|Any CPU
		{ECB1D1AC-9485-4C15-BF75-6BC8F3A4141B}.Release|Any CPU.Build.0 = Release|Any CPU
		{ECB1D1AC-9485-4C15-BF75-6BC8F3A4141B}.Release|x64.ActiveCfg = Release|Any CPU
		{ECB1D1AC-9485-4C15-BF75-6BC8F3A4141B}.Release|x64.Build.0 = Release|Any CPU
		{ECB1D1AC-9485-4C15-BF75-6BC8F3A4141B}.Release|x86.ActiveCfg = Release|Any CPU
		{ECB1D1AC-9485-4C15-BF75-6BC8F3A4141B}.Release|x86.Build.0 = Release|Any CPU
		{6B432D76-8741-4E2C-BEC4-5AE3655FAE3E}.Debug|Any CPU.ActiveCfg = Debug|Any CPU
		{6B432D76-8741-4E2C-BEC4-5AE3655FAE3E}.Debug|Any CPU.Build.0 = Debug|Any CPU
		{6B432D76-8741-4E2C-BEC4-5AE3655FAE3E}.Debug|x64.ActiveCfg = Debug|Any CPU
		{6B432D76-8741-4E2C-BEC4-5AE3655FAE3E}.Debug|x64.Build.0 = Debug|Any CPU
		{6B432D76-8741-4E2C-BEC4-5AE3655FAE3E}.Debug|x86.ActiveCfg = Debug|Any CPU
		{6B432D76-8741-4E2C-BEC4-5AE3655FAE3E}.Debug|x86.Build.0 = Debug|Any CPU
		{6B432D76-8741-4E2C-BEC4-5AE3655FAE3E}.Release|Any CPU.ActiveCfg = Release|Any CPU
		{6B432D76-8741-4E2C-BEC4-5AE3655FAE3E}.Release|Any CPU.Build.0 = Release|Any CPU
		{6B432D76-8741-4E2C-BEC4-5AE3655FAE3E}.Release|x64.ActiveCfg = Release|Any CPU
		{6B432D76-8741-4E2C-BEC4-5AE3655FAE3E}.Release|x64.Build.0 = Release|Any CPU
		{6B432D76-8741-4E2C-BEC4-5AE3655FAE3E}.Release|x86.ActiveCfg = Release|Any CPU
		{6B432D76-8741-4E2C-BEC4-5AE3655FAE3E}.Release|x86.Build.0 = Release|Any CPU
		{E383F074-EF69-4D1C-827A-26DB78CF67B1}.Debug|Any CPU.ActiveCfg = Debug|Any CPU
		{E383F074-EF69-4D1C-827A-26DB78CF67B1}.Debug|Any CPU.Build.0 = Debug|Any CPU
		{E383F074-EF69-4D1C-827A-26DB78CF67B1}.Debug|x64.ActiveCfg = Debug|Any CPU
		{E383F074-EF69-4D1C-827A-26DB78CF67B1}.Debug|x64.Build.0 = Debug|Any CPU
		{E383F074-EF69-4D1C-827A-26DB78CF67B1}.Debug|x86.ActiveCfg = Debug|Any CPU
		{E383F074-EF69-4D1C-827A-26DB78CF67B1}.Debug|x86.Build.0 = Debug|Any CPU
		{E383F074-EF69-4D1C-827A-26DB78CF67B1}.Release|Any CPU.ActiveCfg = Release|Any CPU
		{E383F074-EF69-4D1C-827A-26DB78CF67B1}.Release|Any CPU.Build.0 = Release|Any CPU
		{E383F074-EF69-4D1C-827A-26DB78CF67B1}.Release|x64.ActiveCfg = Release|Any CPU
		{E383F074-EF69-4D1C-827A-26DB78CF67B1}.Release|x64.Build.0 = Release|Any CPU
		{E383F074-EF69-4D1C-827A-26DB78CF67B1}.Release|x86.ActiveCfg = Release|Any CPU
		{E383F074-EF69-4D1C-827A-26DB78CF67B1}.Release|x86.Build.0 = Release|Any CPU
		{8B5F0EFC-1E1C-4CFD-A3A8-A896938F3C59}.Debug|Any CPU.ActiveCfg = Debug|Any CPU
		{8B5F0EFC-1E1C-4CFD-A3A8-A896938F3C59}.Debug|Any CPU.Build.0 = Debug|Any CPU
		{8B5F0EFC-1E1C-4CFD-A3A8-A896938F3C59}.Debug|x64.ActiveCfg = Debug|Any CPU
		{8B5F0EFC-1E1C-4CFD-A3A8-A896938F3C59}.Debug|x64.Build.0 = Debug|Any CPU
		{8B5F0EFC-1E1C-4CFD-A3A8-A896938F3C59}.Debug|x86.ActiveCfg = Debug|Any CPU
		{8B5F0EFC-1E1C-4CFD-A3A8-A896938F3C59}.Debug|x86.Build.0 = Debug|Any CPU
		{8B5F0EFC-1E1C-4CFD-A3A8-A896938F3C59}.Release|Any CPU.ActiveCfg = Release|Any CPU
		{8B5F0EFC-1E1C-4CFD-A3A8-A896938F3C59}.Release|Any CPU.Build.0 = Release|Any CPU
		{8B5F0EFC-1E1C-4CFD-A3A8-A896938F3C59}.Release|x64.ActiveCfg = Release|Any CPU
		{8B5F0EFC-1E1C-4CFD-A3A8-A896938F3C59}.Release|x64.Build.0 = Release|Any CPU
		{8B5F0EFC-1E1C-4CFD-A3A8-A896938F3C59}.Release|x86.ActiveCfg = Release|Any CPU
		{8B5F0EFC-1E1C-4CFD-A3A8-A896938F3C59}.Release|x86.Build.0 = Release|Any CPU
		{968C5D89-1BEB-49D7-8D39-1C6DD890E810}.Debug|Any CPU.ActiveCfg = Debug|Any CPU
		{968C5D89-1BEB-49D7-8D39-1C6DD890E810}.Debug|Any CPU.Build.0 = Debug|Any CPU
		{968C5D89-1BEB-49D7-8D39-1C6DD890E810}.Debug|x64.ActiveCfg = Debug|Any CPU
		{968C5D89-1BEB-49D7-8D39-1C6DD890E810}.Debug|x64.Build.0 = Debug|Any CPU
		{968C5D89-1BEB-49D7-8D39-1C6DD890E810}.Debug|x86.ActiveCfg = Debug|Any CPU
		{968C5D89-1BEB-49D7-8D39-1C6DD890E810}.Debug|x86.Build.0 = Debug|Any CPU
		{968C5D89-1BEB-49D7-8D39-1C6DD890E810}.Release|Any CPU.ActiveCfg = Release|Any CPU
		{968C5D89-1BEB-49D7-8D39-1C6DD890E810}.Release|Any CPU.Build.0 = Release|Any CPU
		{968C5D89-1BEB-49D7-8D39-1C6DD890E810}.Release|x64.ActiveCfg = Release|Any CPU
		{968C5D89-1BEB-49D7-8D39-1C6DD890E810}.Release|x64.Build.0 = Release|Any CPU
		{968C5D89-1BEB-49D7-8D39-1C6DD890E810}.Release|x86.ActiveCfg = Release|Any CPU
		{968C5D89-1BEB-49D7-8D39-1C6DD890E810}.Release|x86.Build.0 = Release|Any CPU
		{D75E82F8-3038-4620-9871-856539DDAB5D}.Debug|Any CPU.ActiveCfg = Debug|Any CPU
		{D75E82F8-3038-4620-9871-856539DDAB5D}.Debug|Any CPU.Build.0 = Debug|Any CPU
		{D75E82F8-3038-4620-9871-856539DDAB5D}.Debug|x64.ActiveCfg = Debug|Any CPU
		{D75E82F8-3038-4620-9871-856539DDAB5D}.Debug|x64.Build.0 = Debug|Any CPU
		{D75E82F8-3038-4620-9871-856539DDAB5D}.Debug|x86.ActiveCfg = Debug|Any CPU
		{D75E82F8-3038-4620-9871-856539DDAB5D}.Debug|x86.Build.0 = Debug|Any CPU
		{D75E82F8-3038-4620-9871-856539DDAB5D}.Release|Any CPU.ActiveCfg = Release|Any CPU
		{D75E82F8-3038-4620-9871-856539DDAB5D}.Release|Any CPU.Build.0 = Release|Any CPU
		{D75E82F8-3038-4620-9871-856539DDAB5D}.Release|x64.ActiveCfg = Release|Any CPU
		{D75E82F8-3038-4620-9871-856539DDAB5D}.Release|x64.Build.0 = Release|Any CPU
		{D75E82F8-3038-4620-9871-856539DDAB5D}.Release|x86.ActiveCfg = Release|Any CPU
		{D75E82F8-3038-4620-9871-856539DDAB5D}.Release|x86.Build.0 = Release|Any CPU
		{4D754EEC-E5B1-45C4-B67A-882CDA1F7E8B}.Debug|Any CPU.ActiveCfg = Debug|Any CPU
		{4D754EEC-E5B1-45C4-B67A-882CDA1F7E8B}.Debug|Any CPU.Build.0 = Debug|Any CPU
		{4D754EEC-E5B1-45C4-B67A-882CDA1F7E8B}.Debug|x64.ActiveCfg = Debug|Any CPU
		{4D754EEC-E5B1-45C4-B67A-882CDA1F7E8B}.Debug|x64.Build.0 = Debug|Any CPU
		{4D754EEC-E5B1-45C4-B67A-882CDA1F7E8B}.Debug|x86.ActiveCfg = Debug|Any CPU
		{4D754EEC-E5B1-45C4-B67A-882CDA1F7E8B}.Debug|x86.Build.0 = Debug|Any CPU
		{4D754EEC-E5B1-45C4-B67A-882CDA1F7E8B}.Release|Any CPU.ActiveCfg = Release|Any CPU
		{4D754EEC-E5B1-45C4-B67A-882CDA1F7E8B}.Release|Any CPU.Build.0 = Release|Any CPU
		{4D754EEC-E5B1-45C4-B67A-882CDA1F7E8B}.Release|x64.ActiveCfg = Release|Any CPU
		{4D754EEC-E5B1-45C4-B67A-882CDA1F7E8B}.Release|x64.Build.0 = Release|Any CPU
		{4D754EEC-E5B1-45C4-B67A-882CDA1F7E8B}.Release|x86.ActiveCfg = Release|Any CPU
		{4D754EEC-E5B1-45C4-B67A-882CDA1F7E8B}.Release|x86.Build.0 = Release|Any CPU
		{C6FA4BE5-C47A-4B9F-9F50-F3C80B9A03E0}.Debug|Any CPU.ActiveCfg = Debug|Any CPU
		{C6FA4BE5-C47A-4B9F-9F50-F3C80B9A03E0}.Debug|Any CPU.Build.0 = Debug|Any CPU
		{C6FA4BE5-C47A-4B9F-9F50-F3C80B9A03E0}.Debug|x64.ActiveCfg = Debug|Any CPU
		{C6FA4BE5-C47A-4B9F-9F50-F3C80B9A03E0}.Debug|x64.Build.0 = Debug|Any CPU
		{C6FA4BE5-C47A-4B9F-9F50-F3C80B9A03E0}.Debug|x86.ActiveCfg = Debug|Any CPU
		{C6FA4BE5-C47A-4B9F-9F50-F3C80B9A03E0}.Debug|x86.Build.0 = Debug|Any CPU
		{C6FA4BE5-C47A-4B9F-9F50-F3C80B9A03E0}.Release|Any CPU.ActiveCfg = Release|Any CPU
		{C6FA4BE5-C47A-4B9F-9F50-F3C80B9A03E0}.Release|Any CPU.Build.0 = Release|Any CPU
		{C6FA4BE5-C47A-4B9F-9F50-F3C80B9A03E0}.Release|x64.ActiveCfg = Release|Any CPU
		{C6FA4BE5-C47A-4B9F-9F50-F3C80B9A03E0}.Release|x64.Build.0 = Release|Any CPU
		{C6FA4BE5-C47A-4B9F-9F50-F3C80B9A03E0}.Release|x86.ActiveCfg = Release|Any CPU
		{C6FA4BE5-C47A-4B9F-9F50-F3C80B9A03E0}.Release|x86.Build.0 = Release|Any CPU
		{006B0E8C-FA16-48CB-9822-C2C8FCF06114}.Debug|Any CPU.ActiveCfg = Debug|Any CPU
		{006B0E8C-FA16-48CB-9822-C2C8FCF06114}.Debug|Any CPU.Build.0 = Debug|Any CPU
		{006B0E8C-FA16-48CB-9822-C2C8FCF06114}.Debug|x64.ActiveCfg = Debug|Any CPU
		{006B0E8C-FA16-48CB-9822-C2C8FCF06114}.Debug|x64.Build.0 = Debug|Any CPU
		{006B0E8C-FA16-48CB-9822-C2C8FCF06114}.Debug|x86.ActiveCfg = Debug|Any CPU
		{006B0E8C-FA16-48CB-9822-C2C8FCF06114}.Debug|x86.Build.0 = Debug|Any CPU
		{006B0E8C-FA16-48CB-9822-C2C8FCF06114}.Release|Any CPU.ActiveCfg = Release|Any CPU
		{006B0E8C-FA16-48CB-9822-C2C8FCF06114}.Release|Any CPU.Build.0 = Release|Any CPU
		{006B0E8C-FA16-48CB-9822-C2C8FCF06114}.Release|x64.ActiveCfg = Release|Any CPU
		{006B0E8C-FA16-48CB-9822-C2C8FCF06114}.Release|x64.Build.0 = Release|Any CPU
		{006B0E8C-FA16-48CB-9822-C2C8FCF06114}.Release|x86.ActiveCfg = Release|Any CPU
		{006B0E8C-FA16-48CB-9822-C2C8FCF06114}.Release|x86.Build.0 = Release|Any CPU
		{3F7616EB-A9F7-4C01-AB08-76B60ED2F815}.Debug|Any CPU.ActiveCfg = Debug|Any CPU
		{3F7616EB-A9F7-4C01-AB08-76B60ED2F815}.Debug|Any CPU.Build.0 = Debug|Any CPU
		{3F7616EB-A9F7-4C01-AB08-76B60ED2F815}.Debug|x64.ActiveCfg = Debug|Any CPU
		{3F7616EB-A9F7-4C01-AB08-76B60ED2F815}.Debug|x64.Build.0 = Debug|Any CPU
		{3F7616EB-A9F7-4C01-AB08-76B60ED2F815}.Debug|x86.ActiveCfg = Debug|Any CPU
		{3F7616EB-A9F7-4C01-AB08-76B60ED2F815}.Debug|x86.Build.0 = Debug|Any CPU
		{3F7616EB-A9F7-4C01-AB08-76B60ED2F815}.Release|Any CPU.ActiveCfg = Release|Any CPU
		{3F7616EB-A9F7-4C01-AB08-76B60ED2F815}.Release|Any CPU.Build.0 = Release|Any CPU
		{3F7616EB-A9F7-4C01-AB08-76B60ED2F815}.Release|x64.ActiveCfg = Release|Any CPU
		{3F7616EB-A9F7-4C01-AB08-76B60ED2F815}.Release|x64.Build.0 = Release|Any CPU
		{3F7616EB-A9F7-4C01-AB08-76B60ED2F815}.Release|x86.ActiveCfg = Release|Any CPU
		{3F7616EB-A9F7-4C01-AB08-76B60ED2F815}.Release|x86.Build.0 = Release|Any CPU
		{02EB9D65-E91E-43B4-8A0E-C518469BA1E8}.Debug|Any CPU.ActiveCfg = Debug|Any CPU
		{02EB9D65-E91E-43B4-8A0E-C518469BA1E8}.Debug|Any CPU.Build.0 = Debug|Any CPU
		{02EB9D65-E91E-43B4-8A0E-C518469BA1E8}.Debug|x64.ActiveCfg = Debug|Any CPU
		{02EB9D65-E91E-43B4-8A0E-C518469BA1E8}.Debug|x64.Build.0 = Debug|Any CPU
		{02EB9D65-E91E-43B4-8A0E-C518469BA1E8}.Debug|x86.ActiveCfg = Debug|Any CPU
		{02EB9D65-E91E-43B4-8A0E-C518469BA1E8}.Debug|x86.Build.0 = Debug|Any CPU
		{02EB9D65-E91E-43B4-8A0E-C518469BA1E8}.Release|Any CPU.ActiveCfg = Release|Any CPU
		{02EB9D65-E91E-43B4-8A0E-C518469BA1E8}.Release|Any CPU.Build.0 = Release|Any CPU
		{02EB9D65-E91E-43B4-8A0E-C518469BA1E8}.Release|x64.ActiveCfg = Release|Any CPU
		{02EB9D65-E91E-43B4-8A0E-C518469BA1E8}.Release|x64.Build.0 = Release|Any CPU
		{02EB9D65-E91E-43B4-8A0E-C518469BA1E8}.Release|x86.ActiveCfg = Release|Any CPU
		{02EB9D65-E91E-43B4-8A0E-C518469BA1E8}.Release|x86.Build.0 = Release|Any CPU
		{29B4B8E8-70B1-4C5A-B747-0F00BA60D801}.Debug|Any CPU.ActiveCfg = Debug|Any CPU
		{29B4B8E8-70B1-4C5A-B747-0F00BA60D801}.Debug|Any CPU.Build.0 = Debug|Any CPU
		{29B4B8E8-70B1-4C5A-B747-0F00BA60D801}.Debug|x64.ActiveCfg = Debug|Any CPU
		{29B4B8E8-70B1-4C5A-B747-0F00BA60D801}.Debug|x64.Build.0 = Debug|Any CPU
		{29B4B8E8-70B1-4C5A-B747-0F00BA60D801}.Debug|x86.ActiveCfg = Debug|Any CPU
		{29B4B8E8-70B1-4C5A-B747-0F00BA60D801}.Debug|x86.Build.0 = Debug|Any CPU
		{29B4B8E8-70B1-4C5A-B747-0F00BA60D801}.Release|Any CPU.ActiveCfg = Release|Any CPU
		{29B4B8E8-70B1-4C5A-B747-0F00BA60D801}.Release|Any CPU.Build.0 = Release|Any CPU
		{29B4B8E8-70B1-4C5A-B747-0F00BA60D801}.Release|x64.ActiveCfg = Release|Any CPU
		{29B4B8E8-70B1-4C5A-B747-0F00BA60D801}.Release|x64.Build.0 = Release|Any CPU
		{29B4B8E8-70B1-4C5A-B747-0F00BA60D801}.Release|x86.ActiveCfg = Release|Any CPU
		{29B4B8E8-70B1-4C5A-B747-0F00BA60D801}.Release|x86.Build.0 = Release|Any CPU
		{84E94F0D-A506-497E-9F1F-59AFBFFBB457}.Debug|Any CPU.ActiveCfg = Debug|Any CPU
		{84E94F0D-A506-497E-9F1F-59AFBFFBB457}.Debug|Any CPU.Build.0 = Debug|Any CPU
		{84E94F0D-A506-497E-9F1F-59AFBFFBB457}.Debug|x64.ActiveCfg = Debug|Any CPU
		{84E94F0D-A506-497E-9F1F-59AFBFFBB457}.Debug|x64.Build.0 = Debug|Any CPU
		{84E94F0D-A506-497E-9F1F-59AFBFFBB457}.Debug|x86.ActiveCfg = Debug|Any CPU
		{84E94F0D-A506-497E-9F1F-59AFBFFBB457}.Debug|x86.Build.0 = Debug|Any CPU
		{84E94F0D-A506-497E-9F1F-59AFBFFBB457}.Release|Any CPU.ActiveCfg = Release|Any CPU
		{84E94F0D-A506-497E-9F1F-59AFBFFBB457}.Release|Any CPU.Build.0 = Release|Any CPU
		{84E94F0D-A506-497E-9F1F-59AFBFFBB457}.Release|x64.ActiveCfg = Release|Any CPU
		{84E94F0D-A506-497E-9F1F-59AFBFFBB457}.Release|x64.Build.0 = Release|Any CPU
		{84E94F0D-A506-497E-9F1F-59AFBFFBB457}.Release|x86.ActiveCfg = Release|Any CPU
		{84E94F0D-A506-497E-9F1F-59AFBFFBB457}.Release|x86.Build.0 = Release|Any CPU
		{9AA54E72-1FFB-491E-ADB6-A0CA6996C0EC}.Debug|Any CPU.ActiveCfg = Debug|Any CPU
		{9AA54E72-1FFB-491E-ADB6-A0CA6996C0EC}.Debug|Any CPU.Build.0 = Debug|Any CPU
		{9AA54E72-1FFB-491E-ADB6-A0CA6996C0EC}.Debug|x64.ActiveCfg = Debug|Any CPU
		{9AA54E72-1FFB-491E-ADB6-A0CA6996C0EC}.Debug|x64.Build.0 = Debug|Any CPU
		{9AA54E72-1FFB-491E-ADB6-A0CA6996C0EC}.Debug|x86.ActiveCfg = Debug|Any CPU
		{9AA54E72-1FFB-491E-ADB6-A0CA6996C0EC}.Debug|x86.Build.0 = Debug|Any CPU
		{9AA54E72-1FFB-491E-ADB6-A0CA6996C0EC}.Release|Any CPU.ActiveCfg = Release|Any CPU
		{9AA54E72-1FFB-491E-ADB6-A0CA6996C0EC}.Release|Any CPU.Build.0 = Release|Any CPU
		{9AA54E72-1FFB-491E-ADB6-A0CA6996C0EC}.Release|x64.ActiveCfg = Release|Any CPU
		{9AA54E72-1FFB-491E-ADB6-A0CA6996C0EC}.Release|x64.Build.0 = Release|Any CPU
		{9AA54E72-1FFB-491E-ADB6-A0CA6996C0EC}.Release|x86.ActiveCfg = Release|Any CPU
		{9AA54E72-1FFB-491E-ADB6-A0CA6996C0EC}.Release|x86.Build.0 = Release|Any CPU
		{BAB985C7-17E9-4B67-BAC3-E928E2B3732A}.Debug|Any CPU.ActiveCfg = Debug|Any CPU
		{BAB985C7-17E9-4B67-BAC3-E928E2B3732A}.Debug|Any CPU.Build.0 = Debug|Any CPU
		{BAB985C7-17E9-4B67-BAC3-E928E2B3732A}.Debug|x64.ActiveCfg = Debug|Any CPU
		{BAB985C7-17E9-4B67-BAC3-E928E2B3732A}.Debug|x64.Build.0 = Debug|Any CPU
		{BAB985C7-17E9-4B67-BAC3-E928E2B3732A}.Debug|x86.ActiveCfg = Debug|Any CPU
		{BAB985C7-17E9-4B67-BAC3-E928E2B3732A}.Debug|x86.Build.0 = Debug|Any CPU
		{BAB985C7-17E9-4B67-BAC3-E928E2B3732A}.Release|Any CPU.ActiveCfg = Release|Any CPU
		{BAB985C7-17E9-4B67-BAC3-E928E2B3732A}.Release|Any CPU.Build.0 = Release|Any CPU
		{BAB985C7-17E9-4B67-BAC3-E928E2B3732A}.Release|x64.ActiveCfg = Release|Any CPU
		{BAB985C7-17E9-4B67-BAC3-E928E2B3732A}.Release|x64.Build.0 = Release|Any CPU
		{BAB985C7-17E9-4B67-BAC3-E928E2B3732A}.Release|x86.ActiveCfg = Release|Any CPU
		{BAB985C7-17E9-4B67-BAC3-E928E2B3732A}.Release|x86.Build.0 = Release|Any CPU
		{8DBB3CCC-FC0D-410F-8CF2-022305AC3263}.Debug|Any CPU.ActiveCfg = Debug|Any CPU
		{8DBB3CCC-FC0D-410F-8CF2-022305AC3263}.Debug|Any CPU.Build.0 = Debug|Any CPU
		{8DBB3CCC-FC0D-410F-8CF2-022305AC3263}.Debug|x64.ActiveCfg = Debug|Any CPU
		{8DBB3CCC-FC0D-410F-8CF2-022305AC3263}.Debug|x64.Build.0 = Debug|Any CPU
		{8DBB3CCC-FC0D-410F-8CF2-022305AC3263}.Debug|x86.ActiveCfg = Debug|Any CPU
		{8DBB3CCC-FC0D-410F-8CF2-022305AC3263}.Debug|x86.Build.0 = Debug|Any CPU
		{8DBB3CCC-FC0D-410F-8CF2-022305AC3263}.Release|Any CPU.ActiveCfg = Release|Any CPU
		{8DBB3CCC-FC0D-410F-8CF2-022305AC3263}.Release|Any CPU.Build.0 = Release|Any CPU
		{8DBB3CCC-FC0D-410F-8CF2-022305AC3263}.Release|x64.ActiveCfg = Release|Any CPU
		{8DBB3CCC-FC0D-410F-8CF2-022305AC3263}.Release|x64.Build.0 = Release|Any CPU
		{8DBB3CCC-FC0D-410F-8CF2-022305AC3263}.Release|x86.ActiveCfg = Release|Any CPU
		{8DBB3CCC-FC0D-410F-8CF2-022305AC3263}.Release|x86.Build.0 = Release|Any CPU
		{306A22F8-6D8C-4C83-B37A-3CFAEA0397B6}.Debug|Any CPU.ActiveCfg = Debug|Any CPU
		{306A22F8-6D8C-4C83-B37A-3CFAEA0397B6}.Debug|Any CPU.Build.0 = Debug|Any CPU
		{306A22F8-6D8C-4C83-B37A-3CFAEA0397B6}.Debug|x64.ActiveCfg = Debug|Any CPU
		{306A22F8-6D8C-4C83-B37A-3CFAEA0397B6}.Debug|x64.Build.0 = Debug|Any CPU
		{306A22F8-6D8C-4C83-B37A-3CFAEA0397B6}.Debug|x86.ActiveCfg = Debug|Any CPU
		{306A22F8-6D8C-4C83-B37A-3CFAEA0397B6}.Debug|x86.Build.0 = Debug|Any CPU
		{306A22F8-6D8C-4C83-B37A-3CFAEA0397B6}.Release|Any CPU.ActiveCfg = Release|Any CPU
		{306A22F8-6D8C-4C83-B37A-3CFAEA0397B6}.Release|Any CPU.Build.0 = Release|Any CPU
		{306A22F8-6D8C-4C83-B37A-3CFAEA0397B6}.Release|x64.ActiveCfg = Release|Any CPU
		{306A22F8-6D8C-4C83-B37A-3CFAEA0397B6}.Release|x64.Build.0 = Release|Any CPU
		{306A22F8-6D8C-4C83-B37A-3CFAEA0397B6}.Release|x86.ActiveCfg = Release|Any CPU
		{306A22F8-6D8C-4C83-B37A-3CFAEA0397B6}.Release|x86.Build.0 = Release|Any CPU
		{46930669-E66E-4A03-BD21-435AE6B31F31}.Debug|Any CPU.ActiveCfg = Debug|Any CPU
		{46930669-E66E-4A03-BD21-435AE6B31F31}.Debug|Any CPU.Build.0 = Debug|Any CPU
		{46930669-E66E-4A03-BD21-435AE6B31F31}.Debug|x64.ActiveCfg = Debug|Any CPU
		{46930669-E66E-4A03-BD21-435AE6B31F31}.Debug|x64.Build.0 = Debug|Any CPU
		{46930669-E66E-4A03-BD21-435AE6B31F31}.Debug|x86.ActiveCfg = Debug|Any CPU
		{46930669-E66E-4A03-BD21-435AE6B31F31}.Debug|x86.Build.0 = Debug|Any CPU
		{46930669-E66E-4A03-BD21-435AE6B31F31}.Release|Any CPU.ActiveCfg = Release|Any CPU
		{46930669-E66E-4A03-BD21-435AE6B31F31}.Release|Any CPU.Build.0 = Release|Any CPU
		{46930669-E66E-4A03-BD21-435AE6B31F31}.Release|x64.ActiveCfg = Release|Any CPU
		{46930669-E66E-4A03-BD21-435AE6B31F31}.Release|x64.Build.0 = Release|Any CPU
		{46930669-E66E-4A03-BD21-435AE6B31F31}.Release|x86.ActiveCfg = Release|Any CPU
		{46930669-E66E-4A03-BD21-435AE6B31F31}.Release|x86.Build.0 = Release|Any CPU
		{281E1D5E-F196-4D82-A555-256C1375AD0A}.Debug|Any CPU.ActiveCfg = Debug|Any CPU
		{281E1D5E-F196-4D82-A555-256C1375AD0A}.Debug|Any CPU.Build.0 = Debug|Any CPU
		{281E1D5E-F196-4D82-A555-256C1375AD0A}.Debug|x64.ActiveCfg = Debug|Any CPU
		{281E1D5E-F196-4D82-A555-256C1375AD0A}.Debug|x64.Build.0 = Debug|Any CPU
		{281E1D5E-F196-4D82-A555-256C1375AD0A}.Debug|x86.ActiveCfg = Debug|Any CPU
		{281E1D5E-F196-4D82-A555-256C1375AD0A}.Debug|x86.Build.0 = Debug|Any CPU
		{281E1D5E-F196-4D82-A555-256C1375AD0A}.Release|Any CPU.ActiveCfg = Release|Any CPU
		{281E1D5E-F196-4D82-A555-256C1375AD0A}.Release|Any CPU.Build.0 = Release|Any CPU
		{281E1D5E-F196-4D82-A555-256C1375AD0A}.Release|x64.ActiveCfg = Release|Any CPU
		{281E1D5E-F196-4D82-A555-256C1375AD0A}.Release|x64.Build.0 = Release|Any CPU
		{281E1D5E-F196-4D82-A555-256C1375AD0A}.Release|x86.ActiveCfg = Release|Any CPU
		{281E1D5E-F196-4D82-A555-256C1375AD0A}.Release|x86.Build.0 = Release|Any CPU
	EndGlobalSection
	GlobalSection(SolutionProperties) = preSolution
		HideSolutionNode = FALSE
	EndGlobalSection
	GlobalSection(NestedProjects) = preSolution
		{CDD69D72-5852-4B14-ABDC-ADC8F9BF40FA} = {827E0CD3-B72D-47B6-A68D-7590B98EB39B}
		{B9446DD9-2CDF-4330-B053-31F2915418E1} = {827E0CD3-B72D-47B6-A68D-7590B98EB39B}
		{C0DE5FAC-8F4D-4930-B3A3-8BB4433F2C11} = {827E0CD3-B72D-47B6-A68D-7590B98EB39B}
		{BBF99E98-1A24-4F68-ACA2-45DDA30BB135} = {827E0CD3-B72D-47B6-A68D-7590B98EB39B}
		{F84A0D57-29A7-41C4-B764-D6418AE2F40F} = {827E0CD3-B72D-47B6-A68D-7590B98EB39B}
		{6087F83C-B9E7-498B-A49C-492643B7FC96} = {827E0CD3-B72D-47B6-A68D-7590B98EB39B}
		{44C8AAA8-E935-490D-B282-97314F1FC415} = {827E0CD3-B72D-47B6-A68D-7590B98EB39B}
		{A7F7598A-89AA-4C10-B057-E4D86153F6C5} = {827E0CD3-B72D-47B6-A68D-7590B98EB39B}
		{5C8867EC-E018-4410-AFA3-3744D649E8A6} = {827E0CD3-B72D-47B6-A68D-7590B98EB39B}
		{89B183E0-1D42-4401-A921-4D10FD706144} = {827E0CD3-B72D-47B6-A68D-7590B98EB39B}
		{A09DB454-585E-473F-B448-68D0C8AC525B} = {827E0CD3-B72D-47B6-A68D-7590B98EB39B}
		{CFA2F241-7464-4B34-B9F4-A8F32CA2B22D} = {827E0CD3-B72D-47B6-A68D-7590B98EB39B}
		{37D936A5-656C-47E0-87D7-4DFCBC655208} = {827E0CD3-B72D-47B6-A68D-7590B98EB39B}
		{61B127D7-99D1-448B-8D63-20D85390D701} = {827E0CD3-B72D-47B6-A68D-7590B98EB39B}
		{AA3AFBF5-2A1E-47C5-94C4-46E5829FB90C} = {827E0CD3-B72D-47B6-A68D-7590B98EB39B}
		{B8BD96DF-93D2-436F-AFFC-A2EDBC5083F7} = {827E0CD3-B72D-47B6-A68D-7590B98EB39B}
		{3CA78555-96D2-4013-9342-C77FEBB0DF8B} = {827E0CD3-B72D-47B6-A68D-7590B98EB39B}
		{361A85FB-65DE-49FC-8461-BF5964B84A61} = {827E0CD3-B72D-47B6-A68D-7590B98EB39B}
		{3B230F1E-832E-4E99-A62C-63F50F7ACE42} = {827E0CD3-B72D-47B6-A68D-7590B98EB39B}
		{1A5E308F-AD24-406B-A63C-3303AA5578DE} = {827E0CD3-B72D-47B6-A68D-7590B98EB39B}
		{063FE91C-1851-4A29-B947-CA952B21F2DE} = {827E0CD3-B72D-47B6-A68D-7590B98EB39B}
		{CDC244B8-4D27-4CFC-ADAC-85FC6B038B8E} = {827E0CD3-B72D-47B6-A68D-7590B98EB39B}
		{9995AD1F-D570-47A8-A981-DDED416F62F1} = {827E0CD3-B72D-47B6-A68D-7590B98EB39B}
		{D2E7C61D-6B59-4AD4-AFFA-7B348C9B9EE2} = {827E0CD3-B72D-47B6-A68D-7590B98EB39B}
		{3353C03E-3DB5-4714-8DD5-9ADA893103CF} = {827E0CD3-B72D-47B6-A68D-7590B98EB39B}
		{1A9B19DA-6C83-45CB-B330-E6B9AD151DF2} = {827E0CD3-B72D-47B6-A68D-7590B98EB39B}
		{FD1A1735-90A1-4D06-907A-96F303C7D23B} = {827E0CD3-B72D-47B6-A68D-7590B98EB39B}
		{48DA6E71-81D5-420E-95B3-FA8D17054001} = {827E0CD3-B72D-47B6-A68D-7590B98EB39B}
		{EBFD5CE7-E9A4-4A17-B089-71730AFA8A39} = {827E0CD3-B72D-47B6-A68D-7590B98EB39B}
		{DCD122BA-EB9F-4ED8-92E5-7ACF799DD842} = {827E0CD3-B72D-47B6-A68D-7590B98EB39B}
		{480250E0-949E-4E67-A6DC-62C20B9C00F0} = {827E0CD3-B72D-47B6-A68D-7590B98EB39B}
		{208A5A76-DB9A-4228-BE92-368A6E4ACFF5} = {827E0CD3-B72D-47B6-A68D-7590B98EB39B}
		{9293226E-87B2-4CE3-AE44-CB221002B93A} = {827E0CD3-B72D-47B6-A68D-7590B98EB39B}
		{864B9CD0-2A7A-4D0F-90A3-0E50875FD0D4} = {827E0CD3-B72D-47B6-A68D-7590B98EB39B}
		{C0ECDA37-704B-4924-B80D-A51E623D66D1} = {827E0CD3-B72D-47B6-A68D-7590B98EB39B}
		{5A763381-CCF8-491D-9531-87109C369A18} = {827E0CD3-B72D-47B6-A68D-7590B98EB39B}
		{FFAF280D-E99D-41C1-9D8F-06E7D8AB8153} = {827E0CD3-B72D-47B6-A68D-7590B98EB39B}
		{D6EAAC6B-96B4-40F9-9E30-8DB94B73C141} = {827E0CD3-B72D-47B6-A68D-7590B98EB39B}
		{EE01CFC6-9E19-4A8F-AAB4-B46C53BD5821} = {827E0CD3-B72D-47B6-A68D-7590B98EB39B}
		{836EE053-0152-4B1C-8A04-76A2CDB81A32} = {827E0CD3-B72D-47B6-A68D-7590B98EB39B}
		{21D0AF33-6FF7-4FC1-A878-DA928D5E9FCE} = {827E0CD3-B72D-47B6-A68D-7590B98EB39B}
		{034FE714-8A38-4381-B32D-A7017BCF3B14} = {827E0CD3-B72D-47B6-A68D-7590B98EB39B}
		{3851B2EB-E8E8-4761-BE54-5F5ABC7225DF} = {827E0CD3-B72D-47B6-A68D-7590B98EB39B}
		{8E16B4A3-72EE-4E62-A0B2-DCCA0A0F7C71} = {827E0CD3-B72D-47B6-A68D-7590B98EB39B}
		{94E155F1-0ABF-441D-A2AD-F2842AB35ED7} = {827E0CD3-B72D-47B6-A68D-7590B98EB39B}
		{AB852D4F-81D6-4D1D-B526-99281ED37E6F} = {827E0CD3-B72D-47B6-A68D-7590B98EB39B}
		{1139E992-2331-4535-A23B-0D1B38BBFA9A} = {827E0CD3-B72D-47B6-A68D-7590B98EB39B}
		{A1715981-DC36-4267-B880-3CD31FACDAAF} = {827E0CD3-B72D-47B6-A68D-7590B98EB39B}
		{36EDAFA6-F003-4CFA-ACCA-E2632909B0D8} = {827E0CD3-B72D-47B6-A68D-7590B98EB39B}
		{856EC61D-FCE4-4CF1-A818-BA2EA31764C2} = {827E0CD3-B72D-47B6-A68D-7590B98EB39B}
		{668D6E2D-3BA2-4FE5-AEE6-D14C8013756D} = {827E0CD3-B72D-47B6-A68D-7590B98EB39B}
		{6814CB1F-CA1A-4F90-BB33-391E53BF79B2} = {827E0CD3-B72D-47B6-A68D-7590B98EB39B}
		{728DC4CA-805C-429D-85FF-9B6ADE35F89A} = {827E0CD3-B72D-47B6-A68D-7590B98EB39B}
		{ECB1D1AC-9485-4C15-BF75-6BC8F3A4141B} = {827E0CD3-B72D-47B6-A68D-7590B98EB39B}
		{6B432D76-8741-4E2C-BEC4-5AE3655FAE3E} = {827E0CD3-B72D-47B6-A68D-7590B98EB39B}
		{E383F074-EF69-4D1C-827A-26DB78CF67B1} = {827E0CD3-B72D-47B6-A68D-7590B98EB39B}
		{D37363A3-FFCE-FDD9-FC42-0CEA20DAC207} = {0AB3BF05-4346-4AA6-1389-037BE0695223}
		{8B5F0EFC-1E1C-4CFD-A3A8-A896938F3C59} = {D37363A3-FFCE-FDD9-FC42-0CEA20DAC207}
		{6C73E6AB-D704-A97F-1BED-3C67E832B020} = {0AB3BF05-4346-4AA6-1389-037BE0695223}
		{968C5D89-1BEB-49D7-8D39-1C6DD890E810} = {6C73E6AB-D704-A97F-1BED-3C67E832B020}
		{30785934-E017-5D9F-2777-3D61460A5281} = {0AB3BF05-4346-4AA6-1389-037BE0695223}
		{D75E82F8-3038-4620-9871-856539DDAB5D} = {30785934-E017-5D9F-2777-3D61460A5281}
		{4D754EEC-E5B1-45C4-B67A-882CDA1F7E8B} = {30785934-E017-5D9F-2777-3D61460A5281}
		{C6FA4BE5-C47A-4B9F-9F50-F3C80B9A03E0} = {30785934-E017-5D9F-2777-3D61460A5281}
		{006B0E8C-FA16-48CB-9822-C2C8FCF06114} = {30785934-E017-5D9F-2777-3D61460A5281}
		{3F7616EB-A9F7-4C01-AB08-76B60ED2F815} = {30785934-E017-5D9F-2777-3D61460A5281}
		{A3DF3898-48FE-D878-5945-0BBBF2AD8617} = {30785934-E017-5D9F-2777-3D61460A5281}
		{02EB9D65-E91E-43B4-8A0E-C518469BA1E8} = {A3DF3898-48FE-D878-5945-0BBBF2AD8617}
		{04163ED6-8D3B-56F2-9574-D0988CB648C6} = {30785934-E017-5D9F-2777-3D61460A5281}
		{29B4B8E8-70B1-4C5A-B747-0F00BA60D801} = {04163ED6-8D3B-56F2-9574-D0988CB648C6}
		{84E94F0D-A506-497E-9F1F-59AFBFFBB457} = {30785934-E017-5D9F-2777-3D61460A5281}
		{9AA54E72-1FFB-491E-ADB6-A0CA6996C0EC} = {30785934-E017-5D9F-2777-3D61460A5281}
		{394A81D9-3C45-9818-BB26-23F2B85056FF} = {0AB3BF05-4346-4AA6-1389-037BE0695223}
		{66319178-A4B2-5719-EF5A-879B9046B690} = {394A81D9-3C45-9818-BB26-23F2B85056FF}
		{BAB985C7-17E9-4B67-BAC3-E928E2B3732A} = {66319178-A4B2-5719-EF5A-879B9046B690}
		{8DBB3CCC-FC0D-410F-8CF2-022305AC3263} = {394A81D9-3C45-9818-BB26-23F2B85056FF}
		{306A22F8-6D8C-4C83-B37A-3CFAEA0397B6} = {394A81D9-3C45-9818-BB26-23F2B85056FF}
		{005EFC0B-32EF-5B7C-1F39-A76BD9A89E34} = {827E0CD3-B72D-47B6-A68D-7590B98EB39B}
		{46930669-E66E-4A03-BD21-435AE6B31F31} = {005EFC0B-32EF-5B7C-1F39-A76BD9A89E34}
		{2DF51929-66A1-651D-8EF3-B92A1CDF3ABF} = {394A81D9-3C45-9818-BB26-23F2B85056FF}
		{281E1D5E-F196-4D82-A555-256C1375AD0A} = {2DF51929-66A1-651D-8EF3-B92A1CDF3ABF}
	EndGlobalSection
EndGlobal

