
Microsoft Visual Studio Solution File, Format Version 12.00
# Visual Studio Version 17
VisualStudioVersion = 17.0.31903.59
MinimumVisualStudioVersion = 10.0.40219.1
Project("{2150E333-8FDC-42A3-9474-1A3956D46DE8}") = "Src", "Src", "{827E0CD3-B72D-47B6-A68D-7590B98EB39B}"
EndProject
Project("{2150E333-8FDC-42A3-9474-1A3956D46DE8}") = "Tests", "Tests", "{0AB3BF05-4346-4AA6-1389-037BE0695223}"
EndProject
Project("{2150E333-8FDC-42A3-9474-1A3956D46DE8}") = "UnitTests", "UnitTests", "{30785934-E017-5D9F-2777-3D61460A5281}"
EndProject
Project("{2150E333-8FDC-42A3-9474-1A3956D46DE8}") = "IntegrationTests", "IntegrationTests", "{D37363A3-FFCE-FDD9-FC42-0CEA20DAC207}"
EndProject
Project("{2150E333-8FDC-42A3-9474-1A3956D46DE8}") = "Benchmarks", "Benchmarks", "{6C73E6AB-D704-A97F-1BED-3C67E832B020}"
EndProject
Project("{2150E333-8FDC-42A3-9474-1A3956D46DE8}") = "Aot", "Aot", "{394A81D9-3C45-9818-BB26-23F2B85056FF}"
EndProject
Project("{2150E333-8FDC-42A3-9474-1A3956D46DE8}") = "Auth", "Auth", "{51820AB8-ED43-460D-AFEA-5BD49633A062}"
EndProject
Project("{2150E333-8FDC-42A3-9474-1A3956D46DE8}") = "Caching", "Caching", "{2F9BC4BC-F228-461C-9AB3-0BCA9D5BBCB3}"
EndProject
Project("{2150E333-8FDC-42A3-9474-1A3956D46DE8}") = "CQRS", "CQRS", "{E852083F-84E7-43AC-A790-688560D92C2D}"
EndProject
Project("{2150E333-8FDC-42A3-9474-1A3956D46DE8}") = "DataProtection", "DataProtection", "{19159225-1355-4880-8391-37920B9D3B76}"
EndProject
Project("{2150E333-8FDC-42A3-9474-1A3956D46DE8}") = "EndpointKit", "EndpointKit", "{D1036468-EAE7-4D3F-B835-F898ADA08C3A}"
EndProject
Project("{2150E333-8FDC-42A3-9474-1A3956D46DE8}") = "ExceptionHandling", "ExceptionHandling", "{12576206-95F9-472F-B1F8-4E7D95B70B84}"
EndProject
Project("{2150E333-8FDC-42A3-9474-1A3956D46DE8}") = "Logging", "Logging", "{62EEFB06-18E3-4C11-BD13-F762EBAFA2DA}"
EndProject
Project("{2150E333-8FDC-42A3-9474-1A3956D46DE8}") = "Mapping", "Mapping", "{D471A59D-A2D8-4A6C-8B2C-6332C5CCADEE}"
EndProject
Project("{2150E333-8FDC-42A3-9474-1A3956D46DE8}") = "Mediator", "Mediator", "{32611170-D42D-4108-8F00-B02584085584}"
EndProject
Project("{2150E333-8FDC-42A3-9474-1A3956D46DE8}") = "RabbitMQ", "RabbitMQ", "{BCE28F04-D1BB-4347-A032-D6F87FD6C86F}"
EndProject
Project("{2150E333-8FDC-42A3-9474-1A3956D46DE8}") = "Repositories", "Repositories", "{391BAFCA-D83E-42A5-A26F-9ADF7D4A14DD}"
EndProject
Project("{2150E333-8FDC-42A3-9474-1A3956D46DE8}") = "Swagger", "Swagger", "{E2436399-A4FD-495F-AA41-DDC1B62110FA}"
EndProject
Project("{2150E333-8FDC-42A3-9474-1A3956D46DE8}") = "Validation", "Validation", "{E8B0D8BE-14D6-4D45-9A73-90FF1D798C0F}"
EndProject
Project("{2150E333-8FDC-42A3-9474-1A3956D46DE8}") = "Logging", "Logging", "{F0792612-F7D7-42C2-B86D-82913FF0BEA3}"
EndProject
Project("{2150E333-8FDC-42A3-9474-1A3956D46DE8}") = "Mediator", "Mediator", "{EF53FF64-D5C4-4394-8742-6F031B5FAC3A}"
EndProject
Project("{2150E333-8FDC-42A3-9474-1A3956D46DE8}") = "Repositories", "Repositories", "{C2E7013A-2A1A-4751-B3BC-D52311E77947}"
EndProject
Project("{2150E333-8FDC-42A3-9474-1A3956D46DE8}") = "Validation", "Validation", "{69E0C404-BD2D-4AFD-8AAC-B40431A91208}"
EndProject
Project("{FAE04EC0-301F-11D3-BF4B-00C04F79EFBC}") = "KyrolusSous.OpenIddictAuth", "Src\Auth\KyrolusSous.OpenIddictAuth\KyrolusSous.OpenIddictAuth.csproj", "{E4622453-219C-4598-A603-41B43404F1BA}"
EndProject
Project("{FAE04EC0-301F-11D3-BF4B-00C04F79EFBC}") = "KyrolusSous.Caching.Abstractions", "Src\Caching\KyrolusSous.Caching.Abstractions\KyrolusSous.Caching.Abstractions.csproj", "{2BFAF97A-8E97-48D3-A2C8-E62C32DACA32}"
EndProject
Project("{FAE04EC0-301F-11D3-BF4B-00C04F79EFBC}") = "KyrolusSous.Caching.Redis", "Src\Caching\KyrolusSous.Caching.Redis\KyrolusSous.Caching.Redis.csproj", "{385680D7-53DA-4EC7-8AE3-AD497D111370}"
EndProject
Project("{FAE04EC0-301F-11D3-BF4B-00C04F79EFBC}") = "KyrolusSous.CQRS.Abstractions", "Src\CQRS\KyrolusSous.CQRS.Abstractions\KyrolusSous.CQRS.Abstractions.csproj", "{BFBB35EE-746A-4447-8A2D-52C5AA26A958}"
EndProject
Project("{FAE04EC0-301F-11D3-BF4B-00C04F79EFBC}") = "KyrolusSous.CQRS.Caching", "Src\CQRS\KyrolusSous.CQRS.Caching\KyrolusSous.CQRS.Caching.csproj", "{13061156-BF5C-463D-8939-CF52D44A5BAD}"
EndProject
Project("{FAE04EC0-301F-11D3-BF4B-00C04F79EFBC}") = "KyrolusSous.CQRS.EF", "Src\CQRS\KyrolusSous.CQRS.EF\KyrolusSous.CQRS.EF.csproj", "{4E28677A-37ED-4A0B-A3B6-8F2B745A2ED6}"
EndProject
Project("{FAE04EC0-301F-11D3-BF4B-00C04F79EFBC}") = "KyrolusSous.CQRS.ExceptionHandling", "Src\CQRS\KyrolusSous.CQRS.ExceptionHandling\KyrolusSous.CQRS.ExceptionHandling.csproj", "{23A950F3-A308-4201-91AD-4BDD8683DF4A}"
EndProject
Project("{FAE04EC0-301F-11D3-BF4B-00C04F79EFBC}") = "KyrolusSous.CQRS.Mapping", "Src\CQRS\KyrolusSous.CQRS.Mapping\KyrolusSous.CQRS.Mapping.csproj", "{6F164FD0-0F9A-43E2-AE16-6620C035610C}"
EndProject
Project("{FAE04EC0-301F-11D3-BF4B-00C04F79EFBC}") = "KyrolusSous.CQRS.Marten", "Src\CQRS\KyrolusSous.CQRS.Marten\KyrolusSous.CQRS.Marten.csproj", "{9090F917-330C-4C8A-9877-AE911EA4ADB5}"
EndProject
Project("{FAE04EC0-301F-11D3-BF4B-00C04F79EFBC}") = "KyrolusSous.CQRS.Validation", "Src\CQRS\KyrolusSous.CQRS.Validation\KyrolusSous.CQRS.Validation.csproj", "{5ED65454-01CA-4E72-AC30-11DD6A72C0AE}"
EndProject
Project("{FAE04EC0-301F-11D3-BF4B-00C04F79EFBC}") = "KyrolusSous.DataProtection.Abstractions", "Src\DataProtection\KyrolusSous.DataProtection.Abstractions\KyrolusSous.DataProtection.Abstractions.csproj", "{79FA2F48-C19F-4FE5-97FD-FBA6A9E4FCB7}"
EndProject
Project("{FAE04EC0-301F-11D3-BF4B-00C04F79EFBC}") = "KyrolusSous.DataProtection.AwsKms", "Src\DataProtection\KyrolusSous.DataProtection.AwsKms\KyrolusSous.DataProtection.AwsKms.csproj", "{3ED0EEA1-EBBD-4276-802A-FE406937F6BD}"
EndProject
Project("{FAE04EC0-301F-11D3-BF4B-00C04F79EFBC}") = "KyrolusSous.DataProtection.AzureKeyVault", "Src\DataProtection\KyrolusSous.DataProtection.AzureKeyVault\KyrolusSous.DataProtection.AzureKeyVault.csproj", "{C230ABF5-C2EF-49A7-BACB-2EEFB0D42E88}"
EndProject
Project("{FAE04EC0-301F-11D3-BF4B-00C04F79EFBC}") = "KyrolusSous.DataProtection.AzureStorage", "Src\DataProtection\KyrolusSous.DataProtection.AzureStorage\KyrolusSous.DataProtection.AzureStorage.csproj", "{138D8C4C-CDA2-441E-85E1-D4B7694D9993}"
EndProject
Project("{FAE04EC0-301F-11D3-BF4B-00C04F79EFBC}") = "KyrolusSous.DataProtection.Cli", "Src\DataProtection\KyrolusSous.DataProtection.Cli\KyrolusSous.DataProtection.Cli.csproj", "{102EE603-84BE-43E8-A749-7AC2115668AB}"
EndProject
Project("{FAE04EC0-301F-11D3-BF4B-00C04F79EFBC}") = "KyrolusSous.DataProtection.CustomXml", "Src\DataProtection\KyrolusSous.DataProtection.CustomXml\KyrolusSous.DataProtection.CustomXml.csproj", "{F96188CB-3917-43D1-BB73-3AFD71128BB4}"
EndProject
Project("{FAE04EC0-301F-11D3-BF4B-00C04F79EFBC}") = "KyrolusSous.DataProtection.EntityFramework", "Src\DataProtection\KyrolusSous.DataProtection.EntityFramework\KyrolusSous.DataProtection.EntityFramework.csproj", "{0FDA93E3-709D-481D-A21F-9E0FA7203873}"
EndProject
Project("{FAE04EC0-301F-11D3-BF4B-00C04F79EFBC}") = "KyrolusSous.DataProtection.Ephemeral", "Src\DataProtection\KyrolusSous.DataProtection.Ephemeral\KyrolusSous.DataProtection.Ephemeral.csproj", "{CD45A6C0-D07D-42DE-A7E1-E7DD3927F537}"
EndProject
Project("{FAE04EC0-301F-11D3-BF4B-00C04F79EFBC}") = "KyrolusSous.DataProtection.FileSystem", "Src\DataProtection\KyrolusSous.DataProtection.FileSystem\KyrolusSous.DataProtection.FileSystem.csproj", "{10B6337E-3F5E-4E76-BBB7-B9CF6F9AD0E7}"
EndProject
Project("{FAE04EC0-301F-11D3-BF4B-00C04F79EFBC}") = "KyrolusSous.DataProtection.GoogleKms", "Src\DataProtection\KyrolusSous.DataProtection.GoogleKms\KyrolusSous.DataProtection.GoogleKms.csproj", "{63586898-F577-4F98-83BA-CC0453E8035D}"
EndProject
Project("{FAE04EC0-301F-11D3-BF4B-00C04F79EFBC}") = "KyrolusSous.DataProtection.Marten", "Src\DataProtection\KyrolusSous.DataProtection.Marten\KyrolusSous.DataProtection.Marten.csproj", "{147A2072-6CB3-4CE6-8120-BFF83CB58501}"
EndProject
Project("{FAE04EC0-301F-11D3-BF4B-00C04F79EFBC}") = "KyrolusSous.DataProtection.Redis", "Src\DataProtection\KyrolusSous.DataProtection.Redis\KyrolusSous.DataProtection.Redis.csproj", "{743717D2-1795-47A7-9F19-A5AB4A94F322}"
EndProject
Project("{FAE04EC0-301F-11D3-BF4B-00C04F79EFBC}") = "KyrolusSous.DataProtection.Runtime", "Src\DataProtection\KyrolusSous.DataProtection.Runtime\KyrolusSous.DataProtection.Runtime.csproj", "{919B9106-8A69-4556-888E-4D077A1752F3}"
EndProject
Project("{FAE04EC0-301F-11D3-BF4B-00C04F79EFBC}") = "KyrolusSous.EndpointKit.Core", "Src\EndpointKit\KyrolusSous.EndpointKit.Core\KyrolusSous.EndpointKit.Core.csproj", "{E4477F8D-2D19-4A87-A1F7-0970973209E5}"
EndProject
Project("{FAE04EC0-301F-11D3-BF4B-00C04F79EFBC}") = "KyrolusSous.EndpointKit.EF", "Src\EndpointKit\KyrolusSous.EndpointKit.EF\KyrolusSous.EndpointKit.EF.csproj", "{D7717A27-7A97-4D9F-9F4F-7B1B2CD5F852}"
EndProject
Project("{FAE04EC0-301F-11D3-BF4B-00C04F79EFBC}") = "KyrolusSous.EndpointKit.Generator", "Src\EndpointKit\KyrolusSous.EndpointKit.Generator\KyrolusSous.EndpointKit.Generator.csproj", "{D1D834D2-36DD-4E7C-99C6-3F9FED748E9F}"
EndProject
Project("{FAE04EC0-301F-11D3-BF4B-00C04F79EFBC}") = "KyrolusSous.EndpointKit.Marten", "Src\EndpointKit\KyrolusSous.EndpointKit.Marten\KyrolusSous.EndpointKit.Marten.csproj", "{1C15EF87-0316-4558-BD2A-904FBD6B260A}"
EndProject
Project("{FAE04EC0-301F-11D3-BF4B-00C04F79EFBC}") = "KyrolusSous.ExceptionHandling", "Src\ExceptionHandling\KyrolusSous.ExceptionHandling\KyrolusSous.ExceptionHandling.csproj", "{EB3FBBA7-A3C4-4A97-B669-D79BBA4DCC2B}"
EndProject
Project("{FAE04EC0-301F-11D3-BF4B-00C04F79EFBC}") = "KyrolusSous.ExceptionHandling.Abstractions", "Src\ExceptionHandling\KyrolusSous.ExceptionHandling.Abstractions\KyrolusSous.ExceptionHandling.Abstractions.csproj", "{E298D61E-920A-4A49-8F8A-46FE6619ADB4}"
EndProject
Project("{FAE04EC0-301F-11D3-BF4B-00C04F79EFBC}") = "KyrolusSous.ExceptionHandling.EntityFramework", "Src\ExceptionHandling\KyrolusSous.ExceptionHandling.EntityFramework\KyrolusSous.ExceptionHandling.EntityFramework.csproj", "{06FACA39-D4F4-445B-A8A7-4F11374CB00E}"
EndProject
Project("{FAE04EC0-301F-11D3-BF4B-00C04F79EFBC}") = "KyrolusSous.ExceptionHandling.FluentValidation", "Src\ExceptionHandling\KyrolusSous.ExceptionHandling.FluentValidation\KyrolusSous.ExceptionHandling.FluentValidation.csproj", "{03E0D080-EF93-413D-82AC-EBFBFAFE15DC}"
EndProject
Project("{FAE04EC0-301F-11D3-BF4B-00C04F79EFBC}") = "KyrolusSous.ExceptionHandling.ProblemDetails", "Src\ExceptionHandling\KyrolusSous.ExceptionHandling.ProblemDetails\KyrolusSous.ExceptionHandling.ProblemDetails.csproj", "{2BC10793-842E-43E8-AF13-B021CC53F098}"
EndProject
Project("{FAE04EC0-301F-11D3-BF4B-00C04F79EFBC}") = "KyrolusSous.ExceptionHandling.Redis", "Src\ExceptionHandling\KyrolusSous.ExceptionHandling.Redis\KyrolusSous.ExceptionHandling.Redis.csproj", "{9B99355B-F4DE-4FE7-95BA-AAB7282A1A4F}"
EndProject
Project("{FAE04EC0-301F-11D3-BF4B-00C04F79EFBC}") = "KyrolusSous.Logging.Abstractions", "Src\Logging\KyrolusSous.Logging.Abstractions\KyrolusSous.Logging.Abstractions.csproj", "{AB0FD237-C36C-46A4-9E96-2503AFC05F25}"
EndProject
Project("{FAE04EC0-301F-11D3-BF4B-00C04F79EFBC}") = "KyrolusSous.Logging.Runtime", "Src\Logging\KyrolusSous.Logging.Runtime\KyrolusSous.Logging.Runtime.csproj", "{FCAF049E-221F-462B-96A2-E05360E8F194}"
EndProject
Project("{FAE04EC0-301F-11D3-BF4B-00C04F79EFBC}") = "KyrolusSous.Logging.Serilog", "Src\Logging\KyrolusSous.Logging.Serilog\KyrolusSous.Logging.Serilog.csproj", "{658764E7-693D-4A5A-85A1-88203FBE95F1}"
EndProject
Project("{FAE04EC0-301F-11D3-BF4B-00C04F79EFBC}") = "KyrolusSous.Mapping.Abstractions", "Src\Mapping\KyrolusSous.Mapping.Abstractions\KyrolusSous.Mapping.Abstractions.csproj", "{D777728B-CEB6-4B6E-9401-EA97A0ACDF5D}"
EndProject
Project("{FAE04EC0-301F-11D3-BF4B-00C04F79EFBC}") = "KyrolusSous.Mapping.Mapster", "Src\Mapping\KyrolusSous.Mapping.Mapster\KyrolusSous.Mapping.Mapster.csproj", "{DCE867BC-0D44-4468-A7F0-6DDADE28B9DD}"
EndProject
Project("{FAE04EC0-301F-11D3-BF4B-00C04F79EFBC}") = "KyrolusSous.Mediator.Abstractions", "Src\Mediator\KyrolusSous.Mediator.Abstractions\KyrolusSous.Mediator.Abstractions.csproj", "{3A526D70-1ED5-4C8E-98E1-667DB5CEAF4E}"
EndProject
Project("{FAE04EC0-301F-11D3-BF4B-00C04F79EFBC}") = "KyrolusSous.Mediator.Generator", "Src\Mediator\KyrolusSous.Mediator.Generator\KyrolusSous.Mediator.Generator.csproj", "{414BEF05-866A-44C2-BDDC-DFC9425B7E8C}"
EndProject
Project("{FAE04EC0-301F-11D3-BF4B-00C04F79EFBC}") = "KyrolusSous.Mediator.Reflection", "Src\Mediator\KyrolusSous.Mediator.Reflection\KyrolusSous.Mediator.Reflection.csproj", "{B930AD36-E660-4492-82B8-7C0F66500C82}"
EndProject
Project("{FAE04EC0-301F-11D3-BF4B-00C04F79EFBC}") = "KyrolusSous.Mediator.Runtime", "Src\Mediator\KyrolusSous.Mediator.Runtime\KyrolusSous.Mediator.Runtime.csproj", "{33EC8DAA-D6F0-445A-AF57-CB5EA88A28D4}"
EndProject
Project("{FAE04EC0-301F-11D3-BF4B-00C04F79EFBC}") = "KyrolusSous.IRabbitMQUtilsInterfaces", "Src\RabbitMQ\KyrolusSous.IRabbitMQUtilsInterfaces\KyrolusSous.IRabbitMQUtilsInterfaces.csproj", "{821CAD21-1560-4E72-8F22-9E46D05426CC}"
EndProject
Project("{FAE04EC0-301F-11D3-BF4B-00C04F79EFBC}") = "KyrolusSous.RabbitMQUtils", "Src\RabbitMQ\KyrolusSous.RabbitMQUtils\KyrolusSous.RabbitMQUtils.csproj", "{1E6C556D-9F6F-4208-98C6-39AF3E45CBDC}"
EndProject
Project("{FAE04EC0-301F-11D3-BF4B-00C04F79EFBC}") = "KyrolusSous.Repositories.EF.Abstractions", "Src\Repositories\KyrolusSous.Repositories.EF.Abstractions\KyrolusSous.Repositories.EF.Abstractions.csproj", "{126F15D9-009C-4CD5-87F7-7645DDBEE9D6}"
EndProject
Project("{FAE04EC0-301F-11D3-BF4B-00C04F79EFBC}") = "KyrolusSous.Repositories.EF.Cache.Distributed", "Src\Repositories\KyrolusSous.Repositories.EF.Cache.Distributed\KyrolusSous.Repositories.EF.Cache.Distributed.csproj", "{37C01591-F839-4B40-B9E2-58CD5420DFA9}"
EndProject
Project("{FAE04EC0-301F-11D3-BF4B-00C04F79EFBC}") = "KyrolusSous.Repositories.EF.Generator", "Src\Repositories\KyrolusSous.Repositories.EF.Generator\KyrolusSous.Repositories.EF.Generator.csproj", "{BB730406-E252-4B2A-8CA7-082CAB187716}"
EndProject
Project("{FAE04EC0-301F-11D3-BF4B-00C04F79EFBC}") = "KyrolusSous.Repositories.EF.Runtime", "Src\Repositories\KyrolusSous.Repositories.EF.Runtime\KyrolusSous.Repositories.EF.Runtime.csproj", "{74273826-093D-46EA-90C5-5B7005892762}"
EndProject
Project("{FAE04EC0-301F-11D3-BF4B-00C04F79EFBC}") = "KyrolusSous.Repositories.Marten.Abstractions", "Src\Repositories\KyrolusSous.Repositories.Marten.Abstractions\KyrolusSous.Repositories.Marten.Abstractions.csproj", "{65FD3061-0EFD-4516-99F6-4DB5F883083C}"
EndProject
Project("{FAE04EC0-301F-11D3-BF4B-00C04F79EFBC}") = "KyrolusSous.Repositories.Marten.Generator", "Src\Repositories\KyrolusSous.Repositories.Marten.Generator\KyrolusSous.Repositories.Marten.Generator.csproj", "{C5E9103D-92D6-493B-9B79-A0603AA2333F}"
EndProject
Project("{FAE04EC0-301F-11D3-BF4B-00C04F79EFBC}") = "KyrolusSous.Repositories.Marten.Runtime", "Src\Repositories\KyrolusSous.Repositories.Marten.Runtime\KyrolusSous.Repositories.Marten.Runtime.csproj", "{7C775D18-7656-408A-81AF-BAE2A5C1E303}"
EndProject
Project("{FAE04EC0-301F-11D3-BF4B-00C04F79EFBC}") = "KyrolusSous.Swagger", "Src\Swagger\KyrolusSous.Swagger\KyrolusSous.Swagger.csproj", "{E1B27A4A-017B-4EB4-828D-AF62900569FF}"
EndProject
Project("{FAE04EC0-301F-11D3-BF4B-00C04F79EFBC}") = "KyrolusSous.Validation.Abstractions", "Src\Validation\KyrolusSous.Validation.Abstractions\KyrolusSous.Validation.Abstractions.csproj", "{D4F23664-627D-4DDC-B731-CB44AA9DE4FC}"
EndProject
Project("{FAE04EC0-301F-11D3-BF4B-00C04F79EFBC}") = "KyrolusSous.Validation.DataAnnotations", "Src\Validation\KyrolusSous.Validation.DataAnnotations\KyrolusSous.Validation.DataAnnotations.csproj", "{67295D6D-7E4A-4506-9FE4-1CC67AB86D84}"
EndProject
Project("{FAE04EC0-301F-11D3-BF4B-00C04F79EFBC}") = "KyrolusSous.Validation.Fluent", "Src\Validation\KyrolusSous.Validation.Fluent\KyrolusSous.Validation.Fluent.csproj", "{B8227BE4-5DA3-4973-BECD-61F34977913D}"
EndProject
Project("{FAE04EC0-301F-11D3-BF4B-00C04F79EFBC}") = "KyrolusSous.Validation.FluentValidation", "Src\Validation\KyrolusSous.Validation.FluentValidation\KyrolusSous.Validation.FluentValidation.csproj", "{3ED05B5F-0548-4DF3-BE42-137856EE5078}"
EndProject
Project("{FAE04EC0-301F-11D3-BF4B-00C04F79EFBC}") = "KyrolusSous.Validation.FluentValidation.Scanning", "Src\Validation\KyrolusSous.Validation.FluentValidation.Scanning\KyrolusSous.Validation.FluentValidation.Scanning.csproj", "{308A388D-92C2-44DC-912F-0032B13CB2C2}"
EndProject
Project("{FAE04EC0-301F-11D3-BF4B-00C04F79EFBC}") = "KyrolusSous.Validation.Generator", "Src\Validation\KyrolusSous.Validation.Generator\KyrolusSous.Validation.Generator.csproj", "{B299702B-2DFC-4D6F-96F3-BE82CF360BBE}"
EndProject
Project("{FAE04EC0-301F-11D3-BF4B-00C04F79EFBC}") = "KyrolusSous.Validation.Runtime", "Src\Validation\KyrolusSous.Validation.Runtime\KyrolusSous.Validation.Runtime.csproj", "{F8A5D7C4-C727-40E0-BD4F-687EB0D7F6D4}"
EndProject
Project("{FAE04EC0-301F-11D3-BF4B-00C04F79EFBC}") = "KyrolusSous.Mediator.Aot", "Tests\Aot\KyrolusSous.Mediator.Aot\KyrolusSous.Mediator.Aot.csproj", "{7696BF51-1C31-4DA2-9001-D46E43133AC0}"
EndProject
Project("{FAE04EC0-301F-11D3-BF4B-00C04F79EFBC}") = "KyrolusSous.Caching.Benchmarks", "Tests\Benchmarks\KyrolusSous.Caching.Benchmarks\KyrolusSous.Caching.Benchmarks.csproj", "{B3D83937-D6E4-4BFE-9E36-C42F0C9709B5}"
EndProject
Project("{FAE04EC0-301F-11D3-BF4B-00C04F79EFBC}") = "KyrolusSous.Logging.TestApp", "Tests\IntegrationTests\KyrolusSous.Logging.TestApp\KyrolusSous.Logging.TestApp.csproj", "{65780152-C151-4699-A7D1-364618573407}"
EndProject
Project("{FAE04EC0-301F-11D3-BF4B-00C04F79EFBC}") = "KyrolusSous.Marten.Runtime.FullPipeline.IntegrationTests", "Tests\IntegrationTests\KyrolusSous.Marten.Runtime.FullPipeline.IntegrationTests\KyrolusSous.Marten.Runtime.FullPipeline.IntegrationTests.csproj", "{B0CBD3D5-9644-4C84-B070-F934209BC6C2}"
EndProject
Project("{FAE04EC0-301F-11D3-BF4B-00C04F79EFBC}") = "KyrolusSous.Marten.Runtime.FullPipeline.TestApp", "Tests\IntegrationTests\KyrolusSous.Marten.Runtime.FullPipeline.TestApp\KyrolusSous.Marten.Runtime.FullPipeline.TestApp.csproj", "{7505B477-DD2B-4552-AAB2-0EFB4CDAA3F1}"
EndProject
Project("{FAE04EC0-301F-11D3-BF4B-00C04F79EFBC}") = "KyrolusSous.Repositories.EF.Generator.IntegrationTests", "Tests\IntegrationTests\KyrolusSous.Repositories.EF.Generator.IntegrationTests\KyrolusSous.Repositories.EF.Generator.IntegrationTests.csproj", "{3CF56046-86A4-4576-B30E-57E71AD6CC96}"
EndProject
Project("{FAE04EC0-301F-11D3-BF4B-00C04F79EFBC}") = "KyrolusSous.Repositories.EF.Generator.TestApp", "Tests\IntegrationTests\KyrolusSous.Repositories.EF.Generator.TestApp\KyrolusSous.Repositories.EF.Generator.TestApp.csproj", "{94B5AACB-62AC-4769-AAFB-4FB38424D931}"
EndProject
Project("{FAE04EC0-301F-11D3-BF4B-00C04F79EFBC}") = "KyrolusSous.Repositories.EF.Runtime.IntegrationTests.postgressql", "Tests\IntegrationTests\KyrolusSous.Repositories.EF.Runtime.IntegrationTests.postgresql\KyrolusSous.Repositories.EF.Runtime.IntegrationTests.postgressql.csproj", "{C25FBA12-3294-4861-8C79-6A1C3C3FE5C6}"
EndProject
Project("{FAE04EC0-301F-11D3-BF4B-00C04F79EFBC}") = "TestApp.postgresql", "Tests\IntegrationTests\KyrolusSous.Repositories.EF.Runtime.TestApp.postgresql\TestApp.postgresql.csproj", "{FAD93012-C1C4-472B-A078-7EA60AE2DB35}"
EndProject
Project("{FAE04EC0-301F-11D3-BF4B-00C04F79EFBC}") = "KyrolusSous.Swagger.IntegrationTests", "Tests\IntegrationTests\KyrolusSous.Swagger.IntegrationTests\KyrolusSous.Swagger.IntegrationTests.csproj", "{28914130-0389-4888-81A1-9FC221F6255D}"
EndProject
Project("{FAE04EC0-301F-11D3-BF4B-00C04F79EFBC}") = "KyrolusSous.Swagger.TestApp", "Tests\IntegrationTests\KyrolusSous.Swagger.TestApp\KyrolusSous.Swagger.TestApp.csproj", "{6AAD63C2-A812-4179-AC1F-D2229344A9E2}"
EndProject
Project("{FAE04EC0-301F-11D3-BF4B-00C04F79EFBC}") = "KyrolusSous.Logging.Tests", "Tests\UnitTests\Logging\KyrolusSous.Logging.UnitTests\KyrolusSous.Logging.Tests.csproj", "{A1CF9F1C-DF71-4193-B9F2-436277A3C7FA}"
EndProject
Project("{FAE04EC0-301F-11D3-BF4B-00C04F79EFBC}") = "KyrolusSous.Mediator.Generator.UnitTests", "Tests\UnitTests\Mediator\KyrolusSous.Mediator.Generator.UnitTests\KyrolusSous.Mediator.Generator.UnitTests.csproj", "{142091BA-7D8F-4383-9188-E4742528FFE7}"
EndProject
Project("{FAE04EC0-301F-11D3-BF4B-00C04F79EFBC}") = "KyrolusSous.Mediator.Reflection.UnitTests", "Tests\UnitTests\Mediator\KyrolusSous.Mediator.Reflection.UnitTests\KyrolusSous.Mediator.Reflection.UnitTests.csproj", "{D7609D34-67BF-46AE-9050-8CF1A9898010}"
EndProject
Project("{FAE04EC0-301F-11D3-BF4B-00C04F79EFBC}") = "KyrolusSous.Mediator.Runtime.UnitTests", "Tests\UnitTests\Mediator\KyrolusSous.Mediator.Runtime.UnitTests\KyrolusSous.Mediator.Runtime.UnitTests.csproj", "{C419EF84-424A-4884-8909-D501EBD41C1A}"
EndProject
Project("{FAE04EC0-301F-11D3-BF4B-00C04F79EFBC}") = "KyrolusSous.Repositories.EF.Generator.UnitTests", "Tests\UnitTests\Repositories\KyrolusSous.Repositories.EF.Generator.UnitTests\KyrolusSous.Repositories.EF.Generator.UnitTests.csproj", "{4471A6BE-8017-4E0E-A446-AE02F3BCED62}"
EndProject
Project("{FAE04EC0-301F-11D3-BF4B-00C04F79EFBC}") = "KyrolusSous.Repositories.EF.Runtime.UnitTests", "Tests\UnitTests\Repositories\KyrolusSous.Repositories.EF.Runtime.UnitTests\KyrolusSous.Repositories.EF.Runtime.UnitTests.csproj", "{81502E46-262D-4C6F-BD84-5460D947409E}"
EndProject
Project("{FAE04EC0-301F-11D3-BF4B-00C04F79EFBC}") = "KyrolusSous.Validation.Fluent.UnitTests", "Tests\UnitTests\Validation\KyrolusSous.Validation.Fluent.UnitTests\KyrolusSous.Validation.Fluent.UnitTests.csproj", "{60F91961-324A-41A2-9FE2-4DF14AFE0E15}"
EndProject
Global
	GlobalSection(SolutionConfigurationPlatforms) = preSolution
		Debug|Any CPU = Debug|Any CPU
		Release|Any CPU = Release|Any CPU
	EndGlobalSection
	GlobalSection(ProjectConfigurationPlatforms) = postSolution
		{D1D834D2-36DD-4E7C-99C6-3F9FED748E9F}.Debug|Any CPU.ActiveCfg = Debug|Any CPU
		{D1D834D2-36DD-4E7C-99C6-3F9FED748E9F}.Debug|Any CPU.Build.0 = Debug|Any CPU
		{D1D834D2-36DD-4E7C-99C6-3F9FED748E9F}.Release|Any CPU.ActiveCfg = Release|Any CPU
		{D1D834D2-36DD-4E7C-99C6-3F9FED748E9F}.Release|Any CPU.Build.0 = Release|Any CPU
		{65FD3061-0EFD-4516-99F6-4DB5F883083C}.Debug|Any CPU.ActiveCfg = Debug|Any CPU
		{65FD3061-0EFD-4516-99F6-4DB5F883083C}.Debug|Any CPU.Build.0 = Debug|Any CPU
		{65FD3061-0EFD-4516-99F6-4DB5F883083C}.Release|Any CPU.ActiveCfg = Release|Any CPU
		{65FD3061-0EFD-4516-99F6-4DB5F883083C}.Release|Any CPU.Build.0 = Release|Any CPU
		{33EC8DAA-D6F0-445A-AF57-CB5EA88A28D4}.Debug|Any CPU.ActiveCfg = Debug|Any CPU
		{33EC8DAA-D6F0-445A-AF57-CB5EA88A28D4}.Debug|Any CPU.Build.0 = Debug|Any CPU
		{33EC8DAA-D6F0-445A-AF57-CB5EA88A28D4}.Release|Any CPU.ActiveCfg = Release|Any CPU
		{33EC8DAA-D6F0-445A-AF57-CB5EA88A28D4}.Release|Any CPU.Build.0 = Release|Any CPU
		{385680D7-53DA-4EC7-8AE3-AD497D111370}.Debug|Any CPU.ActiveCfg = Debug|Any CPU
		{385680D7-53DA-4EC7-8AE3-AD497D111370}.Debug|Any CPU.Build.0 = Debug|Any CPU
		{385680D7-53DA-4EC7-8AE3-AD497D111370}.Release|Any CPU.ActiveCfg = Release|Any CPU
		{385680D7-53DA-4EC7-8AE3-AD497D111370}.Release|Any CPU.Build.0 = Release|Any CPU
		{138D8C4C-CDA2-441E-85E1-D4B7694D9993}.Debug|Any CPU.ActiveCfg = Debug|Any CPU
		{138D8C4C-CDA2-441E-85E1-D4B7694D9993}.Debug|Any CPU.Build.0 = Debug|Any CPU
		{138D8C4C-CDA2-441E-85E1-D4B7694D9993}.Release|Any CPU.ActiveCfg = Release|Any CPU
		{138D8C4C-CDA2-441E-85E1-D4B7694D9993}.Release|Any CPU.Build.0 = Release|Any CPU
		{0FDA93E3-709D-481D-A21F-9E0FA7203873}.Debug|Any CPU.ActiveCfg = Debug|Any CPU
		{0FDA93E3-709D-481D-A21F-9E0FA7203873}.Debug|Any CPU.Build.0 = Debug|Any CPU
		{0FDA93E3-709D-481D-A21F-9E0FA7203873}.Release|Any CPU.ActiveCfg = Release|Any CPU
		{0FDA93E3-709D-481D-A21F-9E0FA7203873}.Release|Any CPU.Build.0 = Release|Any CPU
		{C25FBA12-3294-4861-8C79-6A1C3C3FE5C6}.Debug|Any CPU.ActiveCfg = Debug|Any CPU
		{C25FBA12-3294-4861-8C79-6A1C3C3FE5C6}.Debug|Any CPU.Build.0 = Debug|Any CPU
		{C25FBA12-3294-4861-8C79-6A1C3C3FE5C6}.Release|Any CPU.ActiveCfg = Release|Any CPU
		{C25FBA12-3294-4861-8C79-6A1C3C3FE5C6}.Release|Any CPU.Build.0 = Release|Any CPU
		{F96188CB-3917-43D1-BB73-3AFD71128BB4}.Debug|Any CPU.ActiveCfg = Debug|Any CPU
		{F96188CB-3917-43D1-BB73-3AFD71128BB4}.Debug|Any CPU.Build.0 = Debug|Any CPU
		{F96188CB-3917-43D1-BB73-3AFD71128BB4}.Release|Any CPU.ActiveCfg = Release|Any CPU
		{F96188CB-3917-43D1-BB73-3AFD71128BB4}.Release|Any CPU.Build.0 = Release|Any CPU
		{B0CBD3D5-9644-4C84-B070-F934209BC6C2}.Debug|Any CPU.ActiveCfg = Debug|Any CPU
		{B0CBD3D5-9644-4C84-B070-F934209BC6C2}.Debug|Any CPU.Build.0 = Debug|Any CPU
		{B0CBD3D5-9644-4C84-B070-F934209BC6C2}.Release|Any CPU.ActiveCfg = Release|Any CPU
		{B0CBD3D5-9644-4C84-B070-F934209BC6C2}.Release|Any CPU.Build.0 = Release|Any CPU
		{D4F23664-627D-4DDC-B731-CB44AA9DE4FC}.Debug|Any CPU.ActiveCfg = Debug|Any CPU
		{D4F23664-627D-4DDC-B731-CB44AA9DE4FC}.Debug|Any CPU.Build.0 = Debug|Any CPU
		{D4F23664-627D-4DDC-B731-CB44AA9DE4FC}.Release|Any CPU.ActiveCfg = Release|Any CPU
		{D4F23664-627D-4DDC-B731-CB44AA9DE4FC}.Release|Any CPU.Build.0 = Release|Any CPU
		{9090F917-330C-4C8A-9877-AE911EA4ADB5}.Debug|Any CPU.ActiveCfg = Debug|Any CPU
		{9090F917-330C-4C8A-9877-AE911EA4ADB5}.Debug|Any CPU.Build.0 = Debug|Any CPU
		{9090F917-330C-4C8A-9877-AE911EA4ADB5}.Release|Any CPU.ActiveCfg = Release|Any CPU
		{9090F917-330C-4C8A-9877-AE911EA4ADB5}.Release|Any CPU.Build.0 = Release|Any CPU
		{10B6337E-3F5E-4E76-BBB7-B9CF6F9AD0E7}.Debug|Any CPU.ActiveCfg = Debug|Any CPU
		{10B6337E-3F5E-4E76-BBB7-B9CF6F9AD0E7}.Debug|Any CPU.Build.0 = Debug|Any CPU
		{10B6337E-3F5E-4E76-BBB7-B9CF6F9AD0E7}.Release|Any CPU.ActiveCfg = Release|Any CPU
		{10B6337E-3F5E-4E76-BBB7-B9CF6F9AD0E7}.Release|Any CPU.Build.0 = Release|Any CPU
		{E298D61E-920A-4A49-8F8A-46FE6619ADB4}.Debug|Any CPU.ActiveCfg = Debug|Any CPU
		{E298D61E-920A-4A49-8F8A-46FE6619ADB4}.Debug|Any CPU.Build.0 = Debug|Any CPU
		{E298D61E-920A-4A49-8F8A-46FE6619ADB4}.Release|Any CPU.ActiveCfg = Release|Any CPU
		{E298D61E-920A-4A49-8F8A-46FE6619ADB4}.Release|Any CPU.Build.0 = Release|Any CPU
		{B299702B-2DFC-4D6F-96F3-BE82CF360BBE}.Debug|Any CPU.ActiveCfg = Debug|Any CPU
		{B299702B-2DFC-4D6F-96F3-BE82CF360BBE}.Debug|Any CPU.Build.0 = Debug|Any CPU
		{B299702B-2DFC-4D6F-96F3-BE82CF360BBE}.Release|Any CPU.ActiveCfg = Release|Any CPU
		{B299702B-2DFC-4D6F-96F3-BE82CF360BBE}.Release|Any CPU.Build.0 = Release|Any CPU
		{FCAF049E-221F-462B-96A2-E05360E8F194}.Debug|Any CPU.ActiveCfg = Debug|Any CPU
		{FCAF049E-221F-462B-96A2-E05360E8F194}.Debug|Any CPU.Build.0 = Debug|Any CPU
		{FCAF049E-221F-462B-96A2-E05360E8F194}.Release|Any CPU.ActiveCfg = Release|Any CPU
		{FCAF049E-221F-462B-96A2-E05360E8F194}.Release|Any CPU.Build.0 = Release|Any CPU
		{D7609D34-67BF-46AE-9050-8CF1A9898010}.Debug|Any CPU.ActiveCfg = Debug|Any CPU
		{D7609D34-67BF-46AE-9050-8CF1A9898010}.Debug|Any CPU.Build.0 = Debug|Any CPU
		{D7609D34-67BF-46AE-9050-8CF1A9898010}.Release|Any CPU.ActiveCfg = Release|Any CPU
		{D7609D34-67BF-46AE-9050-8CF1A9898010}.Release|Any CPU.Build.0 = Release|Any CPU
		{60F91961-324A-41A2-9FE2-4DF14AFE0E15}.Debug|Any CPU.ActiveCfg = Debug|Any CPU
		{60F91961-324A-41A2-9FE2-4DF14AFE0E15}.Debug|Any CPU.Build.0 = Debug|Any CPU
		{60F91961-324A-41A2-9FE2-4DF14AFE0E15}.Release|Any CPU.ActiveCfg = Release|Any CPU
		{60F91961-324A-41A2-9FE2-4DF14AFE0E15}.Release|Any CPU.Build.0 = Release|Any CPU
		{142091BA-7D8F-4383-9188-E4742528FFE7}.Debug|Any CPU.ActiveCfg = Debug|Any CPU
		{142091BA-7D8F-4383-9188-E4742528FFE7}.Debug|Any CPU.Build.0 = Debug|Any CPU
		{142091BA-7D8F-4383-9188-E4742528FFE7}.Release|Any CPU.ActiveCfg = Release|Any CPU
		{142091BA-7D8F-4383-9188-E4742528FFE7}.Release|Any CPU.Build.0 = Release|Any CPU
		{A1CF9F1C-DF71-4193-B9F2-436277A3C7FA}.Debug|Any CPU.ActiveCfg = Debug|Any CPU
		{A1CF9F1C-DF71-4193-B9F2-436277A3C7FA}.Debug|Any CPU.Build.0 = Debug|Any CPU
		{A1CF9F1C-DF71-4193-B9F2-436277A3C7FA}.Release|Any CPU.ActiveCfg = Release|Any CPU
		{A1CF9F1C-DF71-4193-B9F2-436277A3C7FA}.Release|Any CPU.Build.0 = Release|Any CPU
		{B3D83937-D6E4-4BFE-9E36-C42F0C9709B5}.Debug|Any CPU.ActiveCfg = Debug|Any CPU
		{B3D83937-D6E4-4BFE-9E36-C42F0C9709B5}.Debug|Any CPU.Build.0 = Debug|Any CPU
		{B3D83937-D6E4-4BFE-9E36-C42F0C9709B5}.Release|Any CPU.ActiveCfg = Release|Any CPU
		{B3D83937-D6E4-4BFE-9E36-C42F0C9709B5}.Release|Any CPU.Build.0 = Release|Any CPU
		{94B5AACB-62AC-4769-AAFB-4FB38424D931}.Debug|Any CPU.ActiveCfg = Debug|Any CPU
		{94B5AACB-62AC-4769-AAFB-4FB38424D931}.Debug|Any CPU.Build.0 = Debug|Any CPU
		{94B5AACB-62AC-4769-AAFB-4FB38424D931}.Release|Any CPU.ActiveCfg = Release|Any CPU
		{94B5AACB-62AC-4769-AAFB-4FB38424D931}.Release|Any CPU.Build.0 = Release|Any CPU
		{E4477F8D-2D19-4A87-A1F7-0970973209E5}.Debug|Any CPU.ActiveCfg = Debug|Any CPU
		{E4477F8D-2D19-4A87-A1F7-0970973209E5}.Debug|Any CPU.Build.0 = Debug|Any CPU
		{E4477F8D-2D19-4A87-A1F7-0970973209E5}.Release|Any CPU.ActiveCfg = Release|Any CPU
		{E4477F8D-2D19-4A87-A1F7-0970973209E5}.Release|Any CPU.Build.0 = Release|Any CPU
		{3ED05B5F-0548-4DF3-BE42-137856EE5078}.Debug|Any CPU.ActiveCfg = Debug|Any CPU
		{3ED05B5F-0548-4DF3-BE42-137856EE5078}.Debug|Any CPU.Build.0 = Debug|Any CPU
		{3ED05B5F-0548-4DF3-BE42-137856EE5078}.Release|Any CPU.ActiveCfg = Release|Any CPU
		{3ED05B5F-0548-4DF3-BE42-137856EE5078}.Release|Any CPU.Build.0 = Release|Any CPU
		{F8A5D7C4-C727-40E0-BD4F-687EB0D7F6D4}.Debug|Any CPU.ActiveCfg = Debug|Any CPU
		{F8A5D7C4-C727-40E0-BD4F-687EB0D7F6D4}.Debug|Any CPU.Build.0 = Debug|Any CPU
		{F8A5D7C4-C727-40E0-BD4F-687EB0D7F6D4}.Release|Any CPU.ActiveCfg = Release|Any CPU
		{F8A5D7C4-C727-40E0-BD4F-687EB0D7F6D4}.Release|Any CPU.Build.0 = Release|Any CPU
		{23A950F3-A308-4201-91AD-4BDD8683DF4A}.Debug|Any CPU.ActiveCfg = Debug|Any CPU
		{23A950F3-A308-4201-91AD-4BDD8683DF4A}.Debug|Any CPU.Build.0 = Debug|Any CPU
		{23A950F3-A308-4201-91AD-4BDD8683DF4A}.Release|Any CPU.ActiveCfg = Release|Any CPU
		{23A950F3-A308-4201-91AD-4BDD8683DF4A}.Release|Any CPU.Build.0 = Release|Any CPU
		{D7717A27-7A97-4D9F-9F4F-7B1B2CD5F852}.Debug|Any CPU.ActiveCfg = Debug|Any CPU
		{D7717A27-7A97-4D9F-9F4F-7B1B2CD5F852}.Debug|Any CPU.Build.0 = Debug|Any CPU
		{D7717A27-7A97-4D9F-9F4F-7B1B2CD5F852}.Release|Any CPU.ActiveCfg = Release|Any CPU
		{D7717A27-7A97-4D9F-9F4F-7B1B2CD5F852}.Release|Any CPU.Build.0 = Release|Any CPU
		{3CF56046-86A4-4576-B30E-57E71AD6CC96}.Debug|Any CPU.ActiveCfg = Debug|Any CPU
		{3CF56046-86A4-4576-B30E-57E71AD6CC96}.Debug|Any CPU.Build.0 = Debug|Any CPU
		{3CF56046-86A4-4576-B30E-57E71AD6CC96}.Release|Any CPU.ActiveCfg = Release|Any CPU
		{3CF56046-86A4-4576-B30E-57E71AD6CC96}.Release|Any CPU.Build.0 = Release|Any CPU
		{CD45A6C0-D07D-42DE-A7E1-E7DD3927F537}.Debug|Any CPU.ActiveCfg = Debug|Any CPU
		{CD45A6C0-D07D-42DE-A7E1-E7DD3927F537}.Debug|Any CPU.Build.0 = Debug|Any CPU
		{CD45A6C0-D07D-42DE-A7E1-E7DD3927F537}.Release|Any CPU.ActiveCfg = Release|Any CPU
		{CD45A6C0-D07D-42DE-A7E1-E7DD3927F537}.Release|Any CPU.Build.0 = Release|Any CPU
		{7C775D18-7656-408A-81AF-BAE2A5C1E303}.Debug|Any CPU.ActiveCfg = Debug|Any CPU
		{7C775D18-7656-408A-81AF-BAE2A5C1E303}.Debug|Any CPU.Build.0 = Debug|Any CPU
		{7C775D18-7656-408A-81AF-BAE2A5C1E303}.Release|Any CPU.ActiveCfg = Release|Any CPU
		{7C775D18-7656-408A-81AF-BAE2A5C1E303}.Release|Any CPU.Build.0 = Release|Any CPU
		{308A388D-92C2-44DC-912F-0032B13CB2C2}.Debug|Any CPU.ActiveCfg = Debug|Any CPU
		{308A388D-92C2-44DC-912F-0032B13CB2C2}.Debug|Any CPU.Build.0 = Debug|Any CPU
		{308A388D-92C2-44DC-912F-0032B13CB2C2}.Release|Any CPU.ActiveCfg = Release|Any CPU
		{308A388D-92C2-44DC-912F-0032B13CB2C2}.Release|Any CPU.Build.0 = Release|Any CPU
		{63586898-F577-4F98-83BA-CC0453E8035D}.Debug|Any CPU.ActiveCfg = Debug|Any CPU
		{63586898-F577-4F98-83BA-CC0453E8035D}.Debug|Any CPU.Build.0 = Debug|Any CPU
		{63586898-F577-4F98-83BA-CC0453E8035D}.Release|Any CPU.ActiveCfg = Release|Any CPU
		{63586898-F577-4F98-83BA-CC0453E8035D}.Release|Any CPU.Build.0 = Release|Any CPU
		{C419EF84-424A-4884-8909-D501EBD41C1A}.Debug|Any CPU.ActiveCfg = Debug|Any CPU
		{C419EF84-424A-4884-8909-D501EBD41C1A}.Debug|Any CPU.Build.0 = Debug|Any CPU
		{C419EF84-424A-4884-8909-D501EBD41C1A}.Release|Any CPU.ActiveCfg = Release|Any CPU
		{C419EF84-424A-4884-8909-D501EBD41C1A}.Release|Any CPU.Build.0 = Release|Any CPU
		{5ED65454-01CA-4E72-AC30-11DD6A72C0AE}.Debug|Any CPU.ActiveCfg = Debug|Any CPU
		{5ED65454-01CA-4E72-AC30-11DD6A72C0AE}.Debug|Any CPU.Build.0 = Debug|Any CPU
		{5ED65454-01CA-4E72-AC30-11DD6A72C0AE}.Release|Any CPU.ActiveCfg = Release|Any CPU
		{5ED65454-01CA-4E72-AC30-11DD6A72C0AE}.Release|Any CPU.Build.0 = Release|Any CPU
		{DCE867BC-0D44-4468-A7F0-6DDADE28B9DD}.Debug|Any CPU.ActiveCfg = Debug|Any CPU
		{DCE867BC-0D44-4468-A7F0-6DDADE28B9DD}.Debug|Any CPU.Build.0 = Debug|Any CPU
		{DCE867BC-0D44-4468-A7F0-6DDADE28B9DD}.Release|Any CPU.ActiveCfg = Release|Any CPU
		{DCE867BC-0D44-4468-A7F0-6DDADE28B9DD}.Release|Any CPU.Build.0 = Release|Any CPU
		{414BEF05-866A-44C2-BDDC-DFC9425B7E8C}.Debug|Any CPU.ActiveCfg = Debug|Any CPU
		{414BEF05-866A-44C2-BDDC-DFC9425B7E8C}.Debug|Any CPU.Build.0 = Debug|Any CPU
		{414BEF05-866A-44C2-BDDC-DFC9425B7E8C}.Release|Any CPU.ActiveCfg = Release|Any CPU
		{414BEF05-866A-44C2-BDDC-DFC9425B7E8C}.Release|Any CPU.Build.0 = Release|Any CPU
		{126F15D9-009C-4CD5-87F7-7645DDBEE9D6}.Debug|Any CPU.ActiveCfg = Debug|Any CPU
		{126F15D9-009C-4CD5-87F7-7645DDBEE9D6}.Debug|Any CPU.Build.0 = Debug|Any CPU
		{126F15D9-009C-4CD5-87F7-7645DDBEE9D6}.Release|Any CPU.ActiveCfg = Release|Any CPU
		{126F15D9-009C-4CD5-87F7-7645DDBEE9D6}.Release|Any CPU.Build.0 = Release|Any CPU
		{2BC10793-842E-43E8-AF13-B021CC53F098}.Debug|Any CPU.ActiveCfg = Debug|Any CPU
		{2BC10793-842E-43E8-AF13-B021CC53F098}.Debug|Any CPU.Build.0 = Debug|Any CPU
		{2BC10793-842E-43E8-AF13-B021CC53F098}.Release|Any CPU.ActiveCfg = Release|Any CPU
		{2BC10793-842E-43E8-AF13-B021CC53F098}.Release|Any CPU.Build.0 = Release|Any CPU
		{03E0D080-EF93-413D-82AC-EBFBFAFE15DC}.Debug|Any CPU.ActiveCfg = Debug|Any CPU
		{03E0D080-EF93-413D-82AC-EBFBFAFE15DC}.Debug|Any CPU.Build.0 = Debug|Any CPU
		{03E0D080-EF93-413D-82AC-EBFBFAFE15DC}.Release|Any CPU.ActiveCfg = Release|Any CPU
		{03E0D080-EF93-413D-82AC-EBFBFAFE15DC}.Release|Any CPU.Build.0 = Release|Any CPU
		{D777728B-CEB6-4B6E-9401-EA97A0ACDF5D}.Debug|Any CPU.ActiveCfg = Debug|Any CPU
		{D777728B-CEB6-4B6E-9401-EA97A0ACDF5D}.Debug|Any CPU.Build.0 = Debug|Any CPU
		{D777728B-CEB6-4B6E-9401-EA97A0ACDF5D}.Release|Any CPU.ActiveCfg = Release|Any CPU
		{D777728B-CEB6-4B6E-9401-EA97A0ACDF5D}.Release|Any CPU.Build.0 = Release|Any CPU
		{E4622453-219C-4598-A603-41B43404F1BA}.Debug|Any CPU.ActiveCfg = Debug|Any CPU
		{E4622453-219C-4598-A603-41B43404F1BA}.Debug|Any CPU.Build.0 = Debug|Any CPU
		{E4622453-219C-4598-A603-41B43404F1BA}.Release|Any CPU.ActiveCfg = Release|Any CPU
		{E4622453-219C-4598-A603-41B43404F1BA}.Release|Any CPU.Build.0 = Release|Any CPU
		{9B99355B-F4DE-4FE7-95BA-AAB7282A1A4F}.Debug|Any CPU.ActiveCfg = Debug|Any CPU
		{9B99355B-F4DE-4FE7-95BA-AAB7282A1A4F}.Debug|Any CPU.Build.0 = Debug|Any CPU
		{9B99355B-F4DE-4FE7-95BA-AAB7282A1A4F}.Release|Any CPU.ActiveCfg = Release|Any CPU
		{9B99355B-F4DE-4FE7-95BA-AAB7282A1A4F}.Release|Any CPU.Build.0 = Release|Any CPU
		{B8227BE4-5DA3-4973-BECD-61F34977913D}.Debug|Any CPU.ActiveCfg = Debug|Any CPU
		{B8227BE4-5DA3-4973-BECD-61F34977913D}.Debug|Any CPU.Build.0 = Debug|Any CPU
		{B8227BE4-5DA3-4973-BECD-61F34977913D}.Release|Any CPU.ActiveCfg = Release|Any CPU
		{B8227BE4-5DA3-4973-BECD-61F34977913D}.Release|Any CPU.Build.0 = Release|Any CPU
		{06FACA39-D4F4-445B-A8A7-4F11374CB00E}.Debug|Any CPU.ActiveCfg = Debug|Any CPU
		{06FACA39-D4F4-445B-A8A7-4F11374CB00E}.Debug|Any CPU.Build.0 = Debug|Any CPU
		{06FACA39-D4F4-445B-A8A7-4F11374CB00E}.Release|Any CPU.ActiveCfg = Release|Any CPU
		{06FACA39-D4F4-445B-A8A7-4F11374CB00E}.Release|Any CPU.Build.0 = Release|Any CPU
		{EB3FBBA7-A3C4-4A97-B669-D79BBA4DCC2B}.Debug|Any CPU.ActiveCfg = Debug|Any CPU
		{EB3FBBA7-A3C4-4A97-B669-D79BBA4DCC2B}.Debug|Any CPU.Build.0 = Debug|Any CPU
		{EB3FBBA7-A3C4-4A97-B669-D79BBA4DCC2B}.Release|Any CPU.ActiveCfg = Release|Any CPU
		{EB3FBBA7-A3C4-4A97-B669-D79BBA4DCC2B}.Release|Any CPU.Build.0 = Release|Any CPU
		{3ED0EEA1-EBBD-4276-802A-FE406937F6BD}.Debug|Any CPU.ActiveCfg = Debug|Any CPU
		{3ED0EEA1-EBBD-4276-802A-FE406937F6BD}.Debug|Any CPU.Build.0 = Debug|Any CPU
		{3ED0EEA1-EBBD-4276-802A-FE406937F6BD}.Release|Any CPU.ActiveCfg = Release|Any CPU
		{3ED0EEA1-EBBD-4276-802A-FE406937F6BD}.Release|Any CPU.Build.0 = Release|Any CPU
		{147A2072-6CB3-4CE6-8120-BFF83CB58501}.Debug|Any CPU.ActiveCfg = Debug|Any CPU
		{147A2072-6CB3-4CE6-8120-BFF83CB58501}.Debug|Any CPU.Build.0 = Debug|Any CPU
		{147A2072-6CB3-4CE6-8120-BFF83CB58501}.Release|Any CPU.ActiveCfg = Release|Any CPU
		{147A2072-6CB3-4CE6-8120-BFF83CB58501}.Release|Any CPU.Build.0 = Release|Any CPU
		{C5E9103D-92D6-493B-9B79-A0603AA2333F}.Debug|Any CPU.ActiveCfg = Debug|Any CPU
		{C5E9103D-92D6-493B-9B79-A0603AA2333F}.Debug|Any CPU.Build.0 = Debug|Any CPU
		{C5E9103D-92D6-493B-9B79-A0603AA2333F}.Release|Any CPU.ActiveCfg = Release|Any CPU
		{C5E9103D-92D6-493B-9B79-A0603AA2333F}.Release|Any CPU.Build.0 = Release|Any CPU
		{102EE603-84BE-43E8-A749-7AC2115668AB}.Debug|Any CPU.ActiveCfg = Debug|Any CPU
		{102EE603-84BE-43E8-A749-7AC2115668AB}.Debug|Any CPU.Build.0 = Debug|Any CPU
		{102EE603-84BE-43E8-A749-7AC2115668AB}.Release|Any CPU.ActiveCfg = Release|Any CPU
		{102EE603-84BE-43E8-A749-7AC2115668AB}.Release|Any CPU.Build.0 = Release|Any CPU
		{74273826-093D-46EA-90C5-5B7005892762}.Debug|Any CPU.ActiveCfg = Debug|Any CPU
		{74273826-093D-46EA-90C5-5B7005892762}.Debug|Any CPU.Build.0 = Debug|Any CPU
		{74273826-093D-46EA-90C5-5B7005892762}.Release|Any CPU.ActiveCfg = Release|Any CPU
		{74273826-093D-46EA-90C5-5B7005892762}.Release|Any CPU.Build.0 = Release|Any CPU
		{821CAD21-1560-4E72-8F22-9E46D05426CC}.Debug|Any CPU.ActiveCfg = Debug|Any CPU
		{821CAD21-1560-4E72-8F22-9E46D05426CC}.Debug|Any CPU.Build.0 = Debug|Any CPU
		{821CAD21-1560-4E72-8F22-9E46D05426CC}.Release|Any CPU.ActiveCfg = Release|Any CPU
		{821CAD21-1560-4E72-8F22-9E46D05426CC}.Release|Any CPU.Build.0 = Release|Any CPU
		{B930AD36-E660-4492-82B8-7C0F66500C82}.Debug|Any CPU.ActiveCfg = Debug|Any CPU
		{B930AD36-E660-4492-82B8-7C0F66500C82}.Debug|Any CPU.Build.0 = Debug|Any CPU
		{B930AD36-E660-4492-82B8-7C0F66500C82}.Release|Any CPU.ActiveCfg = Release|Any CPU
		{B930AD36-E660-4492-82B8-7C0F66500C82}.Release|Any CPU.Build.0 = Release|Any CPU
		{BFBB35EE-746A-4447-8A2D-52C5AA26A958}.Debug|Any CPU.ActiveCfg = Debug|Any CPU
		{BFBB35EE-746A-4447-8A2D-52C5AA26A958}.Debug|Any CPU.Build.0 = Debug|Any CPU
		{BFBB35EE-746A-4447-8A2D-52C5AA26A958}.Release|Any CPU.ActiveCfg = Release|Any CPU
		{BFBB35EE-746A-4447-8A2D-52C5AA26A958}.Release|Any CPU.Build.0 = Release|Any CPU
		{6AAD63C2-A812-4179-AC1F-D2229344A9E2}.Debug|Any CPU.ActiveCfg = Debug|Any CPU
		{6AAD63C2-A812-4179-AC1F-D2229344A9E2}.Debug|Any CPU.Build.0 = Debug|Any CPU
		{6AAD63C2-A812-4179-AC1F-D2229344A9E2}.Release|Any CPU.ActiveCfg = Release|Any CPU
		{6AAD63C2-A812-4179-AC1F-D2229344A9E2}.Release|Any CPU.Build.0 = Release|Any CPU
		{BB730406-E252-4B2A-8CA7-082CAB187716}.Debug|Any CPU.ActiveCfg = Debug|Any CPU
		{BB730406-E252-4B2A-8CA7-082CAB187716}.Debug|Any CPU.Build.0 = Debug|Any CPU
		{BB730406-E252-4B2A-8CA7-082CAB187716}.Release|Any CPU.ActiveCfg = Release|Any CPU
		{BB730406-E252-4B2A-8CA7-082CAB187716}.Release|Any CPU.Build.0 = Release|Any CPU
		{79FA2F48-C19F-4FE5-97FD-FBA6A9E4FCB7}.Debug|Any CPU.ActiveCfg = Debug|Any CPU
		{79FA2F48-C19F-4FE5-97FD-FBA6A9E4FCB7}.Debug|Any CPU.Build.0 = Debug|Any CPU
		{79FA2F48-C19F-4FE5-97FD-FBA6A9E4FCB7}.Release|Any CPU.ActiveCfg = Release|Any CPU
		{79FA2F48-C19F-4FE5-97FD-FBA6A9E4FCB7}.Release|Any CPU.Build.0 = Release|Any CPU
		{1C15EF87-0316-4558-BD2A-904FBD6B260A}.Debug|Any CPU.ActiveCfg = Debug|Any CPU
		{1C15EF87-0316-4558-BD2A-904FBD6B260A}.Debug|Any CPU.Build.0 = Debug|Any CPU
		{1C15EF87-0316-4558-BD2A-904FBD6B260A}.Release|Any CPU.ActiveCfg = Release|Any CPU
		{1C15EF87-0316-4558-BD2A-904FBD6B260A}.Release|Any CPU.Build.0 = Release|Any CPU
		{658764E7-693D-4A5A-85A1-88203FBE95F1}.Debug|Any CPU.ActiveCfg = Debug|Any CPU
		{658764E7-693D-4A5A-85A1-88203FBE95F1}.Debug|Any CPU.Build.0 = Debug|Any CPU
		{658764E7-693D-4A5A-85A1-88203FBE95F1}.Release|Any CPU.ActiveCfg = Release|Any CPU
		{658764E7-693D-4A5A-85A1-88203FBE95F1}.Release|Any CPU.Build.0 = Release|Any CPU
		{3A526D70-1ED5-4C8E-98E1-667DB5CEAF4E}.Debug|Any CPU.ActiveCfg = Debug|Any CPU
		{3A526D70-1ED5-4C8E-98E1-667DB5CEAF4E}.Debug|Any CPU.Build.0 = Debug|Any CPU
		{3A526D70-1ED5-4C8E-98E1-667DB5CEAF4E}.Release|Any CPU.ActiveCfg = Release|Any CPU
		{3A526D70-1ED5-4C8E-98E1-667DB5CEAF4E}.Release|Any CPU.Build.0 = Release|Any CPU
		{65780152-C151-4699-A7D1-364618573407}.Debug|Any CPU.ActiveCfg = Debug|Any CPU
		{65780152-C151-4699-A7D1-364618573407}.Debug|Any CPU.Build.0 = Debug|Any CPU
		{65780152-C151-4699-A7D1-364618573407}.Release|Any CPU.ActiveCfg = Release|Any CPU
		{65780152-C151-4699-A7D1-364618573407}.Release|Any CPU.Build.0 = Release|Any CPU
		{81502E46-262D-4C6F-BD84-5460D947409E}.Debug|Any CPU.ActiveCfg = Debug|Any CPU
		{81502E46-262D-4C6F-BD84-5460D947409E}.Debug|Any CPU.Build.0 = Debug|Any CPU
		{81502E46-262D-4C6F-BD84-5460D947409E}.Release|Any CPU.ActiveCfg = Release|Any CPU
		{81502E46-262D-4C6F-BD84-5460D947409E}.Release|Any CPU.Build.0 = Release|Any CPU
		{C230ABF5-C2EF-49A7-BACB-2EEFB0D42E88}.Debug|Any CPU.ActiveCfg = Debug|Any CPU
		{C230ABF5-C2EF-49A7-BACB-2EEFB0D42E88}.Debug|Any CPU.Build.0 = Debug|Any CPU
		{C230ABF5-C2EF-49A7-BACB-2EEFB0D42E88}.Release|Any CPU.ActiveCfg = Release|Any CPU
		{C230ABF5-C2EF-49A7-BACB-2EEFB0D42E88}.Release|Any CPU.Build.0 = Release|Any CPU
		{7696BF51-1C31-4DA2-9001-D46E43133AC0}.Debug|Any CPU.ActiveCfg = Debug|Any CPU
		{7696BF51-1C31-4DA2-9001-D46E43133AC0}.Debug|Any CPU.Build.0 = Debug|Any CPU
		{7696BF51-1C31-4DA2-9001-D46E43133AC0}.Release|Any CPU.ActiveCfg = Release|Any CPU
		{7696BF51-1C31-4DA2-9001-D46E43133AC0}.Release|Any CPU.Build.0 = Release|Any CPU
		{37C01591-F839-4B40-B9E2-58CD5420DFA9}.Debug|Any CPU.ActiveCfg = Debug|Any CPU
		{37C01591-F839-4B40-B9E2-58CD5420DFA9}.Debug|Any CPU.Build.0 = Debug|Any CPU
		{37C01591-F839-4B40-B9E2-58CD5420DFA9}.Release|Any CPU.ActiveCfg = Release|Any CPU
		{37C01591-F839-4B40-B9E2-58CD5420DFA9}.Release|Any CPU.Build.0 = Release|Any CPU
		{919B9106-8A69-4556-888E-4D077A1752F3}.Debug|Any CPU.ActiveCfg = Debug|Any CPU
		{919B9106-8A69-4556-888E-4D077A1752F3}.Debug|Any CPU.Build.0 = Debug|Any CPU
		{919B9106-8A69-4556-888E-4D077A1752F3}.Release|Any CPU.ActiveCfg = Release|Any CPU
		{919B9106-8A69-4556-888E-4D077A1752F3}.Release|Any CPU.Build.0 = Release|Any CPU
		{1E6C556D-9F6F-4208-98C6-39AF3E45CBDC}.Debug|Any CPU.ActiveCfg = Debug|Any CPU
		{1E6C556D-9F6F-4208-98C6-39AF3E45CBDC}.Debug|Any CPU.Build.0 = Debug|Any CPU
		{1E6C556D-9F6F-4208-98C6-39AF3E45CBDC}.Release|Any CPU.ActiveCfg = Release|Any CPU
		{1E6C556D-9F6F-4208-98C6-39AF3E45CBDC}.Release|Any CPU.Build.0 = Release|Any CPU
		{FAD93012-C1C4-472B-A078-7EA60AE2DB35}.Debug|Any CPU.ActiveCfg = Debug|Any CPU
		{FAD93012-C1C4-472B-A078-7EA60AE2DB35}.Debug|Any CPU.Build.0 = Debug|Any CPU
		{FAD93012-C1C4-472B-A078-7EA60AE2DB35}.Release|Any CPU.ActiveCfg = Release|Any CPU
		{FAD93012-C1C4-472B-A078-7EA60AE2DB35}.Release|Any CPU.Build.0 = Release|Any CPU
		{28914130-0389-4888-81A1-9FC221F6255D}.Debug|Any CPU.ActiveCfg = Debug|Any CPU
		{28914130-0389-4888-81A1-9FC221F6255D}.Debug|Any CPU.Build.0 = Debug|Any CPU
		{28914130-0389-4888-81A1-9FC221F6255D}.Release|Any CPU.ActiveCfg = Release|Any CPU
		{28914130-0389-4888-81A1-9FC221F6255D}.Release|Any CPU.Build.0 = Release|Any CPU
		{2BFAF97A-8E97-48D3-A2C8-E62C32DACA32}.Debug|Any CPU.ActiveCfg = Debug|Any CPU
		{2BFAF97A-8E97-48D3-A2C8-E62C32DACA32}.Debug|Any CPU.Build.0 = Debug|Any CPU
		{2BFAF97A-8E97-48D3-A2C8-E62C32DACA32}.Release|Any CPU.ActiveCfg = Release|Any CPU
		{2BFAF97A-8E97-48D3-A2C8-E62C32DACA32}.Release|Any CPU.Build.0 = Release|Any CPU
		{AB0FD237-C36C-46A4-9E96-2503AFC05F25}.Debug|Any CPU.ActiveCfg = Debug|Any CPU
		{AB0FD237-C36C-46A4-9E96-2503AFC05F25}.Debug|Any CPU.Build.0 = Debug|Any CPU
		{AB0FD237-C36C-46A4-9E96-2503AFC05F25}.Release|Any CPU.ActiveCfg = Release|Any CPU
		{AB0FD237-C36C-46A4-9E96-2503AFC05F25}.Release|Any CPU.Build.0 = Release|Any CPU
		{4E28677A-37ED-4A0B-A3B6-8F2B745A2ED6}.Debug|Any CPU.ActiveCfg = Debug|Any CPU
		{4E28677A-37ED-4A0B-A3B6-8F2B745A2ED6}.Debug|Any CPU.Build.0 = Debug|Any CPU
		{4E28677A-37ED-4A0B-A3B6-8F2B745A2ED6}.Release|Any CPU.ActiveCfg = Release|Any CPU
		{4E28677A-37ED-4A0B-A3B6-8F2B745A2ED6}.Release|Any CPU.Build.0 = Release|Any CPU
		{6F164FD0-0F9A-43E2-AE16-6620C035610C}.Debug|Any CPU.ActiveCfg = Debug|Any CPU
		{6F164FD0-0F9A-43E2-AE16-6620C035610C}.Debug|Any CPU.Build.0 = Debug|Any CPU
		{6F164FD0-0F9A-43E2-AE16-6620C035610C}.Release|Any CPU.ActiveCfg = Release|Any CPU
		{6F164FD0-0F9A-43E2-AE16-6620C035610C}.Release|Any CPU.Build.0 = Release|Any CPU
		{13061156-BF5C-463D-8939-CF52D44A5BAD}.Debug|Any CPU.ActiveCfg = Debug|Any CPU
		{13061156-BF5C-463D-8939-CF52D44A5BAD}.Debug|Any CPU.Build.0 = Debug|Any CPU
		{13061156-BF5C-463D-8939-CF52D44A5BAD}.Release|Any CPU.ActiveCfg = Release|Any CPU
		{13061156-BF5C-463D-8939-CF52D44A5BAD}.Release|Any CPU.Build.0 = Release|Any CPU
		{7505B477-DD2B-4552-AAB2-0EFB4CDAA3F1}.Debug|Any CPU.ActiveCfg = Debug|Any CPU
		{7505B477-DD2B-4552-AAB2-0EFB4CDAA3F1}.Debug|Any CPU.Build.0 = Debug|Any CPU
		{7505B477-DD2B-4552-AAB2-0EFB4CDAA3F1}.Release|Any CPU.ActiveCfg = Release|Any CPU
		{7505B477-DD2B-4552-AAB2-0EFB4CDAA3F1}.Release|Any CPU.Build.0 = Release|Any CPU
		{67295D6D-7E4A-4506-9FE4-1CC67AB86D84}.Debug|Any CPU.ActiveCfg = Debug|Any CPU
		{67295D6D-7E4A-4506-9FE4-1CC67AB86D84}.Debug|Any CPU.Build.0 = Debug|Any CPU
		{67295D6D-7E4A-4506-9FE4-1CC67AB86D84}.Release|Any CPU.ActiveCfg = Release|Any CPU
		{67295D6D-7E4A-4506-9FE4-1CC67AB86D84}.Release|Any CPU.Build.0 = Release|Any CPU
		{743717D2-1795-47A7-9F19-A5AB4A94F322}.Debug|Any CPU.ActiveCfg = Debug|Any CPU
		{743717D2-1795-47A7-9F19-A5AB4A94F322}.Debug|Any CPU.Build.0 = Debug|Any CPU
		{743717D2-1795-47A7-9F19-A5AB4A94F322}.Release|Any CPU.ActiveCfg = Release|Any CPU
		{743717D2-1795-47A7-9F19-A5AB4A94F322}.Release|Any CPU.Build.0 = Release|Any CPU
		{4471A6BE-8017-4E0E-A446-AE02F3BCED62}.Debug|Any CPU.ActiveCfg = Debug|Any CPU
		{4471A6BE-8017-4E0E-A446-AE02F3BCED62}.Debug|Any CPU.Build.0 = Debug|Any CPU
		{4471A6BE-8017-4E0E-A446-AE02F3BCED62}.Release|Any CPU.ActiveCfg = Release|Any CPU
		{4471A6BE-8017-4E0E-A446-AE02F3BCED62}.Release|Any CPU.Build.0 = Release|Any CPU
		{E1B27A4A-017B-4EB4-828D-AF62900569FF}.Debug|Any CPU.ActiveCfg = Debug|Any CPU
		{E1B27A4A-017B-4EB4-828D-AF62900569FF}.Debug|Any CPU.Build.0 = Debug|Any CPU
		{E1B27A4A-017B-4EB4-828D-AF62900569FF}.Release|Any CPU.ActiveCfg = Release|Any CPU
		{E1B27A4A-017B-4EB4-828D-AF62900569FF}.Release|Any CPU.Build.0 = Release|Any CPU
	EndGlobalSection
	GlobalSection(SolutionProperties) = preSolution
		HideSolutionNode = FALSE
	EndGlobalSection
	GlobalSection(NestedProjects) = preSolution
		{30785934-E017-5D9F-2777-3D61460A5281} = {0AB3BF05-4346-4AA6-1389-037BE0695223}
		{D37363A3-FFCE-FDD9-FC42-0CEA20DAC207} = {0AB3BF05-4346-4AA6-1389-037BE0695223}
		{6C73E6AB-D704-A97F-1BED-3C67E832B020} = {0AB3BF05-4346-4AA6-1389-037BE0695223}
		{394A81D9-3C45-9818-BB26-23F2B85056FF} = {0AB3BF05-4346-4AA6-1389-037BE0695223}
		{51820AB8-ED43-460D-AFEA-5BD49633A062} = {827E0CD3-B72D-47B6-A68D-7590B98EB39B}
		{2F9BC4BC-F228-461C-9AB3-0BCA9D5BBCB3} = {827E0CD3-B72D-47B6-A68D-7590B98EB39B}
		{E852083F-84E7-43AC-A790-688560D92C2D} = {827E0CD3-B72D-47B6-A68D-7590B98EB39B}
		{19159225-1355-4880-8391-37920B9D3B76} = {827E0CD3-B72D-47B6-A68D-7590B98EB39B}
		{D1036468-EAE7-4D3F-B835-F898ADA08C3A} = {827E0CD3-B72D-47B6-A68D-7590B98EB39B}
		{12576206-95F9-472F-B1F8-4E7D95B70B84} = {827E0CD3-B72D-47B6-A68D-7590B98EB39B}
		{62EEFB06-18E3-4C11-BD13-F762EBAFA2DA} = {827E0CD3-B72D-47B6-A68D-7590B98EB39B}
		{D471A59D-A2D8-4A6C-8B2C-6332C5CCADEE} = {827E0CD3-B72D-47B6-A68D-7590B98EB39B}
		{32611170-D42D-4108-8F00-B02584085584} = {827E0CD3-B72D-47B6-A68D-7590B98EB39B}
		{BCE28F04-D1BB-4347-A032-D6F87FD6C86F} = {827E0CD3-B72D-47B6-A68D-7590B98EB39B}
		{391BAFCA-D83E-42A5-A26F-9ADF7D4A14DD} = {827E0CD3-B72D-47B6-A68D-7590B98EB39B}
		{E2436399-A4FD-495F-AA41-DDC1B62110FA} = {827E0CD3-B72D-47B6-A68D-7590B98EB39B}
		{E8B0D8BE-14D6-4D45-9A73-90FF1D798C0F} = {827E0CD3-B72D-47B6-A68D-7590B98EB39B}
		{F0792612-F7D7-42C2-B86D-82913FF0BEA3} = {30785934-E017-5D9F-2777-3D61460A5281}
		{EF53FF64-D5C4-4394-8742-6F031B5FAC3A} = {30785934-E017-5D9F-2777-3D61460A5281}
		{C2E7013A-2A1A-4751-B3BC-D52311E77947} = {30785934-E017-5D9F-2777-3D61460A5281}
		{69E0C404-BD2D-4AFD-8AAC-B40431A91208} = {30785934-E017-5D9F-2777-3D61460A5281}
		{D1D834D2-36DD-4E7C-99C6-3F9FED748E9F} = {D1036468-EAE7-4D3F-B835-F898ADA08C3A}
		{65FD3061-0EFD-4516-99F6-4DB5F883083C} = {391BAFCA-D83E-42A5-A26F-9ADF7D4A14DD}
		{33EC8DAA-D6F0-445A-AF57-CB5EA88A28D4} = {32611170-D42D-4108-8F00-B02584085584}
		{385680D7-53DA-4EC7-8AE3-AD497D111370} = {2F9BC4BC-F228-461C-9AB3-0BCA9D5BBCB3}
		{138D8C4C-CDA2-441E-85E1-D4B7694D9993} = {19159225-1355-4880-8391-37920B9D3B76}
		{0FDA93E3-709D-481D-A21F-9E0FA7203873} = {19159225-1355-4880-8391-37920B9D3B76}
		{C25FBA12-3294-4861-8C79-6A1C3C3FE5C6} = {D37363A3-FFCE-FDD9-FC42-0CEA20DAC207}
		{F96188CB-3917-43D1-BB73-3AFD71128BB4} = {19159225-1355-4880-8391-37920B9D3B76}
		{B0CBD3D5-9644-4C84-B070-F934209BC6C2} = {D37363A3-FFCE-FDD9-FC42-0CEA20DAC207}
		{D4F23664-627D-4DDC-B731-CB44AA9DE4FC} = {E8B0D8BE-14D6-4D45-9A73-90FF1D798C0F}
		{9090F917-330C-4C8A-9877-AE911EA4ADB5} = {E852083F-84E7-43AC-A790-688560D92C2D}
		{10B6337E-3F5E-4E76-BBB7-B9CF6F9AD0E7} = {19159225-1355-4880-8391-37920B9D3B76}
		{E298D61E-920A-4A49-8F8A-46FE6619ADB4} = {12576206-95F9-472F-B1F8-4E7D95B70B84}
		{B299702B-2DFC-4D6F-96F3-BE82CF360BBE} = {E8B0D8BE-14D6-4D45-9A73-90FF1D798C0F}
		{FCAF049E-221F-462B-96A2-E05360E8F194} = {62EEFB06-18E3-4C11-BD13-F762EBAFA2DA}
		{D7609D34-67BF-46AE-9050-8CF1A9898010} = {EF53FF64-D5C4-4394-8742-6F031B5FAC3A}
		{60F91961-324A-41A2-9FE2-4DF14AFE0E15} = {69E0C404-BD2D-4AFD-8AAC-B40431A91208}
		{142091BA-7D8F-4383-9188-E4742528FFE7} = {EF53FF64-D5C4-4394-8742-6F031B5FAC3A}
		{A1CF9F1C-DF71-4193-B9F2-436277A3C7FA} = {F0792612-F7D7-42C2-B86D-82913FF0BEA3}
		{B3D83937-D6E4-4BFE-9E36-C42F0C9709B5} = {6C73E6AB-D704-A97F-1BED-3C67E832B020}
		{94B5AACB-62AC-4769-AAFB-4FB38424D931} = {D37363A3-FFCE-FDD9-FC42-0CEA20DAC207}
		{E4477F8D-2D19-4A87-A1F7-0970973209E5} = {D1036468-EAE7-4D3F-B835-F898ADA08C3A}
		{3ED05B5F-0548-4DF3-BE42-137856EE5078} = {E8B0D8BE-14D6-4D45-9A73-90FF1D798C0F}
		{F8A5D7C4-C727-40E0-BD4F-687EB0D7F6D4} = {E8B0D8BE-14D6-4D45-9A73-90FF1D798C0F}
		{23A950F3-A308-4201-91AD-4BDD8683DF4A} = {E852083F-84E7-43AC-A790-688560D92C2D}
		{D7717A27-7A97-4D9F-9F4F-7B1B2CD5F852} = {D1036468-EAE7-4D3F-B835-F898ADA08C3A}
		{3CF56046-86A4-4576-B30E-57E71AD6CC96} = {D37363A3-FFCE-FDD9-FC42-0CEA20DAC207}
		{CD45A6C0-D07D-42DE-A7E1-E7DD3927F537} = {19159225-1355-4880-8391-37920B9D3B76}
		{7C775D18-7656-408A-81AF-BAE2A5C1E303} = {391BAFCA-D83E-42A5-A26F-9ADF7D4A14DD}
		{308A388D-92C2-44DC-912F-0032B13CB2C2} = {E8B0D8BE-14D6-4D45-9A73-90FF1D798C0F}
		{63586898-F577-4F98-83BA-CC0453E8035D} = {19159225-1355-4880-8391-37920B9D3B76}
		{C419EF84-424A-4884-8909-D501EBD41C1A} = {EF53FF64-D5C4-4394-8742-6F031B5FAC3A}
		{5ED65454-01CA-4E72-AC30-11DD6A72C0AE} = {E852083F-84E7-43AC-A790-688560D92C2D}
		{DCE867BC-0D44-4468-A7F0-6DDADE28B9DD} = {D471A59D-A2D8-4A6C-8B2C-6332C5CCADEE}
		{414BEF05-866A-44C2-BDDC-DFC9425B7E8C} = {32611170-D42D-4108-8F00-B02584085584}
		{126F15D9-009C-4CD5-87F7-7645DDBEE9D6} = {391BAFCA-D83E-42A5-A26F-9ADF7D4A14DD}
		{2BC10793-842E-43E8-AF13-B021CC53F098} = {12576206-95F9-472F-B1F8-4E7D95B70B84}
		{03E0D080-EF93-413D-82AC-EBFBFAFE15DC} = {12576206-95F9-472F-B1F8-4E7D95B70B84}
		{D777728B-CEB6-4B6E-9401-EA97A0ACDF5D} = {D471A59D-A2D8-4A6C-8B2C-6332C5CCADEE}
		{E4622453-219C-4598-A603-41B43404F1BA} = {51820AB8-ED43-460D-AFEA-5BD49633A062}
		{9B99355B-F4DE-4FE7-95BA-AAB7282A1A4F} = {12576206-95F9-472F-B1F8-4E7D95B70B84}
		{B8227BE4-5DA3-4973-BECD-61F34977913D} = {E8B0D8BE-14D6-4D45-9A73-90FF1D798C0F}
		{06FACA39-D4F4-445B-A8A7-4F11374CB00E} = {12576206-95F9-472F-B1F8-4E7D95B70B84}
		{EB3FBBA7-A3C4-4A97-B669-D79BBA4DCC2B} = {12576206-95F9-472F-B1F8-4E7D95B70B84}
		{3ED0EEA1-EBBD-4276-802A-FE406937F6BD} = {19159225-1355-4880-8391-37920B9D3B76}
		{147A2072-6CB3-4CE6-8120-BFF83CB58501} = {19159225-1355-4880-8391-37920B9D3B76}
		{C5E9103D-92D6-493B-9B79-A0603AA2333F} = {391BAFCA-D83E-42A5-A26F-9ADF7D4A14DD}
		{102EE603-84BE-43E8-A749-7AC2115668AB} = {19159225-1355-4880-8391-37920B9D3B76}
		{74273826-093D-46EA-90C5-5B7005892762} = {391BAFCA-D83E-42A5-A26F-9ADF7D4A14DD}
		{821CAD21-1560-4E72-8F22-9E46D05426CC} = {BCE28F04-D1BB-4347-A032-D6F87FD6C86F}
		{B930AD36-E660-4492-82B8-7C0F66500C82} = {32611170-D42D-4108-8F00-B02584085584}
		{BFBB35EE-746A-4447-8A2D-52C5AA26A958} = {E852083F-84E7-43AC-A790-688560D92C2D}
		{6AAD63C2-A812-4179-AC1F-D2229344A9E2} = {D37363A3-FFCE-FDD9-FC42-0CEA20DAC207}
		{BB730406-E252-4B2A-8CA7-082CAB187716} = {391BAFCA-D83E-42A5-A26F-9ADF7D4A14DD}
		{79FA2F48-C19F-4FE5-97FD-FBA6A9E4FCB7} = {19159225-1355-4880-8391-37920B9D3B76}
		{1C15EF87-0316-4558-BD2A-904FBD6B260A} = {D1036468-EAE7-4D3F-B835-F898ADA08C3A}
		{658764E7-693D-4A5A-85A1-88203FBE95F1} = {62EEFB06-18E3-4C11-BD13-F762EBAFA2DA}
		{3A526D70-1ED5-4C8E-98E1-667DB5CEAF4E} = {32611170-D42D-4108-8F00-B02584085584}
		{65780152-C151-4699-A7D1-364618573407} = {D37363A3-FFCE-FDD9-FC42-0CEA20DAC207}
		{81502E46-262D-4C6F-BD84-5460D947409E} = {C2E7013A-2A1A-4751-B3BC-D52311E77947}
		{C230ABF5-C2EF-49A7-BACB-2EEFB0D42E88} = {19159225-1355-4880-8391-37920B9D3B76}
		{7696BF51-1C31-4DA2-9001-D46E43133AC0} = {394A81D9-3C45-9818-BB26-23F2B85056FF}
		{37C01591-F839-4B40-B9E2-58CD5420DFA9} = {391BAFCA-D83E-42A5-A26F-9ADF7D4A14DD}
		{919B9106-8A69-4556-888E-4D077A1752F3} = {19159225-1355-4880-8391-37920B9D3B76}
		{1E6C556D-9F6F-4208-98C6-39AF3E45CBDC} = {BCE28F04-D1BB-4347-A032-D6F87FD6C86F}
		{FAD93012-C1C4-472B-A078-7EA60AE2DB35} = {D37363A3-FFCE-FDD9-FC42-0CEA20DAC207}
		{28914130-0389-4888-81A1-9FC221F6255D} = {D37363A3-FFCE-FDD9-FC42-0CEA20DAC207}
		{2BFAF97A-8E97-48D3-A2C8-E62C32DACA32} = {2F9BC4BC-F228-461C-9AB3-0BCA9D5BBCB3}
		{AB0FD237-C36C-46A4-9E96-2503AFC05F25} = {62EEFB06-18E3-4C11-BD13-F762EBAFA2DA}
		{4E28677A-37ED-4A0B-A3B6-8F2B745A2ED6} = {E852083F-84E7-43AC-A790-688560D92C2D}
		{6F164FD0-0F9A-43E2-AE16-6620C035610C} = {E852083F-84E7-43AC-A790-688560D92C2D}
		{13061156-BF5C-463D-8939-CF52D44A5BAD} = {E852083F-84E7-43AC-A790-688560D92C2D}
		{7505B477-DD2B-4552-AAB2-0EFB4CDAA3F1} = {D37363A3-FFCE-FDD9-FC42-0CEA20DAC207}
		{67295D6D-7E4A-4506-9FE4-1CC67AB86D84} = {E8B0D8BE-14D6-4D45-9A73-90FF1D798C0F}
		{743717D2-1795-47A7-9F19-A5AB4A94F322} = {19159225-1355-4880-8391-37920B9D3B76}
		{4471A6BE-8017-4E0E-A446-AE02F3BCED62} = {C2E7013A-2A1A-4751-B3BC-D52311E77947}
		{E1B27A4A-017B-4EB4-828D-AF62900569FF} = {E2436399-A4FD-495F-AA41-DDC1B62110FA}
	EndGlobalSection
EndGlobal
