
Microsoft Visual Studio Solution File, Format Version 12.00
# Visual Studio Version 17
VisualStudioVersion = 17.11.35327.3
MinimumVisualStudioVersion = 10.0.40219.1
Project("{9A19103F-16F7-4668-BE54-9A1E7A4F7556}") = "KyrolusSous.BaseRepositoryEF", "Src\KyrolusSous.BaseRepositoryEF\KyrolusSous.BaseRepositoryEF.csproj", "{A2120A73-DE2F-4AE8-94AA-80CE9902AED4}"
EndProject
Project("{9A19103F-16F7-4668-BE54-9A1E7A4F7556}") = "KyrolusSous.BaseRepositoryMarten", "Src\KyrolusSous.BaseRepositoryMarten\KyrolusSous.BaseRepositoryMarten.csproj", "{E905B3CC-03E7-4341-9092-5A7EDBBF954A}"
EndProject
Project("{9A19103F-16F7-4668-BE54-9A1E7A4F7556}") = "KyrolusSous.CQRS.Base", "Src\KyrolusSous.CQRS.Base\KyrolusSous.CQRS.Base.csproj", "{FC9E1B6E-F661-4743-B0E0-ED33601A5424}"
EndProject
Project("{9A19103F-16F7-4668-BE54-9A1E7A4F7556}") = "KyrolusSous.CQRSInterfaces", "Src\KyrolusSous.CQRSInterfaces\KyrolusSous.CQRSInterfaces.csproj", "{730139A5-87D7-4D95-977E-C92877370938}"
EndProject
Project("{9A19103F-16F7-4668-BE54-9A1E7A4F7556}") = "KyrolusSous.ExceptionHandling", "Src\KyrolusSous.ExceptionHandling\KyrolusSous.ExceptionHandling.csproj", "{AE2429D5-5D97-4FFF-8F05-DD3016C11270}"
EndProject
Project("{9A19103F-16F7-4668-BE54-9A1E7A4F7556}") = "KyrolusSous.RedisCaching", "Src\KyrolusSous.RedisCaching\KyrolusSous.RedisCaching.csproj", "{72D661A5-7A8D-41B5-9F3B-7B0B4F47877E}"
EndProject
Project("{9A19103F-16F7-4668-BE54-9A1E7A4F7556}") = "KyrolusSous.IRabbitMQUtilsInterfaces", "Src\KyrolusSous.IRabbitMQUtilsInterfaces\KyrolusSous.IRabbitMQUtilsInterfaces.csproj", "{050D4619-F474-467D-A2C3-14E08AE1527A}"
EndProject
Project("{9A19103F-16F7-4668-BE54-9A1E7A4F7556}") = "KyrolusSous.IRespositoryInterfaces", "Src\KyrolusSous.IRespositoryInterfaces\KyrolusSous.IRespositoryInterfaces.csproj", "{0E3B1E81-78F3-464C-A0B4-FF2682275CD4}"
EndProject
Project("{9A19103F-16F7-4668-BE54-9A1E7A4F7556}") = "KyrolusSous.EasyAPI", "Src\KyrolusSous.EasyAPI\KyrolusSous.EasyAPI.csproj", "{2584B9C5-F480-4567-9D25-8E4C106D73C8}"
EndProject
Project("{9A19103F-16F7-4668-BE54-9A1E7A4F7556}") = "KyrolusSous.RabbitMQUtils", "Src\KyrolusSous.RabbitMQUtils\KyrolusSous.RabbitMQUtils.csproj", "{D009B591-5734-4733-8BAA-AB3065713929}"
EndProject
Project("{9A19103F-16F7-4668-BE54-9A1E7A4F7556}") = "KyrolusSous.StaticFunctions", "Src\KyrolusSous.StaticFunctions\KyrolusSous.StaticFunctions.csproj", "{D6B1CB22-C946-4FAE-B582-B1EA2A05C3A1}"
EndProject
Project("{9A19103F-16F7-4668-BE54-9A1E7A4F7556}") = "KyrolusSous.ValidationBase", "Src\KyrolusSous.ValidationBase\KyrolusSous.ValidationBase.csproj", "{3529292D-D7FA-4F87-A330-CD1A3A7A6253}"
EndProject
Project("{FAE04EC0-301F-11D3-BF4B-00C04F79EFBC}") = "KyrolusSous.OpenIddictAuth", "Src\KyrolusSous.OpenIddictAuth\KyrolusSous.OpenIddictAuth.csproj", "{53B5C147-9ACE-41FC-B421-5B6B49B370C4}"
EndProject
Project("{FAE04EC0-301F-11D3-BF4B-00C04F79EFBC}") = "KyrolusSous.Dataprotection", "Src\KyrolusSous.Dataprotection\KyrolusSous.Dataprotection.csproj", "{C1A2D12E-20FC-4942-8AA8-34570D1EEA02}"
EndProject
Project("{FAE04EC0-301F-11D3-BF4B-00C04F79EFBC}") = "KyrolusSous.BaseConfig", "Src\KyrolusSous.BaseConfig\KyrolusSous.BaseConfig.csproj", "{69D0FBD5-AC15-407E-AE93-DE1F96F865C5}"
EndProject
Project("{FAE04EC0-301F-11D3-BF4B-00C04F79EFBC}") = "KyrolusSous.SourceMediator", "Src\KyrolusSous.SourceMediator\KyrolusSous.SourceMediator.csproj", "{4D539FC5-8298-4DBA-A358-4B229365C694}"
EndProject
Project("{FAE04EC0-301F-11D3-BF4B-00C04F79EFBC}") = "KyrolusSous.SourceMediator.Generator", "Src\KyrolusSous.SourceMediator.Generator\KyrolusSous.SourceMediator.Generator.csproj", "{7BAC335C-5D4D-4215-9548-B3E75C1B64B2}"
EndProject
Project("{2150E333-8FDC-42A3-9474-1A3956D46DE8}") = "Src", "Src", "{827E0CD3-B72D-47B6-A68D-7590B98EB39B}"
EndProject
Project("{2150E333-8FDC-42A3-9474-1A3956D46DE8}") = "Tests", "Tests", "{02EA681E-C7D8-13C7-8484-4AC65E1B71E8}"
EndProject
Project("{FAE04EC0-301F-11D3-BF4B-00C04F79EFBC}") = "KyrolusSous.Swagger", "Src\KyrolusSous.Swagger\KyrolusSous.Swagger.csproj", "{99890768-3954-4C9B-A62B-759DA9FFC389}"
EndProject
Global
	GlobalSection(SolutionConfigurationPlatforms) = preSolution
		Debug|Any CPU = Debug|Any CPU
		Debug|x64 = Debug|x64
		Debug|x86 = Debug|x86
		Release|Any CPU = Release|Any CPU
		Release|x64 = Release|x64
		Release|x86 = Release|x86
	EndGlobalSection
	GlobalSection(ProjectConfigurationPlatforms) = postSolution
		{A2120A73-DE2F-4AE8-94AA-80CE9902AED4}.Debug|Any CPU.ActiveCfg = Debug|Any CPU
		{A2120A73-DE2F-4AE8-94AA-80CE9902AED4}.Debug|Any CPU.Build.0 = Debug|Any CPU
		{A2120A73-DE2F-4AE8-94AA-80CE9902AED4}.Debug|x64.ActiveCfg = Debug|Any CPU
		{A2120A73-DE2F-4AE8-94AA-80CE9902AED4}.Debug|x64.Build.0 = Debug|Any CPU
		{A2120A73-DE2F-4AE8-94AA-80CE9902AED4}.Debug|x86.ActiveCfg = Debug|Any CPU
		{A2120A73-DE2F-4AE8-94AA-80CE9902AED4}.Debug|x86.Build.0 = Debug|Any CPU
		{A2120A73-DE2F-4AE8-94AA-80CE9902AED4}.Release|Any CPU.ActiveCfg = Release|Any CPU
		{A2120A73-DE2F-4AE8-94AA-80CE9902AED4}.Release|Any CPU.Build.0 = Release|Any CPU
		{A2120A73-DE2F-4AE8-94AA-80CE9902AED4}.Release|x64.ActiveCfg = Release|Any CPU
		{A2120A73-DE2F-4AE8-94AA-80CE9902AED4}.Release|x64.Build.0 = Release|Any CPU
		{A2120A73-DE2F-4AE8-94AA-80CE9902AED4}.Release|x86.ActiveCfg = Release|Any CPU
		{A2120A73-DE2F-4AE8-94AA-80CE9902AED4}.Release|x86.Build.0 = Release|Any CPU
		{E905B3CC-03E7-4341-9092-5A7EDBBF954A}.Debug|Any CPU.ActiveCfg = Debug|Any CPU
		{E905B3CC-03E7-4341-9092-5A7EDBBF954A}.Debug|Any CPU.Build.0 = Debug|Any CPU
		{E905B3CC-03E7-4341-9092-5A7EDBBF954A}.Debug|x64.ActiveCfg = Debug|Any CPU
		{E905B3CC-03E7-4341-9092-5A7EDBBF954A}.Debug|x64.Build.0 = Debug|Any CPU
		{E905B3CC-03E7-4341-9092-5A7EDBBF954A}.Debug|x86.ActiveCfg = Debug|Any CPU
		{E905B3CC-03E7-4341-9092-5A7EDBBF954A}.Debug|x86.Build.0 = Debug|Any CPU
		{E905B3CC-03E7-4341-9092-5A7EDBBF954A}.Release|Any CPU.ActiveCfg = Release|Any CPU
		{E905B3CC-03E7-4341-9092-5A7EDBBF954A}.Release|Any CPU.Build.0 = Release|Any CPU
		{E905B3CC-03E7-4341-9092-5A7EDBBF954A}.Release|x64.ActiveCfg = Release|Any CPU
		{E905B3CC-03E7-4341-9092-5A7EDBBF954A}.Release|x64.Build.0 = Release|Any CPU
		{E905B3CC-03E7-4341-9092-5A7EDBBF954A}.Release|x86.ActiveCfg = Release|Any CPU
		{E905B3CC-03E7-4341-9092-5A7EDBBF954A}.Release|x86.Build.0 = Release|Any CPU
		{FC9E1B6E-F661-4743-B0E0-ED33601A5424}.Debug|Any CPU.ActiveCfg = Debug|Any CPU
		{FC9E1B6E-F661-4743-B0E0-ED33601A5424}.Debug|Any CPU.Build.0 = Debug|Any CPU
		{FC9E1B6E-F661-4743-B0E0-ED33601A5424}.Debug|x64.ActiveCfg = Debug|Any CPU
		{FC9E1B6E-F661-4743-B0E0-ED33601A5424}.Debug|x64.Build.0 = Debug|Any CPU
		{FC9E1B6E-F661-4743-B0E0-ED33601A5424}.Debug|x86.ActiveCfg = Debug|Any CPU
		{FC9E1B6E-F661-4743-B0E0-ED33601A5424}.Debug|x86.Build.0 = Debug|Any CPU
		{FC9E1B6E-F661-4743-B0E0-ED33601A5424}.Release|Any CPU.ActiveCfg = Release|Any CPU
		{FC9E1B6E-F661-4743-B0E0-ED33601A5424}.Release|Any CPU.Build.0 = Release|Any CPU
		{FC9E1B6E-F661-4743-B0E0-ED33601A5424}.Release|x64.ActiveCfg = Release|Any CPU
		{FC9E1B6E-F661-4743-B0E0-ED33601A5424}.Release|x64.Build.0 = Release|Any CPU
		{FC9E1B6E-F661-4743-B0E0-ED33601A5424}.Release|x86.ActiveCfg = Release|Any CPU
		{FC9E1B6E-F661-4743-B0E0-ED33601A5424}.Release|x86.Build.0 = Release|Any CPU
		{730139A5-87D7-4D95-977E-C92877370938}.Debug|Any CPU.ActiveCfg = Debug|Any CPU
		{730139A5-87D7-4D95-977E-C92877370938}.Debug|Any CPU.Build.0 = Debug|Any CPU
		{730139A5-87D7-4D95-977E-C92877370938}.Debug|x64.ActiveCfg = Debug|Any CPU
		{730139A5-87D7-4D95-977E-C92877370938}.Debug|x64.Build.0 = Debug|Any CPU
		{730139A5-87D7-4D95-977E-C92877370938}.Debug|x86.ActiveCfg = Debug|Any CPU
		{730139A5-87D7-4D95-977E-C92877370938}.Debug|x86.Build.0 = Debug|Any CPU
		{730139A5-87D7-4D95-977E-C92877370938}.Release|Any CPU.ActiveCfg = Release|Any CPU
		{730139A5-87D7-4D95-977E-C92877370938}.Release|Any CPU.Build.0 = Release|Any CPU
		{730139A5-87D7-4D95-977E-C92877370938}.Release|x64.ActiveCfg = Release|Any CPU
		{730139A5-87D7-4D95-977E-C92877370938}.Release|x64.Build.0 = Release|Any CPU
		{730139A5-87D7-4D95-977E-C92877370938}.Release|x86.ActiveCfg = Release|Any CPU
		{730139A5-87D7-4D95-977E-C92877370938}.Release|x86.Build.0 = Release|Any CPU
		{AE2429D5-5D97-4FFF-8F05-DD3016C11270}.Debug|Any CPU.ActiveCfg = Debug|Any CPU
		{AE2429D5-5D97-4FFF-8F05-DD3016C11270}.Debug|Any CPU.Build.0 = Debug|Any CPU
		{AE2429D5-5D97-4FFF-8F05-DD3016C11270}.Debug|x64.ActiveCfg = Debug|Any CPU
		{AE2429D5-5D97-4FFF-8F05-DD3016C11270}.Debug|x64.Build.0 = Debug|Any CPU
		{AE2429D5-5D97-4FFF-8F05-DD3016C11270}.Debug|x86.ActiveCfg = Debug|Any CPU
		{AE2429D5-5D97-4FFF-8F05-DD3016C11270}.Debug|x86.Build.0 = Debug|Any CPU
		{AE2429D5-5D97-4FFF-8F05-DD3016C11270}.Release|Any CPU.ActiveCfg = Release|Any CPU
		{AE2429D5-5D97-4FFF-8F05-DD3016C11270}.Release|Any CPU.Build.0 = Release|Any CPU
		{AE2429D5-5D97-4FFF-8F05-DD3016C11270}.Release|x64.ActiveCfg = Release|Any CPU
		{AE2429D5-5D97-4FFF-8F05-DD3016C11270}.Release|x64.Build.0 = Release|Any CPU
		{AE2429D5-5D97-4FFF-8F05-DD3016C11270}.Release|x86.ActiveCfg = Release|Any CPU
		{AE2429D5-5D97-4FFF-8F05-DD3016C11270}.Release|x86.Build.0 = Release|Any CPU
		{72D661A5-7A8D-41B5-9F3B-7B0B4F47877E}.Debug|Any CPU.ActiveCfg = Debug|Any CPU
		{72D661A5-7A8D-41B5-9F3B-7B0B4F47877E}.Debug|Any CPU.Build.0 = Debug|Any CPU
		{72D661A5-7A8D-41B5-9F3B-7B0B4F47877E}.Debug|x64.ActiveCfg = Debug|Any CPU
		{72D661A5-7A8D-41B5-9F3B-7B0B4F47877E}.Debug|x64.Build.0 = Debug|Any CPU
		{72D661A5-7A8D-41B5-9F3B-7B0B4F47877E}.Debug|x86.ActiveCfg = Debug|Any CPU
		{72D661A5-7A8D-41B5-9F3B-7B0B4F47877E}.Debug|x86.Build.0 = Debug|Any CPU
		{72D661A5-7A8D-41B5-9F3B-7B0B4F47877E}.Release|Any CPU.ActiveCfg = Release|Any CPU
		{72D661A5-7A8D-41B5-9F3B-7B0B4F47877E}.Release|Any CPU.Build.0 = Release|Any CPU
		{72D661A5-7A8D-41B5-9F3B-7B0B4F47877E}.Release|x64.ActiveCfg = Release|Any CPU
		{72D661A5-7A8D-41B5-9F3B-7B0B4F47877E}.Release|x64.Build.0 = Release|Any CPU
		{72D661A5-7A8D-41B5-9F3B-7B0B4F47877E}.Release|x86.ActiveCfg = Release|Any CPU
		{72D661A5-7A8D-41B5-9F3B-7B0B4F47877E}.Release|x86.Build.0 = Release|Any CPU
		{050D4619-F474-467D-A2C3-14E08AE1527A}.Debug|Any CPU.ActiveCfg = Debug|Any CPU
		{050D4619-F474-467D-A2C3-14E08AE1527A}.Debug|Any CPU.Build.0 = Debug|Any CPU
		{050D4619-F474-467D-A2C3-14E08AE1527A}.Debug|x64.ActiveCfg = Debug|Any CPU
		{050D4619-F474-467D-A2C3-14E08AE1527A}.Debug|x64.Build.0 = Debug|Any CPU
		{050D4619-F474-467D-A2C3-14E08AE1527A}.Debug|x86.ActiveCfg = Debug|Any CPU
		{050D4619-F474-467D-A2C3-14E08AE1527A}.Debug|x86.Build.0 = Debug|Any CPU
		{050D4619-F474-467D-A2C3-14E08AE1527A}.Release|Any CPU.ActiveCfg = Release|Any CPU
		{050D4619-F474-467D-A2C3-14E08AE1527A}.Release|Any CPU.Build.0 = Release|Any CPU
		{050D4619-F474-467D-A2C3-14E08AE1527A}.Release|x64.ActiveCfg = Release|Any CPU
		{050D4619-F474-467D-A2C3-14E08AE1527A}.Release|x64.Build.0 = Release|Any CPU
		{050D4619-F474-467D-A2C3-14E08AE1527A}.Release|x86.ActiveCfg = Release|Any CPU
		{050D4619-F474-467D-A2C3-14E08AE1527A}.Release|x86.Build.0 = Release|Any CPU
		{0E3B1E81-78F3-464C-A0B4-FF2682275CD4}.Debug|Any CPU.ActiveCfg = Debug|Any CPU
		{0E3B1E81-78F3-464C-A0B4-FF2682275CD4}.Debug|Any CPU.Build.0 = Debug|Any CPU
		{0E3B1E81-78F3-464C-A0B4-FF2682275CD4}.Debug|x64.ActiveCfg = Debug|Any CPU
		{0E3B1E81-78F3-464C-A0B4-FF2682275CD4}.Debug|x64.Build.0 = Debug|Any CPU
		{0E3B1E81-78F3-464C-A0B4-FF2682275CD4}.Debug|x86.ActiveCfg = Debug|Any CPU
		{0E3B1E81-78F3-464C-A0B4-FF2682275CD4}.Debug|x86.Build.0 = Debug|Any CPU
		{0E3B1E81-78F3-464C-A0B4-FF2682275CD4}.Release|Any CPU.ActiveCfg = Release|Any CPU
		{0E3B1E81-78F3-464C-A0B4-FF2682275CD4}.Release|Any CPU.Build.0 = Release|Any CPU
		{0E3B1E81-78F3-464C-A0B4-FF2682275CD4}.Release|x64.ActiveCfg = Release|Any CPU
		{0E3B1E81-78F3-464C-A0B4-FF2682275CD4}.Release|x64.Build.0 = Release|Any CPU
		{0E3B1E81-78F3-464C-A0B4-FF2682275CD4}.Release|x86.ActiveCfg = Release|Any CPU
		{0E3B1E81-78F3-464C-A0B4-FF2682275CD4}.Release|x86.Build.0 = Release|Any CPU
		{2584B9C5-F480-4567-9D25-8E4C106D73C8}.Debug|Any CPU.ActiveCfg = Debug|Any CPU
		{2584B9C5-F480-4567-9D25-8E4C106D73C8}.Debug|Any CPU.Build.0 = Debug|Any CPU
		{2584B9C5-F480-4567-9D25-8E4C106D73C8}.Debug|x64.ActiveCfg = Debug|Any CPU
		{2584B9C5-F480-4567-9D25-8E4C106D73C8}.Debug|x64.Build.0 = Debug|Any CPU
		{2584B9C5-F480-4567-9D25-8E4C106D73C8}.Debug|x86.ActiveCfg = Debug|Any CPU
		{2584B9C5-F480-4567-9D25-8E4C106D73C8}.Debug|x86.Build.0 = Debug|Any CPU
		{2584B9C5-F480-4567-9D25-8E4C106D73C8}.Release|Any CPU.ActiveCfg = Release|Any CPU
		{2584B9C5-F480-4567-9D25-8E4C106D73C8}.Release|Any CPU.Build.0 = Release|Any CPU
		{2584B9C5-F480-4567-9D25-8E4C106D73C8}.Release|x64.ActiveCfg = Release|Any CPU
		{2584B9C5-F480-4567-9D25-8E4C106D73C8}.Release|x64.Build.0 = Release|Any CPU
		{2584B9C5-F480-4567-9D25-8E4C106D73C8}.Release|x86.ActiveCfg = Release|Any CPU
		{2584B9C5-F480-4567-9D25-8E4C106D73C8}.Release|x86.Build.0 = Release|Any CPU
		{D009B591-5734-4733-8BAA-AB3065713929}.Debug|Any CPU.ActiveCfg = Debug|Any CPU
		{D009B591-5734-4733-8BAA-AB3065713929}.Debug|Any CPU.Build.0 = Debug|Any CPU
		{D009B591-5734-4733-8BAA-AB3065713929}.Debug|x64.ActiveCfg = Debug|Any CPU
		{D009B591-5734-4733-8BAA-AB3065713929}.Debug|x64.Build.0 = Debug|Any CPU
		{D009B591-5734-4733-8BAA-AB3065713929}.Debug|x86.ActiveCfg = Debug|Any CPU
		{D009B591-5734-4733-8BAA-AB3065713929}.Debug|x86.Build.0 = Debug|Any CPU
		{D009B591-5734-4733-8BAA-AB3065713929}.Release|Any CPU.ActiveCfg = Release|Any CPU
		{D009B591-5734-4733-8BAA-AB3065713929}.Release|Any CPU.Build.0 = Release|Any CPU
		{D009B591-5734-4733-8BAA-AB3065713929}.Release|x64.ActiveCfg = Release|Any CPU
		{D009B591-5734-4733-8BAA-AB3065713929}.Release|x64.Build.0 = Release|Any CPU
		{D009B591-5734-4733-8BAA-AB3065713929}.Release|x86.ActiveCfg = Release|Any CPU
		{D009B591-5734-4733-8BAA-AB3065713929}.Release|x86.Build.0 = Release|Any CPU
		{D6B1CB22-C946-4FAE-B582-B1EA2A05C3A1}.Debug|Any CPU.ActiveCfg = Debug|Any CPU
		{D6B1CB22-C946-4FAE-B582-B1EA2A05C3A1}.Debug|Any CPU.Build.0 = Debug|Any CPU
		{D6B1CB22-C946-4FAE-B582-B1EA2A05C3A1}.Debug|x64.ActiveCfg = Debug|Any CPU
		{D6B1CB22-C946-4FAE-B582-B1EA2A05C3A1}.Debug|x64.Build.0 = Debug|Any CPU
		{D6B1CB22-C946-4FAE-B582-B1EA2A05C3A1}.Debug|x86.ActiveCfg = Debug|Any CPU
		{D6B1CB22-C946-4FAE-B582-B1EA2A05C3A1}.Debug|x86.Build.0 = Debug|Any CPU
		{D6B1CB22-C946-4FAE-B582-B1EA2A05C3A1}.Release|Any CPU.ActiveCfg = Release|Any CPU
		{D6B1CB22-C946-4FAE-B582-B1EA2A05C3A1}.Release|Any CPU.Build.0 = Release|Any CPU
		{D6B1CB22-C946-4FAE-B582-B1EA2A05C3A1}.Release|x64.ActiveCfg = Release|Any CPU
		{D6B1CB22-C946-4FAE-B582-B1EA2A05C3A1}.Release|x64.Build.0 = Release|Any CPU
		{D6B1CB22-C946-4FAE-B582-B1EA2A05C3A1}.Release|x86.ActiveCfg = Release|Any CPU
		{D6B1CB22-C946-4FAE-B582-B1EA2A05C3A1}.Release|x86.Build.0 = Release|Any CPU
		{3529292D-D7FA-4F87-A330-CD1A3A7A6253}.Debug|Any CPU.ActiveCfg = Debug|Any CPU
		{3529292D-D7FA-4F87-A330-CD1A3A7A6253}.Debug|Any CPU.Build.0 = Debug|Any CPU
		{3529292D-D7FA-4F87-A330-CD1A3A7A6253}.Debug|x64.ActiveCfg = Debug|Any CPU
		{3529292D-D7FA-4F87-A330-CD1A3A7A6253}.Debug|x64.Build.0 = Debug|Any CPU
		{3529292D-D7FA-4F87-A330-CD1A3A7A6253}.Debug|x86.ActiveCfg = Debug|Any CPU
		{3529292D-D7FA-4F87-A330-CD1A3A7A6253}.Debug|x86.Build.0 = Debug|Any CPU
		{3529292D-D7FA-4F87-A330-CD1A3A7A6253}.Release|Any CPU.ActiveCfg = Release|Any CPU
		{3529292D-D7FA-4F87-A330-CD1A3A7A6253}.Release|Any CPU.Build.0 = Release|Any CPU
		{3529292D-D7FA-4F87-A330-CD1A3A7A6253}.Release|x64.ActiveCfg = Release|Any CPU
		{3529292D-D7FA-4F87-A330-CD1A3A7A6253}.Release|x64.Build.0 = Release|Any CPU
		{3529292D-D7FA-4F87-A330-CD1A3A7A6253}.Release|x86.ActiveCfg = Release|Any CPU
		{3529292D-D7FA-4F87-A330-CD1A3A7A6253}.Release|x86.Build.0 = Release|Any CPU
		{53B5C147-9ACE-41FC-B421-5B6B49B370C4}.Debug|Any CPU.ActiveCfg = Debug|Any CPU
		{53B5C147-9ACE-41FC-B421-5B6B49B370C4}.Debug|Any CPU.Build.0 = Debug|Any CPU
		{53B5C147-9ACE-41FC-B421-5B6B49B370C4}.Debug|x64.ActiveCfg = Debug|Any CPU
		{53B5C147-9ACE-41FC-B421-5B6B49B370C4}.Debug|x64.Build.0 = Debug|Any CPU
		{53B5C147-9ACE-41FC-B421-5B6B49B370C4}.Debug|x86.ActiveCfg = Debug|Any CPU
		{53B5C147-9ACE-41FC-B421-5B6B49B370C4}.Debug|x86.Build.0 = Debug|Any CPU
		{53B5C147-9ACE-41FC-B421-5B6B49B370C4}.Release|Any CPU.ActiveCfg = Release|Any CPU
		{53B5C147-9ACE-41FC-B421-5B6B49B370C4}.Release|Any CPU.Build.0 = Release|Any CPU
		{53B5C147-9ACE-41FC-B421-5B6B49B370C4}.Release|x64.ActiveCfg = Release|Any CPU
		{53B5C147-9ACE-41FC-B421-5B6B49B370C4}.Release|x64.Build.0 = Release|Any CPU
		{53B5C147-9ACE-41FC-B421-5B6B49B370C4}.Release|x86.ActiveCfg = Release|Any CPU
		{53B5C147-9ACE-41FC-B421-5B6B49B370C4}.Release|x86.Build.0 = Release|Any CPU
		{C1A2D12E-20FC-4942-8AA8-34570D1EEA02}.Debug|Any CPU.ActiveCfg = Debug|Any CPU
		{C1A2D12E-20FC-4942-8AA8-34570D1EEA02}.Debug|Any CPU.Build.0 = Debug|Any CPU
		{C1A2D12E-20FC-4942-8AA8-34570D1EEA02}.Debug|x64.ActiveCfg = Debug|Any CPU
		{C1A2D12E-20FC-4942-8AA8-34570D1EEA02}.Debug|x64.Build.0 = Debug|Any CPU
		{C1A2D12E-20FC-4942-8AA8-34570D1EEA02}.Debug|x86.ActiveCfg = Debug|Any CPU
		{C1A2D12E-20FC-4942-8AA8-34570D1EEA02}.Debug|x86.Build.0 = Debug|Any CPU
		{C1A2D12E-20FC-4942-8AA8-34570D1EEA02}.Release|Any CPU.ActiveCfg = Release|Any CPU
		{C1A2D12E-20FC-4942-8AA8-34570D1EEA02}.Release|Any CPU.Build.0 = Release|Any CPU
		{C1A2D12E-20FC-4942-8AA8-34570D1EEA02}.Release|x64.ActiveCfg = Release|Any CPU
		{C1A2D12E-20FC-4942-8AA8-34570D1EEA02}.Release|x64.Build.0 = Release|Any CPU
		{C1A2D12E-20FC-4942-8AA8-34570D1EEA02}.Release|x86.ActiveCfg = Release|Any CPU
		{C1A2D12E-20FC-4942-8AA8-34570D1EEA02}.Release|x86.Build.0 = Release|Any CPU
		{69D0FBD5-AC15-407E-AE93-DE1F96F865C5}.Debug|Any CPU.ActiveCfg = Debug|Any CPU
		{69D0FBD5-AC15-407E-AE93-DE1F96F865C5}.Debug|Any CPU.Build.0 = Debug|Any CPU
		{69D0FBD5-AC15-407E-AE93-DE1F96F865C5}.Debug|x64.ActiveCfg = Debug|Any CPU
		{69D0FBD5-AC15-407E-AE93-DE1F96F865C5}.Debug|x64.Build.0 = Debug|Any CPU
		{69D0FBD5-AC15-407E-AE93-DE1F96F865C5}.Debug|x86.ActiveCfg = Debug|Any CPU
		{69D0FBD5-AC15-407E-AE93-DE1F96F865C5}.Debug|x86.Build.0 = Debug|Any CPU
		{69D0FBD5-AC15-407E-AE93-DE1F96F865C5}.Release|Any CPU.ActiveCfg = Release|Any CPU
		{69D0FBD5-AC15-407E-AE93-DE1F96F865C5}.Release|Any CPU.Build.0 = Release|Any CPU
		{69D0FBD5-AC15-407E-AE93-DE1F96F865C5}.Release|x64.ActiveCfg = Release|Any CPU
		{69D0FBD5-AC15-407E-AE93-DE1F96F865C5}.Release|x64.Build.0 = Release|Any CPU
		{69D0FBD5-AC15-407E-AE93-DE1F96F865C5}.Release|x86.ActiveCfg = Release|Any CPU
		{69D0FBD5-AC15-407E-AE93-DE1F96F865C5}.Release|x86.Build.0 = Release|Any CPU
		{4D539FC5-8298-4DBA-A358-4B229365C694}.Debug|Any CPU.ActiveCfg = Debug|Any CPU
		{4D539FC5-8298-4DBA-A358-4B229365C694}.Debug|Any CPU.Build.0 = Debug|Any CPU
		{4D539FC5-8298-4DBA-A358-4B229365C694}.Debug|x64.ActiveCfg = Debug|Any CPU
		{4D539FC5-8298-4DBA-A358-4B229365C694}.Debug|x64.Build.0 = Debug|Any CPU
		{4D539FC5-8298-4DBA-A358-4B229365C694}.Debug|x86.ActiveCfg = Debug|Any CPU
		{4D539FC5-8298-4DBA-A358-4B229365C694}.Debug|x86.Build.0 = Debug|Any CPU
		{4D539FC5-8298-4DBA-A358-4B229365C694}.Release|Any CPU.ActiveCfg = Release|Any CPU
		{4D539FC5-8298-4DBA-A358-4B229365C694}.Release|Any CPU.Build.0 = Release|Any CPU
		{4D539FC5-8298-4DBA-A358-4B229365C694}.Release|x64.ActiveCfg = Release|Any CPU
		{4D539FC5-8298-4DBA-A358-4B229365C694}.Release|x64.Build.0 = Release|Any CPU
		{4D539FC5-8298-4DBA-A358-4B229365C694}.Release|x86.ActiveCfg = Release|Any CPU
		{4D539FC5-8298-4DBA-A358-4B229365C694}.Release|x86.Build.0 = Release|Any CPU
		{7BAC335C-5D4D-4215-9548-B3E75C1B64B2}.Debug|Any CPU.ActiveCfg = Debug|Any CPU
		{7BAC335C-5D4D-4215-9548-B3E75C1B64B2}.Debug|Any CPU.Build.0 = Debug|Any CPU
		{7BAC335C-5D4D-4215-9548-B3E75C1B64B2}.Debug|x64.ActiveCfg = Debug|Any CPU
		{7BAC335C-5D4D-4215-9548-B3E75C1B64B2}.Debug|x64.Build.0 = Debug|Any CPU
		{7BAC335C-5D4D-4215-9548-B3E75C1B64B2}.Debug|x86.ActiveCfg = Debug|Any CPU
		{7BAC335C-5D4D-4215-9548-B3E75C1B64B2}.Debug|x86.Build.0 = Debug|Any CPU
		{7BAC335C-5D4D-4215-9548-B3E75C1B64B2}.Release|Any CPU.ActiveCfg = Release|Any CPU
		{7BAC335C-5D4D-4215-9548-B3E75C1B64B2}.Release|Any CPU.Build.0 = Release|Any CPU
		{7BAC335C-5D4D-4215-9548-B3E75C1B64B2}.Release|x64.ActiveCfg = Release|Any CPU
		{7BAC335C-5D4D-4215-9548-B3E75C1B64B2}.Release|x64.Build.0 = Release|Any CPU
		{7BAC335C-5D4D-4215-9548-B3E75C1B64B2}.Release|x86.ActiveCfg = Release|Any CPU
		{7BAC335C-5D4D-4215-9548-B3E75C1B64B2}.Release|x86.Build.0 = Release|Any CPU
		{99890768-3954-4C9B-A62B-759DA9FFC389}.Debug|Any CPU.ActiveCfg = Debug|Any CPU
		{99890768-3954-4C9B-A62B-759DA9FFC389}.Debug|Any CPU.Build.0 = Debug|Any CPU
		{99890768-3954-4C9B-A62B-759DA9FFC389}.Debug|x64.ActiveCfg = Debug|Any CPU
		{99890768-3954-4C9B-A62B-759DA9FFC389}.Debug|x64.Build.0 = Debug|Any CPU
		{99890768-3954-4C9B-A62B-759DA9FFC389}.Debug|x86.ActiveCfg = Debug|Any CPU
		{99890768-3954-4C9B-A62B-759DA9FFC389}.Debug|x86.Build.0 = Debug|Any CPU
		{99890768-3954-4C9B-A62B-759DA9FFC389}.Release|Any CPU.ActiveCfg = Release|Any CPU
		{99890768-3954-4C9B-A62B-759DA9FFC389}.Release|Any CPU.Build.0 = Release|Any CPU
		{99890768-3954-4C9B-A62B-759DA9FFC389}.Release|x64.ActiveCfg = Release|Any CPU
		{99890768-3954-4C9B-A62B-759DA9FFC389}.Release|x64.Build.0 = Release|Any CPU
		{99890768-3954-4C9B-A62B-759DA9FFC389}.Release|x86.ActiveCfg = Release|Any CPU
		{99890768-3954-4C9B-A62B-759DA9FFC389}.Release|x86.Build.0 = Release|Any CPU
	EndGlobalSection
	GlobalSection(SolutionProperties) = preSolution
		HideSolutionNode = FALSE
	EndGlobalSection
	GlobalSection(NestedProjects) = preSolution
		{A2120A73-DE2F-4AE8-94AA-80CE9902AED4} = {827E0CD3-B72D-47B6-A68D-7590B98EB39B}
		{E905B3CC-03E7-4341-9092-5A7EDBBF954A} = {827E0CD3-B72D-47B6-A68D-7590B98EB39B}
		{FC9E1B6E-F661-4743-B0E0-ED33601A5424} = {827E0CD3-B72D-47B6-A68D-7590B98EB39B}
		{730139A5-87D7-4D95-977E-C92877370938} = {827E0CD3-B72D-47B6-A68D-7590B98EB39B}
		{AE2429D5-5D97-4FFF-8F05-DD3016C11270} = {827E0CD3-B72D-47B6-A68D-7590B98EB39B}
		{72D661A5-7A8D-41B5-9F3B-7B0B4F47877E} = {827E0CD3-B72D-47B6-A68D-7590B98EB39B}
		{050D4619-F474-467D-A2C3-14E08AE1527A} = {827E0CD3-B72D-47B6-A68D-7590B98EB39B}
		{0E3B1E81-78F3-464C-A0B4-FF2682275CD4} = {827E0CD3-B72D-47B6-A68D-7590B98EB39B}
		{2584B9C5-F480-4567-9D25-8E4C106D73C8} = {827E0CD3-B72D-47B6-A68D-7590B98EB39B}
		{D009B591-5734-4733-8BAA-AB3065713929} = {827E0CD3-B72D-47B6-A68D-7590B98EB39B}
		{D6B1CB22-C946-4FAE-B582-B1EA2A05C3A1} = {827E0CD3-B72D-47B6-A68D-7590B98EB39B}
		{3529292D-D7FA-4F87-A330-CD1A3A7A6253} = {827E0CD3-B72D-47B6-A68D-7590B98EB39B}
		{53B5C147-9ACE-41FC-B421-5B6B49B370C4} = {827E0CD3-B72D-47B6-A68D-7590B98EB39B}
		{C1A2D12E-20FC-4942-8AA8-34570D1EEA02} = {827E0CD3-B72D-47B6-A68D-7590B98EB39B}
		{69D0FBD5-AC15-407E-AE93-DE1F96F865C5} = {827E0CD3-B72D-47B6-A68D-7590B98EB39B}
		{4D539FC5-8298-4DBA-A358-4B229365C694} = {827E0CD3-B72D-47B6-A68D-7590B98EB39B}
		{7BAC335C-5D4D-4215-9548-B3E75C1B64B2} = {827E0CD3-B72D-47B6-A68D-7590B98EB39B}
		{99890768-3954-4C9B-A62B-759DA9FFC389} = {827E0CD3-B72D-47B6-A68D-7590B98EB39B}
	EndGlobalSection
	GlobalSection(ExtensibilityGlobals) = postSolution
		SolutionGuid = {7773D041-01E7-4025-B7D6-BBEAA5D84FCE}
	EndGlobalSection
EndGlobal
